
Microsoft Visual Studio Solution File, Format Version 12.00
# Visual Studio 15
VisualStudioVersion = 15.0.26430.13
MinimumVisualStudioVersion = 10.0.40219.1
Project("{FAE04EC0-301F-11D3-BF4B-00C04F79EFBC}") = "NetStatus.Android", "NetStatus\NetStatus.Android\NetStatus.Android.csproj", "{39BCDC0F-CEE0-4EAD-A64D-C5235A3EC9E6}"
EndProject
Project("{FAE04EC0-301F-11D3-BF4B-00C04F79EFBC}") = "NetStatus", "NetStatus\NetStatus\NetStatus.csproj", "{A87F58B1-1AAA-421E-B7C4-27A835186720}"
EndProject
Project("{FAE04EC0-301F-11D3-BF4B-00C04F79EFBC}") = "NetStatus.UWP", "NetStatus\NetStatus.UWP\NetStatus.UWP.csproj", "{A1ADE7B3-4E01-4C30-ADB9-A08B1E96C127}"
EndProject
Project("{FAE04EC0-301F-11D3-BF4B-00C04F79EFBC}") = "NetStatus.iOS", "NetStatus\NetStatus.iOS\NetStatus.iOS.csproj", "{B5420AA7-91FF-4854-B3E6-F7F4A0FD17F7}"
EndProject
Global
	GlobalSection(SolutionConfigurationPlatforms) = preSolution
		Ad-Hoc|Any CPU = Ad-Hoc|Any CPU
		Ad-Hoc|ARM = Ad-Hoc|ARM
		Ad-Hoc|iPhone = Ad-Hoc|iPhone
		Ad-Hoc|iPhoneSimulator = Ad-Hoc|iPhoneSimulator
		Ad-Hoc|x64 = Ad-Hoc|x64
		Ad-Hoc|x86 = Ad-Hoc|x86
		AppStore|Any CPU = AppStore|Any CPU
		AppStore|ARM = AppStore|ARM
		AppStore|iPhone = AppStore|iPhone
		AppStore|iPhoneSimulator = AppStore|iPhoneSimulator
		AppStore|x64 = AppStore|x64
		AppStore|x86 = AppStore|x86
		Debug|Any CPU = Debug|Any CPU
		Debug|ARM = Debug|ARM
		Debug|iPhone = Debug|iPhone
		Debug|iPhoneSimulator = Debug|iPhoneSimulator
		Debug|x64 = Debug|x64
		Debug|x86 = Debug|x86
		Release|Any CPU = Release|Any CPU
		Release|ARM = Release|ARM
		Release|iPhone = Release|iPhone
		Release|iPhoneSimulator = Release|iPhoneSimulator
		Release|x64 = Release|x64
		Release|x86 = Release|x86
	EndGlobalSection
	GlobalSection(ProjectConfigurationPlatforms) = postSolution
		{39BCDC0F-CEE0-4EAD-A64D-C5235A3EC9E6}.Ad-Hoc|Any CPU.ActiveCfg = Release|Any CPU
		{39BCDC0F-CEE0-4EAD-A64D-C5235A3EC9E6}.Ad-Hoc|Any CPU.Build.0 = Release|Any CPU
		{39BCDC0F-CEE0-4EAD-A64D-C5235A3EC9E6}.Ad-Hoc|Any CPU.Deploy.0 = Release|Any CPU
		{39BCDC0F-CEE0-4EAD-A64D-C5235A3EC9E6}.Ad-Hoc|ARM.ActiveCfg = Release|Any CPU
		{39BCDC0F-CEE0-4EAD-A64D-C5235A3EC9E6}.Ad-Hoc|ARM.Build.0 = Release|Any CPU
		{39BCDC0F-CEE0-4EAD-A64D-C5235A3EC9E6}.Ad-Hoc|ARM.Deploy.0 = Release|Any CPU
		{39BCDC0F-CEE0-4EAD-A64D-C5235A3EC9E6}.Ad-Hoc|iPhone.ActiveCfg = Release|Any CPU
		{39BCDC0F-CEE0-4EAD-A64D-C5235A3EC9E6}.Ad-Hoc|iPhone.Build.0 = Release|Any CPU
		{39BCDC0F-CEE0-4EAD-A64D-C5235A3EC9E6}.Ad-Hoc|iPhone.Deploy.0 = Release|Any CPU
		{39BCDC0F-CEE0-4EAD-A64D-C5235A3EC9E6}.Ad-Hoc|iPhoneSimulator.ActiveCfg = Release|Any CPU
		{39BCDC0F-CEE0-4EAD-A64D-C5235A3EC9E6}.Ad-Hoc|iPhoneSimulator.Build.0 = Release|Any CPU
		{39BCDC0F-CEE0-4EAD-A64D-C5235A3EC9E6}.Ad-Hoc|iPhoneSimulator.Deploy.0 = Release|Any CPU
		{39BCDC0F-CEE0-4EAD-A64D-C5235A3EC9E6}.Ad-Hoc|x64.ActiveCfg = Release|Any CPU
		{39BCDC0F-CEE0-4EAD-A64D-C5235A3EC9E6}.Ad-Hoc|x64.Build.0 = Release|Any CPU
		{39BCDC0F-CEE0-4EAD-A64D-C5235A3EC9E6}.Ad-Hoc|x64.Deploy.0 = Release|Any CPU
		{39BCDC0F-CEE0-4EAD-A64D-C5235A3EC9E6}.Ad-Hoc|x86.ActiveCfg = Release|Any CPU
		{39BCDC0F-CEE0-4EAD-A64D-C5235A3EC9E6}.Ad-Hoc|x86.Build.0 = Release|Any CPU
		{39BCDC0F-CEE0-4EAD-A64D-C5235A3EC9E6}.Ad-Hoc|x86.Deploy.0 = Release|Any CPU
		{39BCDC0F-CEE0-4EAD-A64D-C5235A3EC9E6}.AppStore|Any CPU.ActiveCfg = Release|Any CPU
		{39BCDC0F-CEE0-4EAD-A64D-C5235A3EC9E6}.AppStore|Any CPU.Build.0 = Release|Any CPU
		{39BCDC0F-CEE0-4EAD-A64D-C5235A3EC9E6}.AppStore|Any CPU.Deploy.0 = Release|Any CPU
		{39BCDC0F-CEE0-4EAD-A64D-C5235A3EC9E6}.AppStore|ARM.ActiveCfg = Release|Any CPU
		{39BCDC0F-CEE0-4EAD-A64D-C5235A3EC9E6}.AppStore|ARM.Build.0 = Release|Any CPU
		{39BCDC0F-CEE0-4EAD-A64D-C5235A3EC9E6}.AppStore|ARM.Deploy.0 = Release|Any CPU
		{39BCDC0F-CEE0-4EAD-A64D-C5235A3EC9E6}.AppStore|iPhone.ActiveCfg = Release|Any CPU
		{39BCDC0F-CEE0-4EAD-A64D-C5235A3EC9E6}.AppStore|iPhone.Build.0 = Release|Any CPU
		{39BCDC0F-CEE0-4EAD-A64D-C5235A3EC9E6}.AppStore|iPhone.Deploy.0 = Release|Any CPU
		{39BCDC0F-CEE0-4EAD-A64D-C5235A3EC9E6}.AppStore|iPhoneSimulator.ActiveCfg = Release|Any CPU
		{39BCDC0F-CEE0-4EAD-A64D-C5235A3EC9E6}.AppStore|iPhoneSimulator.Build.0 = Release|Any CPU
		{39BCDC0F-CEE0-4EAD-A64D-C5235A3EC9E6}.AppStore|iPhoneSimulator.Deploy.0 = Release|Any CPU
		{39BCDC0F-CEE0-4EAD-A64D-C5235A3EC9E6}.AppStore|x64.ActiveCfg = Release|Any CPU
		{39BCDC0F-CEE0-4EAD-A64D-C5235A3EC9E6}.AppStore|x64.Build.0 = Release|Any CPU
		{39BCDC0F-CEE0-4EAD-A64D-C5235A3EC9E6}.AppStore|x64.Deploy.0 = Release|Any CPU
		{39BCDC0F-CEE0-4EAD-A64D-C5235A3EC9E6}.AppStore|x86.ActiveCfg = Release|Any CPU
		{39BCDC0F-CEE0-4EAD-A64D-C5235A3EC9E6}.AppStore|x86.Build.0 = Release|Any CPU
		{39BCDC0F-CEE0-4EAD-A64D-C5235A3EC9E6}.AppStore|x86.Deploy.0 = Release|Any CPU
		{39BCDC0F-CEE0-4EAD-A64D-C5235A3EC9E6}.Debug|Any CPU.ActiveCfg = Debug|Any CPU
		{39BCDC0F-CEE0-4EAD-A64D-C5235A3EC9E6}.Debug|Any CPU.Build.0 = Debug|Any CPU
		{39BCDC0F-CEE0-4EAD-A64D-C5235A3EC9E6}.Debug|Any CPU.Deploy.0 = Debug|Any CPU
		{39BCDC0F-CEE0-4EAD-A64D-C5235A3EC9E6}.Debug|ARM.ActiveCfg = Debug|Any CPU
		{39BCDC0F-CEE0-4EAD-A64D-C5235A3EC9E6}.Debug|ARM.Build.0 = Debug|Any CPU
		{39BCDC0F-CEE0-4EAD-A64D-C5235A3EC9E6}.Debug|ARM.Deploy.0 = Debug|Any CPU
		{39BCDC0F-CEE0-4EAD-A64D-C5235A3EC9E6}.Debug|iPhone.ActiveCfg = Debug|Any CPU
		{39BCDC0F-CEE0-4EAD-A64D-C5235A3EC9E6}.Debug|iPhone.Build.0 = Debug|Any CPU
		{39BCDC0F-CEE0-4EAD-A64D-C5235A3EC9E6}.Debug|iPhone.Deploy.0 = Debug|Any CPU
		{39BCDC0F-CEE0-4EAD-A64D-C5235A3EC9E6}.Debug|iPhoneSimulator.ActiveCfg = Debug|Any CPU
		{39BCDC0F-CEE0-4EAD-A64D-C5235A3EC9E6}.Debug|iPhoneSimulator.Build.0 = Debug|Any CPU
		{39BCDC0F-CEE0-4EAD-A64D-C5235A3EC9E6}.Debug|iPhoneSimulator.Deploy.0 = Debug|Any CPU
		{39BCDC0F-CEE0-4EAD-A64D-C5235A3EC9E6}.Debug|x64.ActiveCfg = Debug|Any CPU
		{39BCDC0F-CEE0-4EAD-A64D-C5235A3EC9E6}.Debug|x64.Build.0 = Debug|Any CPU
		{39BCDC0F-CEE0-4EAD-A64D-C5235A3EC9E6}.Debug|x64.Deploy.0 = Debug|Any CPU
		{39BCDC0F-CEE0-4EAD-A64D-C5235A3EC9E6}.Debug|x86.ActiveCfg = Debug|Any CPU
		{39BCDC0F-CEE0-4EAD-A64D-C5235A3EC9E6}.Debug|x86.Build.0 = Debug|Any CPU
		{39BCDC0F-CEE0-4EAD-A64D-C5235A3EC9E6}.Debug|x86.Deploy.0 = Debug|Any CPU
		{39BCDC0F-CEE0-4EAD-A64D-C5235A3EC9E6}.Release|Any CPU.ActiveCfg = Release|Any CPU
		{39BCDC0F-CEE0-4EAD-A64D-C5235A3EC9E6}.Release|Any CPU.Build.0 = Release|Any CPU
		{39BCDC0F-CEE0-4EAD-A64D-C5235A3EC9E6}.Release|Any CPU.Deploy.0 = Release|Any CPU
		{39BCDC0F-CEE0-4EAD-A64D-C5235A3EC9E6}.Release|ARM.ActiveCfg = Release|Any CPU
		{39BCDC0F-CEE0-4EAD-A64D-C5235A3EC9E6}.Release|ARM.Build.0 = Release|Any CPU
		{39BCDC0F-CEE0-4EAD-A64D-C5235A3EC9E6}.Release|ARM.Deploy.0 = Release|Any CPU
		{39BCDC0F-CEE0-4EAD-A64D-C5235A3EC9E6}.Release|iPhone.ActiveCfg = Release|Any CPU
		{39BCDC0F-CEE0-4EAD-A64D-C5235A3EC9E6}.Release|iPhone.Build.0 = Release|Any CPU
		{39BCDC0F-CEE0-4EAD-A64D-C5235A3EC9E6}.Release|iPhone.Deploy.0 = Release|Any CPU
		{39BCDC0F-CEE0-4EAD-A64D-C5235A3EC9E6}.Release|iPhoneSimulator.ActiveCfg = Release|Any CPU
		{39BCDC0F-CEE0-4EAD-A64D-C5235A3EC9E6}.Release|iPhoneSimulator.Build.0 = Release|Any CPU
		{39BCDC0F-CEE0-4EAD-A64D-C5235A3EC9E6}.Release|iPhoneSimulator.Deploy.0 = Release|Any CPU
		{39BCDC0F-CEE0-4EAD-A64D-C5235A3EC9E6}.Release|x64.ActiveCfg = Release|Any CPU
		{39BCDC0F-CEE0-4EAD-A64D-C5235A3EC9E6}.Release|x64.Build.0 = Release|Any CPU
		{39BCDC0F-CEE0-4EAD-A64D-C5235A3EC9E6}.Release|x64.Deploy.0 = Release|Any CPU
		{39BCDC0F-CEE0-4EAD-A64D-C5235A3EC9E6}.Release|x86.ActiveCfg = Release|Any CPU
		{39BCDC0F-CEE0-4EAD-A64D-C5235A3EC9E6}.Release|x86.Build.0 = Release|Any CPU
		{39BCDC0F-CEE0-4EAD-A64D-C5235A3EC9E6}.Release|x86.Deploy.0 = Release|Any CPU
		{A87F58B1-1AAA-421E-B7C4-27A835186720}.Ad-Hoc|Any CPU.ActiveCfg = Release|Any CPU
		{A87F58B1-1AAA-421E-B7C4-27A835186720}.Ad-Hoc|Any CPU.Build.0 = Release|Any CPU
		{A87F58B1-1AAA-421E-B7C4-27A835186720}.Ad-Hoc|ARM.ActiveCfg = Release|Any CPU
		{A87F58B1-1AAA-421E-B7C4-27A835186720}.Ad-Hoc|ARM.Build.0 = Release|Any CPU
		{A87F58B1-1AAA-421E-B7C4-27A835186720}.Ad-Hoc|iPhone.ActiveCfg = Release|Any CPU
		{A87F58B1-1AAA-421E-B7C4-27A835186720}.Ad-Hoc|iPhone.Build.0 = Release|Any CPU
		{A87F58B1-1AAA-421E-B7C4-27A835186720}.Ad-Hoc|iPhoneSimulator.ActiveCfg = Release|Any CPU
		{A87F58B1-1AAA-421E-B7C4-27A835186720}.Ad-Hoc|iPhoneSimulator.Build.0 = Release|Any CPU
		{A87F58B1-1AAA-421E-B7C4-27A835186720}.Ad-Hoc|x64.ActiveCfg = Release|Any CPU
		{A87F58B1-1AAA-421E-B7C4-27A835186720}.Ad-Hoc|x64.Build.0 = Release|Any CPU
		{A87F58B1-1AAA-421E-B7C4-27A835186720}.Ad-Hoc|x86.ActiveCfg = Release|Any CPU
		{A87F58B1-1AAA-421E-B7C4-27A835186720}.Ad-Hoc|x86.Build.0 = Release|Any CPU
		{A87F58B1-1AAA-421E-B7C4-27A835186720}.AppStore|Any CPU.ActiveCfg = Release|Any CPU
		{A87F58B1-1AAA-421E-B7C4-27A835186720}.AppStore|Any CPU.Build.0 = Release|Any CPU
		{A87F58B1-1AAA-421E-B7C4-27A835186720}.AppStore|ARM.ActiveCfg = Release|Any CPU
		{A87F58B1-1AAA-421E-B7C4-27A835186720}.AppStore|ARM.Build.0 = Release|Any CPU
		{A87F58B1-1AAA-421E-B7C4-27A835186720}.AppStore|iPhone.ActiveCfg = Release|Any CPU
		{A87F58B1-1AAA-421E-B7C4-27A835186720}.AppStore|iPhone.Build.0 = Release|Any CPU
		{A87F58B1-1AAA-421E-B7C4-27A835186720}.AppStore|iPhoneSimulator.ActiveCfg = Release|Any CPU
		{A87F58B1-1AAA-421E-B7C4-27A835186720}.AppStore|iPhoneSimulator.Build.0 = Release|Any CPU
		{A87F58B1-1AAA-421E-B7C4-27A835186720}.AppStore|x64.ActiveCfg = Release|Any CPU
		{A87F58B1-1AAA-421E-B7C4-27A835186720}.AppStore|x64.Build.0 = Release|Any CPU
		{A87F58B1-1AAA-421E-B7C4-27A835186720}.AppStore|x86.ActiveCfg = Release|Any CPU
		{A87F58B1-1AAA-421E-B7C4-27A835186720}.AppStore|x86.Build.0 = Release|Any CPU
		{A87F58B1-1AAA-421E-B7C4-27A835186720}.Debug|Any CPU.ActiveCfg = Debug|Any CPU
		{A87F58B1-1AAA-421E-B7C4-27A835186720}.Debug|Any CPU.Build.0 = Debug|Any CPU
		{A87F58B1-1AAA-421E-B7C4-27A835186720}.Debug|ARM.ActiveCfg = Debug|Any CPU
		{A87F58B1-1AAA-421E-B7C4-27A835186720}.Debug|ARM.Build.0 = Debug|Any CPU
		{A87F58B1-1AAA-421E-B7C4-27A835186720}.Debug|iPhone.ActiveCfg = Debug|Any CPU
		{A87F58B1-1AAA-421E-B7C4-27A835186720}.Debug|iPhone.Build.0 = Debug|Any CPU
		{A87F58B1-1AAA-421E-B7C4-27A835186720}.Debug|iPhoneSimulator.ActiveCfg = Debug|Any CPU
		{A87F58B1-1AAA-421E-B7C4-27A835186720}.Debug|iPhoneSimulator.Build.0 = Debug|Any CPU
		{A87F58B1-1AAA-421E-B7C4-27A835186720}.Debug|x64.ActiveCfg = Debug|Any CPU
		{A87F58B1-1AAA-421E-B7C4-27A835186720}.Debug|x64.Build.0 = Debug|Any CPU
		{A87F58B1-1AAA-421E-B7C4-27A835186720}.Debug|x86.ActiveCfg = Debug|Any CPU
		{A87F58B1-1AAA-421E-B7C4-27A835186720}.Debug|x86.Build.0 = Debug|Any CPU
		{A87F58B1-1AAA-421E-B7C4-27A835186720}.Release|Any CPU.ActiveCfg = Release|Any CPU
		{A87F58B1-1AAA-421E-B7C4-27A835186720}.Release|Any CPU.Build.0 = Release|Any CPU
		{A87F58B1-1AAA-421E-B7C4-27A835186720}.Release|ARM.ActiveCfg = Release|Any CPU
		{A87F58B1-1AAA-421E-B7C4-27A835186720}.Release|ARM.Build.0 = Release|Any CPU
		{A87F58B1-1AAA-421E-B7C4-27A835186720}.Release|iPhone.ActiveCfg = Release|Any CPU
		{A87F58B1-1AAA-421E-B7C4-27A835186720}.Release|iPhone.Build.0 = Release|Any CPU
		{A87F58B1-1AAA-421E-B7C4-27A835186720}.Release|iPhoneSimulator.ActiveCfg = Release|Any CPU
		{A87F58B1-1AAA-421E-B7C4-27A835186720}.Release|iPhoneSimulator.Build.0 = Release|Any CPU
		{A87F58B1-1AAA-421E-B7C4-27A835186720}.Release|x64.ActiveCfg = Release|Any CPU
		{A87F58B1-1AAA-421E-B7C4-27A835186720}.Release|x64.Build.0 = Release|Any CPU
		{A87F58B1-1AAA-421E-B7C4-27A835186720}.Release|x86.ActiveCfg = Release|Any CPU
		{A87F58B1-1AAA-421E-B7C4-27A835186720}.Release|x86.Build.0 = Release|Any CPU
		{A1ADE7B3-4E01-4C30-ADB9-A08B1E96C127}.Ad-Hoc|Any CPU.ActiveCfg = Release|x86
		{A1ADE7B3-4E01-4C30-ADB9-A08B1E96C127}.Ad-Hoc|Any CPU.Build.0 = Release|x86
		{A1ADE7B3-4E01-4C30-ADB9-A08B1E96C127}.Ad-Hoc|Any CPU.Deploy.0 = Release|x86
		{A1ADE7B3-4E01-4C30-ADB9-A08B1E96C127}.Ad-Hoc|ARM.ActiveCfg = Release|ARM
		{A1ADE7B3-4E01-4C30-ADB9-A08B1E96C127}.Ad-Hoc|ARM.Build.0 = Release|ARM
		{A1ADE7B3-4E01-4C30-ADB9-A08B1E96C127}.Ad-Hoc|ARM.Deploy.0 = Release|ARM
		{A1ADE7B3-4E01-4C30-ADB9-A08B1E96C127}.Ad-Hoc|iPhone.ActiveCfg = Release|x86
		{A1ADE7B3-4E01-4C30-ADB9-A08B1E96C127}.Ad-Hoc|iPhone.Build.0 = Release|x86
		{A1ADE7B3-4E01-4C30-ADB9-A08B1E96C127}.Ad-Hoc|iPhone.Deploy.0 = Release|x86
		{A1ADE7B3-4E01-4C30-ADB9-A08B1E96C127}.Ad-Hoc|iPhoneSimulator.ActiveCfg = Release|x86
		{A1ADE7B3-4E01-4C30-ADB9-A08B1E96C127}.Ad-Hoc|iPhoneSimulator.Build.0 = Release|x86
		{A1ADE7B3-4E01-4C30-ADB9-A08B1E96C127}.Ad-Hoc|iPhoneSimulator.Deploy.0 = Release|x86
		{A1ADE7B3-4E01-4C30-ADB9-A08B1E96C127}.Ad-Hoc|x64.ActiveCfg = Release|x64
		{A1ADE7B3-4E01-4C30-ADB9-A08B1E96C127}.Ad-Hoc|x64.Build.0 = Release|x64
		{A1ADE7B3-4E01-4C30-ADB9-A08B1E96C127}.Ad-Hoc|x64.Deploy.0 = Release|x64
		{A1ADE7B3-4E01-4C30-ADB9-A08B1E96C127}.Ad-Hoc|x86.ActiveCfg = Release|x86
		{A1ADE7B3-4E01-4C30-ADB9-A08B1E96C127}.Ad-Hoc|x86.Build.0 = Release|x86
		{A1ADE7B3-4E01-4C30-ADB9-A08B1E96C127}.Ad-Hoc|x86.Deploy.0 = Release|x86
		{A1ADE7B3-4E01-4C30-ADB9-A08B1E96C127}.AppStore|Any CPU.ActiveCfg = Release|x86
		{A1ADE7B3-4E01-4C30-ADB9-A08B1E96C127}.AppStore|Any CPU.Build.0 = Release|x86
		{A1ADE7B3-4E01-4C30-ADB9-A08B1E96C127}.AppStore|Any CPU.Deploy.0 = Release|x86
		{A1ADE7B3-4E01-4C30-ADB9-A08B1E96C127}.AppStore|ARM.ActiveCfg = Release|ARM
		{A1ADE7B3-4E01-4C30-ADB9-A08B1E96C127}.AppStore|ARM.Build.0 = Release|ARM
		{A1ADE7B3-4E01-4C30-ADB9-A08B1E96C127}.AppStore|ARM.Deploy.0 = Release|ARM
		{A1ADE7B3-4E01-4C30-ADB9-A08B1E96C127}.AppStore|iPhone.ActiveCfg = Release|x86
		{A1ADE7B3-4E01-4C30-ADB9-A08B1E96C127}.AppStore|iPhone.Build.0 = Release|x86
		{A1ADE7B3-4E01-4C30-ADB9-A08B1E96C127}.AppStore|iPhone.Deploy.0 = Release|x86
		{A1ADE7B3-4E01-4C30-ADB9-A08B1E96C127}.AppStore|iPhoneSimulator.ActiveCfg = Release|x86
		{A1ADE7B3-4E01-4C30-ADB9-A08B1E96C127}.AppStore|iPhoneSimulator.Build.0 = Release|x86
		{A1ADE7B3-4E01-4C30-ADB9-A08B1E96C127}.AppStore|iPhoneSimulator.Deploy.0 = Release|x86
		{A1ADE7B3-4E01-4C30-ADB9-A08B1E96C127}.AppStore|x64.ActiveCfg = Release|x64
		{A1ADE7B3-4E01-4C30-ADB9-A08B1E96C127}.AppStore|x64.Build.0 = Release|x64
		{A1ADE7B3-4E01-4C30-ADB9-A08B1E96C127}.AppStore|x64.Deploy.0 = Release|x64
		{A1ADE7B3-4E01-4C30-ADB9-A08B1E96C127}.AppStore|x86.ActiveCfg = Release|x86
		{A1ADE7B3-4E01-4C30-ADB9-A08B1E96C127}.AppStore|x86.Build.0 = Release|x86
		{A1ADE7B3-4E01-4C30-ADB9-A08B1E96C127}.AppStore|x86.Deploy.0 = Release|x86
		{A1ADE7B3-4E01-4C30-ADB9-A08B1E96C127}.Debug|Any CPU.ActiveCfg = Debug|x86
		{A1ADE7B3-4E01-4C30-ADB9-A08B1E96C127}.Debug|ARM.ActiveCfg = Debug|ARM
		{A1ADE7B3-4E01-4C30-ADB9-A08B1E96C127}.Debug|ARM.Build.0 = Debug|ARM
		{A1ADE7B3-4E01-4C30-ADB9-A08B1E96C127}.Debug|ARM.Deploy.0 = Debug|ARM
		{A1ADE7B3-4E01-4C30-ADB9-A08B1E96C127}.Debug|iPhone.ActiveCfg = Debug|x86
		{A1ADE7B3-4E01-4C30-ADB9-A08B1E96C127}.Debug|iPhoneSimulator.ActiveCfg = Debug|x86
		{A1ADE7B3-4E01-4C30-ADB9-A08B1E96C127}.Debug|x64.ActiveCfg = Debug|x64
		{A1ADE7B3-4E01-4C30-ADB9-A08B1E96C127}.Debug|x64.Build.0 = Debug|x64
		{A1ADE7B3-4E01-4C30-ADB9-A08B1E96C127}.Debug|x64.Deploy.0 = Debug|x64
		{A1ADE7B3-4E01-4C30-ADB9-A08B1E96C127}.Debug|x86.ActiveCfg = Debug|x86
		{A1ADE7B3-4E01-4C30-ADB9-A08B1E96C127}.Debug|x86.Build.0 = Debug|x86
		{A1ADE7B3-4E01-4C30-ADB9-A08B1E96C127}.Debug|x86.Deploy.0 = Debug|x86
		{A1ADE7B3-4E01-4C30-ADB9-A08B1E96C127}.Release|Any CPU.ActiveCfg = Release|x86
		{A1ADE7B3-4E01-4C30-ADB9-A08B1E96C127}.Release|ARM.ActiveCfg = Release|ARM
		{A1ADE7B3-4E01-4C30-ADB9-A08B1E96C127}.Release|ARM.Build.0 = Release|ARM
		{A1ADE7B3-4E01-4C30-ADB9-A08B1E96C127}.Release|ARM.Deploy.0 = Release|ARM
		{A1ADE7B3-4E01-4C30-ADB9-A08B1E96C127}.Release|iPhone.ActiveCfg = Release|x86
		{A1ADE7B3-4E01-4C30-ADB9-A08B1E96C127}.Release|iPhoneSimulator.ActiveCfg = Release|x86
		{A1ADE7B3-4E01-4C30-ADB9-A08B1E96C127}.Release|x64.ActiveCfg = Release|x64
		{A1ADE7B3-4E01-4C30-ADB9-A08B1E96C127}.Release|x64.Build.0 = Release|x64
		{A1ADE7B3-4E01-4C30-ADB9-A08B1E96C127}.Release|x64.Deploy.0 = Release|x64
		{A1ADE7B3-4E01-4C30-ADB9-A08B1E96C127}.Release|x86.ActiveCfg = Release|x86
		{A1ADE7B3-4E01-4C30-ADB9-A08B1E96C127}.Release|x86.Build.0 = Release|x86
		{A1ADE7B3-4E01-4C30-ADB9-A08B1E96C127}.Release|x86.Deploy.0 = Release|x86
		{B5420AA7-91FF-4854-B3E6-F7F4A0FD17F7}.Ad-Hoc|Any CPU.ActiveCfg = Ad-Hoc|iPhone
		{B5420AA7-91FF-4854-B3E6-F7F4A0FD17F7}.Ad-Hoc|ARM.ActiveCfg = Ad-Hoc|iPhone
		{B5420AA7-91FF-4854-B3E6-F7F4A0FD17F7}.Ad-Hoc|iPhone.ActiveCfg = Ad-Hoc|iPhone
		{B5420AA7-91FF-4854-B3E6-F7F4A0FD17F7}.Ad-Hoc|iPhone.Build.0 = Ad-Hoc|iPhone
		{B5420AA7-91FF-4854-B3E6-F7F4A0FD17F7}.Ad-Hoc|iPhoneSimulator.ActiveCfg = Ad-Hoc|iPhoneSimulator
		{B5420AA7-91FF-4854-B3E6-F7F4A0FD17F7}.Ad-Hoc|iPhoneSimulator.Build.0 = Ad-Hoc|iPhoneSimulator
		{B5420AA7-91FF-4854-B3E6-F7F4A0FD17F7}.Ad-Hoc|x64.ActiveCfg = Ad-Hoc|iPhone
		{B5420AA7-91FF-4854-B3E6-F7F4A0FD17F7}.Ad-Hoc|x86.ActiveCfg = Ad-Hoc|iPhone
		{B5420AA7-91FF-4854-B3E6-F7F4A0FD17F7}.AppStore|Any CPU.ActiveCfg = AppStore|iPhone
		{B5420AA7-91FF-4854-B3E6-F7F4A0FD17F7}.AppStore|ARM.ActiveCfg = AppStore|iPhone
		{B5420AA7-91FF-4854-B3E6-F7F4A0FD17F7}.AppStore|iPhone.ActiveCfg = AppStore|iPhone
		{B5420AA7-91FF-4854-B3E6-F7F4A0FD17F7}.AppStore|iPhone.Build.0 = AppStore|iPhone
		{B5420AA7-91FF-4854-B3E6-F7F4A0FD17F7}.AppStore|iPhoneSimulator.ActiveCfg = AppStore|iPhoneSimulator
		{B5420AA7-91FF-4854-B3E6-F7F4A0FD17F7}.AppStore|iPhoneSimulator.Build.0 = AppStore|iPhoneSimulator
		{B5420AA7-91FF-4854-B3E6-F7F4A0FD17F7}.AppStore|x64.ActiveCfg = AppStore|iPhone
		{B5420AA7-91FF-4854-B3E6-F7F4A0FD17F7}.AppStore|x86.ActiveCfg = AppStore|iPhone
		{B5420AA7-91FF-4854-B3E6-F7F4A0FD17F7}.Debug|Any CPU.ActiveCfg = Debug|iPhone
		{B5420AA7-91FF-4854-B3E6-F7F4A0FD17F7}.Debug|ARM.ActiveCfg = Debug|iPhone
		{B5420AA7-91FF-4854-B3E6-F7F4A0FD17F7}.Debug|iPhone.ActiveCfg = Debug|iPhone
		{B5420AA7-91FF-4854-B3E6-F7F4A0FD17F7}.Debug|iPhone.Build.0 = Debug|iPhone
		{B5420AA7-91FF-4854-B3E6-F7F4A0FD17F7}.Debug|iPhoneSimulator.ActiveCfg = Debug|iPhoneSimulator
		{B5420AA7-91FF-4854-B3E6-F7F4A0FD17F7}.Debug|iPhoneSimulator.Build.0 = Debug|iPhoneSimulator
		{B5420AA7-91FF-4854-B3E6-F7F4A0FD17F7}.Debug|x64.ActiveCfg = Debug|iPhone
		{B5420AA7-91FF-4854-B3E6-F7F4A0FD17F7}.Debug|x86.ActiveCfg = Debug|iPhone
		{B5420AA7-91FF-4854-B3E6-F7F4A0FD17F7}.Release|Any CPU.ActiveCfg = Release|iPhone
		{B5420AA7-91FF-4854-B3E6-F7F4A0FD17F7}.Release|ARM.ActiveCfg = Release|iPhone
		{B5420AA7-91FF-4854-B3E6-F7F4A0FD17F7}.Release|iPhone.ActiveCfg = Release|iPhone
		{B5420AA7-91FF-4854-B3E6-F7F4A0FD17F7}.Release|iPhone.Build.0 = Release|iPhone
		{B5420AA7-91FF-4854-B3E6-F7F4A0FD17F7}.Release|iPhoneSimulator.ActiveCfg = Release|iPhoneSimulator
		{B5420AA7-91FF-4854-B3E6-F7F4A0FD17F7}.Release|iPhoneSimulator.Build.0 = Release|iPhoneSimulator
		{B5420AA7-91FF-4854-B3E6-F7F4A0FD17F7}.Release|x64.ActiveCfg = Release|iPhone
		{B5420AA7-91FF-4854-B3E6-F7F4A0FD17F7}.Release|x86.ActiveCfg = Release|iPhone
	EndGlobalSection
	GlobalSection(SolutionProperties) = preSolution
		HideSolutionNode = FALSE
	EndGlobalSection
EndGlobal
