
Microsoft Visual Studio Solution File, Format Version 12.00
# Visual Studio 15
VisualStudioVersion = 15.0.27428.2002
MinimumVisualStudioVersion = 10.0.40219.1
Project("{FAE04EC0-301F-11D3-BF4B-00C04F79EFBC}") = "ColorPrNavRev.Android", "ColorPrNavRev\ColorPrNavRev.Android\ColorPrNavRev.Android.csproj", "{76067263-8B83-420B-AF2B-6855ECA5A75D}"
EndProject
Project("{FAE04EC0-301F-11D3-BF4B-00C04F79EFBC}") = "ColorPrNavRev.iOS", "ColorPrNavRev\ColorPrNavRev.iOS\ColorPrNavRev.iOS.csproj", "{3A8EB5C6-65F3-4F9E-9452-AFA03D641602}"
EndProject
Project("{FAE04EC0-301F-11D3-BF4B-00C04F79EFBC}") = "ColorPrNavRev.UWP", "ColorPrNavRev\ColorPrNavRev.UWP\ColorPrNavRev.UWP.csproj", "{7DE76284-3AAA-41E5-9D08-39676E4843DF}"
EndProject
Project("{D954291E-2A0B-460D-934E-DC6B0785DB48}") = "ColorPrNavRev", "ColorPrNavRev\ColorPrNavRev\ColorPrNavRev.shproj", "{62A32C98-B197-4585-A18D-FC8453E7C2D5}"
EndProject
Global
	GlobalSection(SharedMSBuildProjectFiles) = preSolution
		ColorPrNavRev\ColorPrNavRev\ColorPrNavRev.projitems*{3a8eb5c6-65f3-4f9e-9452-afa03d641602}*SharedItemsImports = 4
		ColorPrNavRev\ColorPrNavRev\ColorPrNavRev.projitems*{62a32c98-b197-4585-a18d-fc8453e7c2d5}*SharedItemsImports = 13
		ColorPrNavRev\ColorPrNavRev\ColorPrNavRev.projitems*{76067263-8b83-420b-af2b-6855eca5a75d}*SharedItemsImports = 4
		ColorPrNavRev\ColorPrNavRev\ColorPrNavRev.projitems*{7de76284-3aaa-41e5-9d08-39676e4843df}*SharedItemsImports = 4
	EndGlobalSection
	GlobalSection(SolutionConfigurationPlatforms) = preSolution
		Ad-Hoc|Any CPU = Ad-Hoc|Any CPU
		Ad-Hoc|ARM = Ad-Hoc|ARM
		Ad-Hoc|iPhone = Ad-Hoc|iPhone
		Ad-Hoc|iPhoneSimulator = Ad-Hoc|iPhoneSimulator
		Ad-Hoc|x64 = Ad-Hoc|x64
		Ad-Hoc|x86 = Ad-Hoc|x86
		AppStore|Any CPU = AppStore|Any CPU
		AppStore|ARM = AppStore|ARM
		AppStore|iPhone = AppStore|iPhone
		AppStore|iPhoneSimulator = AppStore|iPhoneSimulator
		AppStore|x64 = AppStore|x64
		AppStore|x86 = AppStore|x86
		Debug|Any CPU = Debug|Any CPU
		Debug|ARM = Debug|ARM
		Debug|iPhone = Debug|iPhone
		Debug|iPhoneSimulator = Debug|iPhoneSimulator
		Debug|x64 = Debug|x64
		Debug|x86 = Debug|x86
		Release|Any CPU = Release|Any CPU
		Release|ARM = Release|ARM
		Release|iPhone = Release|iPhone
		Release|iPhoneSimulator = Release|iPhoneSimulator
		Release|x64 = Release|x64
		Release|x86 = Release|x86
	EndGlobalSection
	GlobalSection(ProjectConfigurationPlatforms) = postSolution
		{76067263-8B83-420B-AF2B-6855ECA5A75D}.Ad-Hoc|Any CPU.ActiveCfg = Release|Any CPU
		{76067263-8B83-420B-AF2B-6855ECA5A75D}.Ad-Hoc|Any CPU.Build.0 = Release|Any CPU
		{76067263-8B83-420B-AF2B-6855ECA5A75D}.Ad-Hoc|Any CPU.Deploy.0 = Release|Any CPU
		{76067263-8B83-420B-AF2B-6855ECA5A75D}.Ad-Hoc|ARM.ActiveCfg = Release|Any CPU
		{76067263-8B83-420B-AF2B-6855ECA5A75D}.Ad-Hoc|ARM.Build.0 = Release|Any CPU
		{76067263-8B83-420B-AF2B-6855ECA5A75D}.Ad-Hoc|ARM.Deploy.0 = Release|Any CPU
		{76067263-8B83-420B-AF2B-6855ECA5A75D}.Ad-Hoc|iPhone.ActiveCfg = Release|Any CPU
		{76067263-8B83-420B-AF2B-6855ECA5A75D}.Ad-Hoc|iPhone.Build.0 = Release|Any CPU
		{76067263-8B83-420B-AF2B-6855ECA5A75D}.Ad-Hoc|iPhone.Deploy.0 = Release|Any CPU
		{76067263-8B83-420B-AF2B-6855ECA5A75D}.Ad-Hoc|iPhoneSimulator.ActiveCfg = Release|Any CPU
		{76067263-8B83-420B-AF2B-6855ECA5A75D}.Ad-Hoc|iPhoneSimulator.Build.0 = Release|Any CPU
		{76067263-8B83-420B-AF2B-6855ECA5A75D}.Ad-Hoc|iPhoneSimulator.Deploy.0 = Release|Any CPU
		{76067263-8B83-420B-AF2B-6855ECA5A75D}.Ad-Hoc|x64.ActiveCfg = Release|Any CPU
		{76067263-8B83-420B-AF2B-6855ECA5A75D}.Ad-Hoc|x64.Build.0 = Release|Any CPU
		{76067263-8B83-420B-AF2B-6855ECA5A75D}.Ad-Hoc|x64.Deploy.0 = Release|Any CPU
		{76067263-8B83-420B-AF2B-6855ECA5A75D}.Ad-Hoc|x86.ActiveCfg = Release|Any CPU
		{76067263-8B83-420B-AF2B-6855ECA5A75D}.Ad-Hoc|x86.Build.0 = Release|Any CPU
		{76067263-8B83-420B-AF2B-6855ECA5A75D}.Ad-Hoc|x86.Deploy.0 = Release|Any CPU
		{76067263-8B83-420B-AF2B-6855ECA5A75D}.AppStore|Any CPU.ActiveCfg = Release|Any CPU
		{76067263-8B83-420B-AF2B-6855ECA5A75D}.AppStore|Any CPU.Build.0 = Release|Any CPU
		{76067263-8B83-420B-AF2B-6855ECA5A75D}.AppStore|Any CPU.Deploy.0 = Release|Any CPU
		{76067263-8B83-420B-AF2B-6855ECA5A75D}.AppStore|ARM.ActiveCfg = Release|Any CPU
		{76067263-8B83-420B-AF2B-6855ECA5A75D}.AppStore|ARM.Build.0 = Release|Any CPU
		{76067263-8B83-420B-AF2B-6855ECA5A75D}.AppStore|ARM.Deploy.0 = Release|Any CPU
		{76067263-8B83-420B-AF2B-6855ECA5A75D}.AppStore|iPhone.ActiveCfg = Release|Any CPU
		{76067263-8B83-420B-AF2B-6855ECA5A75D}.AppStore|iPhone.Build.0 = Release|Any CPU
		{76067263-8B83-420B-AF2B-6855ECA5A75D}.AppStore|iPhone.Deploy.0 = Release|Any CPU
		{76067263-8B83-420B-AF2B-6855ECA5A75D}.AppStore|iPhoneSimulator.ActiveCfg = Release|Any CPU
		{76067263-8B83-420B-AF2B-6855ECA5A75D}.AppStore|iPhoneSimulator.Build.0 = Release|Any CPU
		{76067263-8B83-420B-AF2B-6855ECA5A75D}.AppStore|iPhoneSimulator.Deploy.0 = Release|Any CPU
		{76067263-8B83-420B-AF2B-6855ECA5A75D}.AppStore|x64.ActiveCfg = Release|Any CPU
		{76067263-8B83-420B-AF2B-6855ECA5A75D}.AppStore|x64.Build.0 = Release|Any CPU
		{76067263-8B83-420B-AF2B-6855ECA5A75D}.AppStore|x64.Deploy.0 = Release|Any CPU
		{76067263-8B83-420B-AF2B-6855ECA5A75D}.AppStore|x86.ActiveCfg = Release|Any CPU
		{76067263-8B83-420B-AF2B-6855ECA5A75D}.AppStore|x86.Build.0 = Release|Any CPU
		{76067263-8B83-420B-AF2B-6855ECA5A75D}.AppStore|x86.Deploy.0 = Release|Any CPU
		{76067263-8B83-420B-AF2B-6855ECA5A75D}.Debug|Any CPU.ActiveCfg = Debug|Any CPU
		{76067263-8B83-420B-AF2B-6855ECA5A75D}.Debug|Any CPU.Build.0 = Debug|Any CPU
		{76067263-8B83-420B-AF2B-6855ECA5A75D}.Debug|Any CPU.Deploy.0 = Debug|Any CPU
		{76067263-8B83-420B-AF2B-6855ECA5A75D}.Debug|ARM.ActiveCfg = Debug|Any CPU
		{76067263-8B83-420B-AF2B-6855ECA5A75D}.Debug|ARM.Build.0 = Debug|Any CPU
		{76067263-8B83-420B-AF2B-6855ECA5A75D}.Debug|ARM.Deploy.0 = Debug|Any CPU
		{76067263-8B83-420B-AF2B-6855ECA5A75D}.Debug|iPhone.ActiveCfg = Debug|Any CPU
		{76067263-8B83-420B-AF2B-6855ECA5A75D}.Debug|iPhone.Build.0 = Debug|Any CPU
		{76067263-8B83-420B-AF2B-6855ECA5A75D}.Debug|iPhone.Deploy.0 = Debug|Any CPU
		{76067263-8B83-420B-AF2B-6855ECA5A75D}.Debug|iPhoneSimulator.ActiveCfg = Debug|Any CPU
		{76067263-8B83-420B-AF2B-6855ECA5A75D}.Debug|iPhoneSimulator.Build.0 = Debug|Any CPU
		{76067263-8B83-420B-AF2B-6855ECA5A75D}.Debug|iPhoneSimulator.Deploy.0 = Debug|Any CPU
		{76067263-8B83-420B-AF2B-6855ECA5A75D}.Debug|x64.ActiveCfg = Debug|Any CPU
		{76067263-8B83-420B-AF2B-6855ECA5A75D}.Debug|x64.Build.0 = Debug|Any CPU
		{76067263-8B83-420B-AF2B-6855ECA5A75D}.Debug|x64.Deploy.0 = Debug|Any CPU
		{76067263-8B83-420B-AF2B-6855ECA5A75D}.Debug|x86.ActiveCfg = Debug|Any CPU
		{76067263-8B83-420B-AF2B-6855ECA5A75D}.Debug|x86.Build.0 = Debug|Any CPU
		{76067263-8B83-420B-AF2B-6855ECA5A75D}.Debug|x86.Deploy.0 = Debug|Any CPU
		{76067263-8B83-420B-AF2B-6855ECA5A75D}.Release|Any CPU.ActiveCfg = Release|Any CPU
		{76067263-8B83-420B-AF2B-6855ECA5A75D}.Release|Any CPU.Build.0 = Release|Any CPU
		{76067263-8B83-420B-AF2B-6855ECA5A75D}.Release|Any CPU.Deploy.0 = Release|Any CPU
		{76067263-8B83-420B-AF2B-6855ECA5A75D}.Release|ARM.ActiveCfg = Release|Any CPU
		{76067263-8B83-420B-AF2B-6855ECA5A75D}.Release|ARM.Build.0 = Release|Any CPU
		{76067263-8B83-420B-AF2B-6855ECA5A75D}.Release|ARM.Deploy.0 = Release|Any CPU
		{76067263-8B83-420B-AF2B-6855ECA5A75D}.Release|iPhone.ActiveCfg = Release|Any CPU
		{76067263-8B83-420B-AF2B-6855ECA5A75D}.Release|iPhone.Build.0 = Release|Any CPU
		{76067263-8B83-420B-AF2B-6855ECA5A75D}.Release|iPhone.Deploy.0 = Release|Any CPU
		{76067263-8B83-420B-AF2B-6855ECA5A75D}.Release|iPhoneSimulator.ActiveCfg = Release|Any CPU
		{76067263-8B83-420B-AF2B-6855ECA5A75D}.Release|iPhoneSimulator.Build.0 = Release|Any CPU
		{76067263-8B83-420B-AF2B-6855ECA5A75D}.Release|iPhoneSimulator.Deploy.0 = Release|Any CPU
		{76067263-8B83-420B-AF2B-6855ECA5A75D}.Release|x64.ActiveCfg = Release|Any CPU
		{76067263-8B83-420B-AF2B-6855ECA5A75D}.Release|x64.Build.0 = Release|Any CPU
		{76067263-8B83-420B-AF2B-6855ECA5A75D}.Release|x64.Deploy.0 = Release|Any CPU
		{76067263-8B83-420B-AF2B-6855ECA5A75D}.Release|x86.ActiveCfg = Release|Any CPU
		{76067263-8B83-420B-AF2B-6855ECA5A75D}.Release|x86.Build.0 = Release|Any CPU
		{76067263-8B83-420B-AF2B-6855ECA5A75D}.Release|x86.Deploy.0 = Release|Any CPU
		{3A8EB5C6-65F3-4F9E-9452-AFA03D641602}.Ad-Hoc|Any CPU.ActiveCfg = Ad-Hoc|iPhone
		{3A8EB5C6-65F3-4F9E-9452-AFA03D641602}.Ad-Hoc|ARM.ActiveCfg = Ad-Hoc|iPhone
		{3A8EB5C6-65F3-4F9E-9452-AFA03D641602}.Ad-Hoc|iPhone.ActiveCfg = Ad-Hoc|iPhone
		{3A8EB5C6-65F3-4F9E-9452-AFA03D641602}.Ad-Hoc|iPhone.Build.0 = Ad-Hoc|iPhone
		{3A8EB5C6-65F3-4F9E-9452-AFA03D641602}.Ad-Hoc|iPhoneSimulator.ActiveCfg = Ad-Hoc|iPhoneSimulator
		{3A8EB5C6-65F3-4F9E-9452-AFA03D641602}.Ad-Hoc|iPhoneSimulator.Build.0 = Ad-Hoc|iPhoneSimulator
		{3A8EB5C6-65F3-4F9E-9452-AFA03D641602}.Ad-Hoc|x64.ActiveCfg = Ad-Hoc|iPhone
		{3A8EB5C6-65F3-4F9E-9452-AFA03D641602}.Ad-Hoc|x86.ActiveCfg = Ad-Hoc|iPhone
		{3A8EB5C6-65F3-4F9E-9452-AFA03D641602}.AppStore|Any CPU.ActiveCfg = AppStore|iPhone
		{3A8EB5C6-65F3-4F9E-9452-AFA03D641602}.AppStore|ARM.ActiveCfg = AppStore|iPhone
		{3A8EB5C6-65F3-4F9E-9452-AFA03D641602}.AppStore|iPhone.ActiveCfg = AppStore|iPhone
		{3A8EB5C6-65F3-4F9E-9452-AFA03D641602}.AppStore|iPhone.Build.0 = AppStore|iPhone
		{3A8EB5C6-65F3-4F9E-9452-AFA03D641602}.AppStore|iPhoneSimulator.ActiveCfg = AppStore|iPhoneSimulator
		{3A8EB5C6-65F3-4F9E-9452-AFA03D641602}.AppStore|iPhoneSimulator.Build.0 = AppStore|iPhoneSimulator
		{3A8EB5C6-65F3-4F9E-9452-AFA03D641602}.AppStore|x64.ActiveCfg = AppStore|iPhone
		{3A8EB5C6-65F3-4F9E-9452-AFA03D641602}.AppStore|x86.ActiveCfg = AppStore|iPhone
		{3A8EB5C6-65F3-4F9E-9452-AFA03D641602}.Debug|Any CPU.ActiveCfg = Debug|iPhone
		{3A8EB5C6-65F3-4F9E-9452-AFA03D641602}.Debug|ARM.ActiveCfg = Debug|iPhone
		{3A8EB5C6-65F3-4F9E-9452-AFA03D641602}.Debug|iPhone.ActiveCfg = Debug|iPhone
		{3A8EB5C6-65F3-4F9E-9452-AFA03D641602}.Debug|iPhone.Build.0 = Debug|iPhone
		{3A8EB5C6-65F3-4F9E-9452-AFA03D641602}.Debug|iPhoneSimulator.ActiveCfg = Debug|iPhoneSimulator
		{3A8EB5C6-65F3-4F9E-9452-AFA03D641602}.Debug|iPhoneSimulator.Build.0 = Debug|iPhoneSimulator
		{3A8EB5C6-65F3-4F9E-9452-AFA03D641602}.Debug|x64.ActiveCfg = Debug|iPhone
		{3A8EB5C6-65F3-4F9E-9452-AFA03D641602}.Debug|x86.ActiveCfg = Debug|iPhone
		{3A8EB5C6-65F3-4F9E-9452-AFA03D641602}.Release|Any CPU.ActiveCfg = Release|iPhone
		{3A8EB5C6-65F3-4F9E-9452-AFA03D641602}.Release|ARM.ActiveCfg = Release|iPhone
		{3A8EB5C6-65F3-4F9E-9452-AFA03D641602}.Release|iPhone.ActiveCfg = Release|iPhone
		{3A8EB5C6-65F3-4F9E-9452-AFA03D641602}.Release|iPhone.Build.0 = Release|iPhone
		{3A8EB5C6-65F3-4F9E-9452-AFA03D641602}.Release|iPhoneSimulator.ActiveCfg = Release|iPhoneSimulator
		{3A8EB5C6-65F3-4F9E-9452-AFA03D641602}.Release|iPhoneSimulator.Build.0 = Release|iPhoneSimulator
		{3A8EB5C6-65F3-4F9E-9452-AFA03D641602}.Release|x64.ActiveCfg = Release|iPhone
		{3A8EB5C6-65F3-4F9E-9452-AFA03D641602}.Release|x86.ActiveCfg = Release|iPhone
		{7DE76284-3AAA-41E5-9D08-39676E4843DF}.Ad-Hoc|Any CPU.ActiveCfg = Release|x86
		{7DE76284-3AAA-41E5-9D08-39676E4843DF}.Ad-Hoc|Any CPU.Build.0 = Release|x86
		{7DE76284-3AAA-41E5-9D08-39676E4843DF}.Ad-Hoc|Any CPU.Deploy.0 = Release|x86
		{7DE76284-3AAA-41E5-9D08-39676E4843DF}.Ad-Hoc|ARM.ActiveCfg = Release|ARM
		{7DE76284-3AAA-41E5-9D08-39676E4843DF}.Ad-Hoc|ARM.Build.0 = Release|ARM
		{7DE76284-3AAA-41E5-9D08-39676E4843DF}.Ad-Hoc|ARM.Deploy.0 = Release|ARM
		{7DE76284-3AAA-41E5-9D08-39676E4843DF}.Ad-Hoc|iPhone.ActiveCfg = Release|x86
		{7DE76284-3AAA-41E5-9D08-39676E4843DF}.Ad-Hoc|iPhone.Build.0 = Release|x86
		{7DE76284-3AAA-41E5-9D08-39676E4843DF}.Ad-Hoc|iPhone.Deploy.0 = Release|x86
		{7DE76284-3AAA-41E5-9D08-39676E4843DF}.Ad-Hoc|iPhoneSimulator.ActiveCfg = Release|x86
		{7DE76284-3AAA-41E5-9D08-39676E4843DF}.Ad-Hoc|iPhoneSimulator.Build.0 = Release|x86
		{7DE76284-3AAA-41E5-9D08-39676E4843DF}.Ad-Hoc|iPhoneSimulator.Deploy.0 = Release|x86
		{7DE76284-3AAA-41E5-9D08-39676E4843DF}.Ad-Hoc|x64.ActiveCfg = Release|x64
		{7DE76284-3AAA-41E5-9D08-39676E4843DF}.Ad-Hoc|x64.Build.0 = Release|x64
		{7DE76284-3AAA-41E5-9D08-39676E4843DF}.Ad-Hoc|x64.Deploy.0 = Release|x64
		{7DE76284-3AAA-41E5-9D08-39676E4843DF}.Ad-Hoc|x86.ActiveCfg = Release|x86
		{7DE76284-3AAA-41E5-9D08-39676E4843DF}.Ad-Hoc|x86.Build.0 = Release|x86
		{7DE76284-3AAA-41E5-9D08-39676E4843DF}.Ad-Hoc|x86.Deploy.0 = Release|x86
		{7DE76284-3AAA-41E5-9D08-39676E4843DF}.AppStore|Any CPU.ActiveCfg = Release|x86
		{7DE76284-3AAA-41E5-9D08-39676E4843DF}.AppStore|Any CPU.Build.0 = Release|x86
		{7DE76284-3AAA-41E5-9D08-39676E4843DF}.AppStore|Any CPU.Deploy.0 = Release|x86
		{7DE76284-3AAA-41E5-9D08-39676E4843DF}.AppStore|ARM.ActiveCfg = Release|ARM
		{7DE76284-3AAA-41E5-9D08-39676E4843DF}.AppStore|ARM.Build.0 = Release|ARM
		{7DE76284-3AAA-41E5-9D08-39676E4843DF}.AppStore|ARM.Deploy.0 = Release|ARM
		{7DE76284-3AAA-41E5-9D08-39676E4843DF}.AppStore|iPhone.ActiveCfg = Release|x86
		{7DE76284-3AAA-41E5-9D08-39676E4843DF}.AppStore|iPhone.Build.0 = Release|x86
		{7DE76284-3AAA-41E5-9D08-39676E4843DF}.AppStore|iPhone.Deploy.0 = Release|x86
		{7DE76284-3AAA-41E5-9D08-39676E4843DF}.AppStore|iPhoneSimulator.ActiveCfg = Release|x86
		{7DE76284-3AAA-41E5-9D08-39676E4843DF}.AppStore|iPhoneSimulator.Build.0 = Release|x86
		{7DE76284-3AAA-41E5-9D08-39676E4843DF}.AppStore|iPhoneSimulator.Deploy.0 = Release|x86
		{7DE76284-3AAA-41E5-9D08-39676E4843DF}.AppStore|x64.ActiveCfg = Release|x64
		{7DE76284-3AAA-41E5-9D08-39676E4843DF}.AppStore|x64.Build.0 = Release|x64
		{7DE76284-3AAA-41E5-9D08-39676E4843DF}.AppStore|x64.Deploy.0 = Release|x64
		{7DE76284-3AAA-41E5-9D08-39676E4843DF}.AppStore|x86.ActiveCfg = Release|x86
		{7DE76284-3AAA-41E5-9D08-39676E4843DF}.AppStore|x86.Build.0 = Release|x86
		{7DE76284-3AAA-41E5-9D08-39676E4843DF}.AppStore|x86.Deploy.0 = Release|x86
		{7DE76284-3AAA-41E5-9D08-39676E4843DF}.Debug|Any CPU.ActiveCfg = Debug|x86
		{7DE76284-3AAA-41E5-9D08-39676E4843DF}.Debug|ARM.ActiveCfg = Debug|ARM
		{7DE76284-3AAA-41E5-9D08-39676E4843DF}.Debug|ARM.Build.0 = Debug|ARM
		{7DE76284-3AAA-41E5-9D08-39676E4843DF}.Debug|ARM.Deploy.0 = Debug|ARM
		{7DE76284-3AAA-41E5-9D08-39676E4843DF}.Debug|iPhone.ActiveCfg = Debug|x86
		{7DE76284-3AAA-41E5-9D08-39676E4843DF}.Debug|iPhoneSimulator.ActiveCfg = Debug|x86
		{7DE76284-3AAA-41E5-9D08-39676E4843DF}.Debug|x64.ActiveCfg = Debug|x64
		{7DE76284-3AAA-41E5-9D08-39676E4843DF}.Debug|x64.Build.0 = Debug|x64
		{7DE76284-3AAA-41E5-9D08-39676E4843DF}.Debug|x64.Deploy.0 = Debug|x64
		{7DE76284-3AAA-41E5-9D08-39676E4843DF}.Debug|x86.ActiveCfg = Debug|x86
		{7DE76284-3AAA-41E5-9D08-39676E4843DF}.Debug|x86.Build.0 = Debug|x86
		{7DE76284-3AAA-41E5-9D08-39676E4843DF}.Debug|x86.Deploy.0 = Debug|x86
		{7DE76284-3AAA-41E5-9D08-39676E4843DF}.Release|Any CPU.ActiveCfg = Release|x86
		{7DE76284-3AAA-41E5-9D08-39676E4843DF}.Release|ARM.ActiveCfg = Release|ARM
		{7DE76284-3AAA-41E5-9D08-39676E4843DF}.Release|ARM.Build.0 = Release|ARM
		{7DE76284-3AAA-41E5-9D08-39676E4843DF}.Release|ARM.Deploy.0 = Release|ARM
		{7DE76284-3AAA-41E5-9D08-39676E4843DF}.Release|iPhone.ActiveCfg = Release|x86
		{7DE76284-3AAA-41E5-9D08-39676E4843DF}.Release|iPhoneSimulator.ActiveCfg = Release|x86
		{7DE76284-3AAA-41E5-9D08-39676E4843DF}.Release|x64.ActiveCfg = Release|x64
		{7DE76284-3AAA-41E5-9D08-39676E4843DF}.Release|x64.Build.0 = Release|x64
		{7DE76284-3AAA-41E5-9D08-39676E4843DF}.Release|x64.Deploy.0 = Release|x64
		{7DE76284-3AAA-41E5-9D08-39676E4843DF}.Release|x86.ActiveCfg = Release|x86
		{7DE76284-3AAA-41E5-9D08-39676E4843DF}.Release|x86.Build.0 = Release|x86
		{7DE76284-3AAA-41E5-9D08-39676E4843DF}.Release|x86.Deploy.0 = Release|x86
	EndGlobalSection
	GlobalSection(SolutionProperties) = preSolution
		HideSolutionNode = FALSE
	EndGlobalSection
	GlobalSection(ExtensibilityGlobals) = postSolution
		SolutionGuid = {8F219FCF-8724-4F68-A212-AF1B8486B682}
	EndGlobalSection
EndGlobal
