
Microsoft Visual Studio Solution File, Format Version 12.00
# Visual Studio 15
VisualStudioVersion = 15.0.27428.2002
MinimumVisualStudioVersion = 10.0.40219.1
Project("{FAE04EC0-301F-11D3-BF4B-00C04F79EFBC}") = "ColorProcessorNavigationReview.Android", "ColorProcessorNavigationReview\ColorProcessorNavigationReview.Android\ColorProcessorNavigationReview.Android.csproj", "{6C54E0B4-4A4B-4AAB-A98D-2A9C932B38CC}"
EndProject
Project("{FAE04EC0-301F-11D3-BF4B-00C04F79EFBC}") = "ColorProcessorNavigationReview.iOS", "ColorProcessorNavigationReview\ColorProcessorNavigationReview.iOS\ColorProcessorNavigationReview.iOS.csproj", "{8D5994DF-F268-43F4-9391-DA4B10DC12E9}"
EndProject
Project("{FAE04EC0-301F-11D3-BF4B-00C04F79EFBC}") = "ColorProcessorNavigationReview.UWP", "ColorProcessorNavigationReview\ColorProcessorNavigationReview.UWP\ColorProcessorNavigationReview.UWP.csproj", "{41BEA407-D1E9-4A04-84A6-D43DB0B4208F}"
EndProject
Project("{D954291E-2A0B-460D-934E-DC6B0785DB48}") = "ColorProcessorNavigationReview", "ColorProcessorNavigationReview\ColorProcessorNavigationReview\ColorProcessorNavigationReview.shproj", "{4C8207E4-9BCB-48C9-97C8-125EE2DE7B97}"
EndProject
Global
	GlobalSection(SharedMSBuildProjectFiles) = preSolution
		ColorProcessorNavigationReview\ColorProcessorNavigationReview\ColorProcessorNavigationReview.projitems*{41bea407-d1e9-4a04-84a6-d43db0b4208f}*SharedItemsImports = 4
		ColorProcessorNavigationReview\ColorProcessorNavigationReview\ColorProcessorNavigationReview.projitems*{4c8207e4-9bcb-48c9-97c8-125ee2de7b97}*SharedItemsImports = 13
		ColorProcessorNavigationReview\ColorProcessorNavigationReview\ColorProcessorNavigationReview.projitems*{6c54e0b4-4a4b-4aab-a98d-2a9c932b38cc}*SharedItemsImports = 4
		ColorProcessorNavigationReview\ColorProcessorNavigationReview\ColorProcessorNavigationReview.projitems*{8d5994df-f268-43f4-9391-da4b10dc12e9}*SharedItemsImports = 4
	EndGlobalSection
	GlobalSection(SolutionConfigurationPlatforms) = preSolution
		Ad-Hoc|Any CPU = Ad-Hoc|Any CPU
		Ad-Hoc|ARM = Ad-Hoc|ARM
		Ad-Hoc|iPhone = Ad-Hoc|iPhone
		Ad-Hoc|iPhoneSimulator = Ad-Hoc|iPhoneSimulator
		Ad-Hoc|x64 = Ad-Hoc|x64
		Ad-Hoc|x86 = Ad-Hoc|x86
		AppStore|Any CPU = AppStore|Any CPU
		AppStore|ARM = AppStore|ARM
		AppStore|iPhone = AppStore|iPhone
		AppStore|iPhoneSimulator = AppStore|iPhoneSimulator
		AppStore|x64 = AppStore|x64
		AppStore|x86 = AppStore|x86
		Debug|Any CPU = Debug|Any CPU
		Debug|ARM = Debug|ARM
		Debug|iPhone = Debug|iPhone
		Debug|iPhoneSimulator = Debug|iPhoneSimulator
		Debug|x64 = Debug|x64
		Debug|x86 = Debug|x86
		Release|Any CPU = Release|Any CPU
		Release|ARM = Release|ARM
		Release|iPhone = Release|iPhone
		Release|iPhoneSimulator = Release|iPhoneSimulator
		Release|x64 = Release|x64
		Release|x86 = Release|x86
	EndGlobalSection
	GlobalSection(ProjectConfigurationPlatforms) = postSolution
		{6C54E0B4-4A4B-4AAB-A98D-2A9C932B38CC}.Ad-Hoc|Any CPU.ActiveCfg = Release|Any CPU
		{6C54E0B4-4A4B-4AAB-A98D-2A9C932B38CC}.Ad-Hoc|Any CPU.Build.0 = Release|Any CPU
		{6C54E0B4-4A4B-4AAB-A98D-2A9C932B38CC}.Ad-Hoc|Any CPU.Deploy.0 = Release|Any CPU
		{6C54E0B4-4A4B-4AAB-A98D-2A9C932B38CC}.Ad-Hoc|ARM.ActiveCfg = Release|Any CPU
		{6C54E0B4-4A4B-4AAB-A98D-2A9C932B38CC}.Ad-Hoc|ARM.Build.0 = Release|Any CPU
		{6C54E0B4-4A4B-4AAB-A98D-2A9C932B38CC}.Ad-Hoc|ARM.Deploy.0 = Release|Any CPU
		{6C54E0B4-4A4B-4AAB-A98D-2A9C932B38CC}.Ad-Hoc|iPhone.ActiveCfg = Release|Any CPU
		{6C54E0B4-4A4B-4AAB-A98D-2A9C932B38CC}.Ad-Hoc|iPhone.Build.0 = Release|Any CPU
		{6C54E0B4-4A4B-4AAB-A98D-2A9C932B38CC}.Ad-Hoc|iPhone.Deploy.0 = Release|Any CPU
		{6C54E0B4-4A4B-4AAB-A98D-2A9C932B38CC}.Ad-Hoc|iPhoneSimulator.ActiveCfg = Release|Any CPU
		{6C54E0B4-4A4B-4AAB-A98D-2A9C932B38CC}.Ad-Hoc|iPhoneSimulator.Build.0 = Release|Any CPU
		{6C54E0B4-4A4B-4AAB-A98D-2A9C932B38CC}.Ad-Hoc|iPhoneSimulator.Deploy.0 = Release|Any CPU
		{6C54E0B4-4A4B-4AAB-A98D-2A9C932B38CC}.Ad-Hoc|x64.ActiveCfg = Release|Any CPU
		{6C54E0B4-4A4B-4AAB-A98D-2A9C932B38CC}.Ad-Hoc|x64.Build.0 = Release|Any CPU
		{6C54E0B4-4A4B-4AAB-A98D-2A9C932B38CC}.Ad-Hoc|x64.Deploy.0 = Release|Any CPU
		{6C54E0B4-4A4B-4AAB-A98D-2A9C932B38CC}.Ad-Hoc|x86.ActiveCfg = Release|Any CPU
		{6C54E0B4-4A4B-4AAB-A98D-2A9C932B38CC}.Ad-Hoc|x86.Build.0 = Release|Any CPU
		{6C54E0B4-4A4B-4AAB-A98D-2A9C932B38CC}.Ad-Hoc|x86.Deploy.0 = Release|Any CPU
		{6C54E0B4-4A4B-4AAB-A98D-2A9C932B38CC}.AppStore|Any CPU.ActiveCfg = Release|Any CPU
		{6C54E0B4-4A4B-4AAB-A98D-2A9C932B38CC}.AppStore|Any CPU.Build.0 = Release|Any CPU
		{6C54E0B4-4A4B-4AAB-A98D-2A9C932B38CC}.AppStore|Any CPU.Deploy.0 = Release|Any CPU
		{6C54E0B4-4A4B-4AAB-A98D-2A9C932B38CC}.AppStore|ARM.ActiveCfg = Release|Any CPU
		{6C54E0B4-4A4B-4AAB-A98D-2A9C932B38CC}.AppStore|ARM.Build.0 = Release|Any CPU
		{6C54E0B4-4A4B-4AAB-A98D-2A9C932B38CC}.AppStore|ARM.Deploy.0 = Release|Any CPU
		{6C54E0B4-4A4B-4AAB-A98D-2A9C932B38CC}.AppStore|iPhone.ActiveCfg = Release|Any CPU
		{6C54E0B4-4A4B-4AAB-A98D-2A9C932B38CC}.AppStore|iPhone.Build.0 = Release|Any CPU
		{6C54E0B4-4A4B-4AAB-A98D-2A9C932B38CC}.AppStore|iPhone.Deploy.0 = Release|Any CPU
		{6C54E0B4-4A4B-4AAB-A98D-2A9C932B38CC}.AppStore|iPhoneSimulator.ActiveCfg = Release|Any CPU
		{6C54E0B4-4A4B-4AAB-A98D-2A9C932B38CC}.AppStore|iPhoneSimulator.Build.0 = Release|Any CPU
		{6C54E0B4-4A4B-4AAB-A98D-2A9C932B38CC}.AppStore|iPhoneSimulator.Deploy.0 = Release|Any CPU
		{6C54E0B4-4A4B-4AAB-A98D-2A9C932B38CC}.AppStore|x64.ActiveCfg = Release|Any CPU
		{6C54E0B4-4A4B-4AAB-A98D-2A9C932B38CC}.AppStore|x64.Build.0 = Release|Any CPU
		{6C54E0B4-4A4B-4AAB-A98D-2A9C932B38CC}.AppStore|x64.Deploy.0 = Release|Any CPU
		{6C54E0B4-4A4B-4AAB-A98D-2A9C932B38CC}.AppStore|x86.ActiveCfg = Release|Any CPU
		{6C54E0B4-4A4B-4AAB-A98D-2A9C932B38CC}.AppStore|x86.Build.0 = Release|Any CPU
		{6C54E0B4-4A4B-4AAB-A98D-2A9C932B38CC}.AppStore|x86.Deploy.0 = Release|Any CPU
		{6C54E0B4-4A4B-4AAB-A98D-2A9C932B38CC}.Debug|Any CPU.ActiveCfg = Debug|Any CPU
		{6C54E0B4-4A4B-4AAB-A98D-2A9C932B38CC}.Debug|Any CPU.Build.0 = Debug|Any CPU
		{6C54E0B4-4A4B-4AAB-A98D-2A9C932B38CC}.Debug|Any CPU.Deploy.0 = Debug|Any CPU
		{6C54E0B4-4A4B-4AAB-A98D-2A9C932B38CC}.Debug|ARM.ActiveCfg = Debug|Any CPU
		{6C54E0B4-4A4B-4AAB-A98D-2A9C932B38CC}.Debug|ARM.Build.0 = Debug|Any CPU
		{6C54E0B4-4A4B-4AAB-A98D-2A9C932B38CC}.Debug|ARM.Deploy.0 = Debug|Any CPU
		{6C54E0B4-4A4B-4AAB-A98D-2A9C932B38CC}.Debug|iPhone.ActiveCfg = Debug|Any CPU
		{6C54E0B4-4A4B-4AAB-A98D-2A9C932B38CC}.Debug|iPhone.Build.0 = Debug|Any CPU
		{6C54E0B4-4A4B-4AAB-A98D-2A9C932B38CC}.Debug|iPhone.Deploy.0 = Debug|Any CPU
		{6C54E0B4-4A4B-4AAB-A98D-2A9C932B38CC}.Debug|iPhoneSimulator.ActiveCfg = Debug|Any CPU
		{6C54E0B4-4A4B-4AAB-A98D-2A9C932B38CC}.Debug|iPhoneSimulator.Build.0 = Debug|Any CPU
		{6C54E0B4-4A4B-4AAB-A98D-2A9C932B38CC}.Debug|iPhoneSimulator.Deploy.0 = Debug|Any CPU
		{6C54E0B4-4A4B-4AAB-A98D-2A9C932B38CC}.Debug|x64.ActiveCfg = Debug|Any CPU
		{6C54E0B4-4A4B-4AAB-A98D-2A9C932B38CC}.Debug|x64.Build.0 = Debug|Any CPU
		{6C54E0B4-4A4B-4AAB-A98D-2A9C932B38CC}.Debug|x64.Deploy.0 = Debug|Any CPU
		{6C54E0B4-4A4B-4AAB-A98D-2A9C932B38CC}.Debug|x86.ActiveCfg = Debug|Any CPU
		{6C54E0B4-4A4B-4AAB-A98D-2A9C932B38CC}.Debug|x86.Build.0 = Debug|Any CPU
		{6C54E0B4-4A4B-4AAB-A98D-2A9C932B38CC}.Debug|x86.Deploy.0 = Debug|Any CPU
		{6C54E0B4-4A4B-4AAB-A98D-2A9C932B38CC}.Release|Any CPU.ActiveCfg = Release|Any CPU
		{6C54E0B4-4A4B-4AAB-A98D-2A9C932B38CC}.Release|Any CPU.Build.0 = Release|Any CPU
		{6C54E0B4-4A4B-4AAB-A98D-2A9C932B38CC}.Release|Any CPU.Deploy.0 = Release|Any CPU
		{6C54E0B4-4A4B-4AAB-A98D-2A9C932B38CC}.Release|ARM.ActiveCfg = Release|Any CPU
		{6C54E0B4-4A4B-4AAB-A98D-2A9C932B38CC}.Release|ARM.Build.0 = Release|Any CPU
		{6C54E0B4-4A4B-4AAB-A98D-2A9C932B38CC}.Release|ARM.Deploy.0 = Release|Any CPU
		{6C54E0B4-4A4B-4AAB-A98D-2A9C932B38CC}.Release|iPhone.ActiveCfg = Release|Any CPU
		{6C54E0B4-4A4B-4AAB-A98D-2A9C932B38CC}.Release|iPhone.Build.0 = Release|Any CPU
		{6C54E0B4-4A4B-4AAB-A98D-2A9C932B38CC}.Release|iPhone.Deploy.0 = Release|Any CPU
		{6C54E0B4-4A4B-4AAB-A98D-2A9C932B38CC}.Release|iPhoneSimulator.ActiveCfg = Release|Any CPU
		{6C54E0B4-4A4B-4AAB-A98D-2A9C932B38CC}.Release|iPhoneSimulator.Build.0 = Release|Any CPU
		{6C54E0B4-4A4B-4AAB-A98D-2A9C932B38CC}.Release|iPhoneSimulator.Deploy.0 = Release|Any CPU
		{6C54E0B4-4A4B-4AAB-A98D-2A9C932B38CC}.Release|x64.ActiveCfg = Release|Any CPU
		{6C54E0B4-4A4B-4AAB-A98D-2A9C932B38CC}.Release|x64.Build.0 = Release|Any CPU
		{6C54E0B4-4A4B-4AAB-A98D-2A9C932B38CC}.Release|x64.Deploy.0 = Release|Any CPU
		{6C54E0B4-4A4B-4AAB-A98D-2A9C932B38CC}.Release|x86.ActiveCfg = Release|Any CPU
		{6C54E0B4-4A4B-4AAB-A98D-2A9C932B38CC}.Release|x86.Build.0 = Release|Any CPU
		{6C54E0B4-4A4B-4AAB-A98D-2A9C932B38CC}.Release|x86.Deploy.0 = Release|Any CPU
		{8D5994DF-F268-43F4-9391-DA4B10DC12E9}.Ad-Hoc|Any CPU.ActiveCfg = Ad-Hoc|iPhone
		{8D5994DF-F268-43F4-9391-DA4B10DC12E9}.Ad-Hoc|ARM.ActiveCfg = Ad-Hoc|iPhone
		{8D5994DF-F268-43F4-9391-DA4B10DC12E9}.Ad-Hoc|iPhone.ActiveCfg = Ad-Hoc|iPhone
		{8D5994DF-F268-43F4-9391-DA4B10DC12E9}.Ad-Hoc|iPhone.Build.0 = Ad-Hoc|iPhone
		{8D5994DF-F268-43F4-9391-DA4B10DC12E9}.Ad-Hoc|iPhoneSimulator.ActiveCfg = Ad-Hoc|iPhoneSimulator
		{8D5994DF-F268-43F4-9391-DA4B10DC12E9}.Ad-Hoc|iPhoneSimulator.Build.0 = Ad-Hoc|iPhoneSimulator
		{8D5994DF-F268-43F4-9391-DA4B10DC12E9}.Ad-Hoc|x64.ActiveCfg = Ad-Hoc|iPhone
		{8D5994DF-F268-43F4-9391-DA4B10DC12E9}.Ad-Hoc|x86.ActiveCfg = Ad-Hoc|iPhone
		{8D5994DF-F268-43F4-9391-DA4B10DC12E9}.AppStore|Any CPU.ActiveCfg = AppStore|iPhone
		{8D5994DF-F268-43F4-9391-DA4B10DC12E9}.AppStore|ARM.ActiveCfg = AppStore|iPhone
		{8D5994DF-F268-43F4-9391-DA4B10DC12E9}.AppStore|iPhone.ActiveCfg = AppStore|iPhone
		{8D5994DF-F268-43F4-9391-DA4B10DC12E9}.AppStore|iPhone.Build.0 = AppStore|iPhone
		{8D5994DF-F268-43F4-9391-DA4B10DC12E9}.AppStore|iPhoneSimulator.ActiveCfg = AppStore|iPhoneSimulator
		{8D5994DF-F268-43F4-9391-DA4B10DC12E9}.AppStore|iPhoneSimulator.Build.0 = AppStore|iPhoneSimulator
		{8D5994DF-F268-43F4-9391-DA4B10DC12E9}.AppStore|x64.ActiveCfg = AppStore|iPhone
		{8D5994DF-F268-43F4-9391-DA4B10DC12E9}.AppStore|x86.ActiveCfg = AppStore|iPhone
		{8D5994DF-F268-43F4-9391-DA4B10DC12E9}.Debug|Any CPU.ActiveCfg = Debug|iPhone
		{8D5994DF-F268-43F4-9391-DA4B10DC12E9}.Debug|ARM.ActiveCfg = Debug|iPhone
		{8D5994DF-F268-43F4-9391-DA4B10DC12E9}.Debug|iPhone.ActiveCfg = Debug|iPhone
		{8D5994DF-F268-43F4-9391-DA4B10DC12E9}.Debug|iPhone.Build.0 = Debug|iPhone
		{8D5994DF-F268-43F4-9391-DA4B10DC12E9}.Debug|iPhoneSimulator.ActiveCfg = Debug|iPhoneSimulator
		{8D5994DF-F268-43F4-9391-DA4B10DC12E9}.Debug|iPhoneSimulator.Build.0 = Debug|iPhoneSimulator
		{8D5994DF-F268-43F4-9391-DA4B10DC12E9}.Debug|x64.ActiveCfg = Debug|iPhone
		{8D5994DF-F268-43F4-9391-DA4B10DC12E9}.Debug|x86.ActiveCfg = Debug|iPhone
		{8D5994DF-F268-43F4-9391-DA4B10DC12E9}.Release|Any CPU.ActiveCfg = Release|iPhone
		{8D5994DF-F268-43F4-9391-DA4B10DC12E9}.Release|ARM.ActiveCfg = Release|iPhone
		{8D5994DF-F268-43F4-9391-DA4B10DC12E9}.Release|iPhone.ActiveCfg = Release|iPhone
		{8D5994DF-F268-43F4-9391-DA4B10DC12E9}.Release|iPhone.Build.0 = Release|iPhone
		{8D5994DF-F268-43F4-9391-DA4B10DC12E9}.Release|iPhoneSimulator.ActiveCfg = Release|iPhoneSimulator
		{8D5994DF-F268-43F4-9391-DA4B10DC12E9}.Release|iPhoneSimulator.Build.0 = Release|iPhoneSimulator
		{8D5994DF-F268-43F4-9391-DA4B10DC12E9}.Release|x64.ActiveCfg = Release|iPhone
		{8D5994DF-F268-43F4-9391-DA4B10DC12E9}.Release|x86.ActiveCfg = Release|iPhone
		{41BEA407-D1E9-4A04-84A6-D43DB0B4208F}.Ad-Hoc|Any CPU.ActiveCfg = Release|x86
		{41BEA407-D1E9-4A04-84A6-D43DB0B4208F}.Ad-Hoc|Any CPU.Build.0 = Release|x86
		{41BEA407-D1E9-4A04-84A6-D43DB0B4208F}.Ad-Hoc|Any CPU.Deploy.0 = Release|x86
		{41BEA407-D1E9-4A04-84A6-D43DB0B4208F}.Ad-Hoc|ARM.ActiveCfg = Release|ARM
		{41BEA407-D1E9-4A04-84A6-D43DB0B4208F}.Ad-Hoc|ARM.Build.0 = Release|ARM
		{41BEA407-D1E9-4A04-84A6-D43DB0B4208F}.Ad-Hoc|ARM.Deploy.0 = Release|ARM
		{41BEA407-D1E9-4A04-84A6-D43DB0B4208F}.Ad-Hoc|iPhone.ActiveCfg = Release|x86
		{41BEA407-D1E9-4A04-84A6-D43DB0B4208F}.Ad-Hoc|iPhone.Build.0 = Release|x86
		{41BEA407-D1E9-4A04-84A6-D43DB0B4208F}.Ad-Hoc|iPhone.Deploy.0 = Release|x86
		{41BEA407-D1E9-4A04-84A6-D43DB0B4208F}.Ad-Hoc|iPhoneSimulator.ActiveCfg = Release|x86
		{41BEA407-D1E9-4A04-84A6-D43DB0B4208F}.Ad-Hoc|iPhoneSimulator.Build.0 = Release|x86
		{41BEA407-D1E9-4A04-84A6-D43DB0B4208F}.Ad-Hoc|iPhoneSimulator.Deploy.0 = Release|x86
		{41BEA407-D1E9-4A04-84A6-D43DB0B4208F}.Ad-Hoc|x64.ActiveCfg = Release|x64
		{41BEA407-D1E9-4A04-84A6-D43DB0B4208F}.Ad-Hoc|x64.Build.0 = Release|x64
		{41BEA407-D1E9-4A04-84A6-D43DB0B4208F}.Ad-Hoc|x64.Deploy.0 = Release|x64
		{41BEA407-D1E9-4A04-84A6-D43DB0B4208F}.Ad-Hoc|x86.ActiveCfg = Release|x86
		{41BEA407-D1E9-4A04-84A6-D43DB0B4208F}.Ad-Hoc|x86.Build.0 = Release|x86
		{41BEA407-D1E9-4A04-84A6-D43DB0B4208F}.Ad-Hoc|x86.Deploy.0 = Release|x86
		{41BEA407-D1E9-4A04-84A6-D43DB0B4208F}.AppStore|Any CPU.ActiveCfg = Release|x86
		{41BEA407-D1E9-4A04-84A6-D43DB0B4208F}.AppStore|Any CPU.Build.0 = Release|x86
		{41BEA407-D1E9-4A04-84A6-D43DB0B4208F}.AppStore|Any CPU.Deploy.0 = Release|x86
		{41BEA407-D1E9-4A04-84A6-D43DB0B4208F}.AppStore|ARM.ActiveCfg = Release|ARM
		{41BEA407-D1E9-4A04-84A6-D43DB0B4208F}.AppStore|ARM.Build.0 = Release|ARM
		{41BEA407-D1E9-4A04-84A6-D43DB0B4208F}.AppStore|ARM.Deploy.0 = Release|ARM
		{41BEA407-D1E9-4A04-84A6-D43DB0B4208F}.AppStore|iPhone.ActiveCfg = Release|x86
		{41BEA407-D1E9-4A04-84A6-D43DB0B4208F}.AppStore|iPhone.Build.0 = Release|x86
		{41BEA407-D1E9-4A04-84A6-D43DB0B4208F}.AppStore|iPhone.Deploy.0 = Release|x86
		{41BEA407-D1E9-4A04-84A6-D43DB0B4208F}.AppStore|iPhoneSimulator.ActiveCfg = Release|x86
		{41BEA407-D1E9-4A04-84A6-D43DB0B4208F}.AppStore|iPhoneSimulator.Build.0 = Release|x86
		{41BEA407-D1E9-4A04-84A6-D43DB0B4208F}.AppStore|iPhoneSimulator.Deploy.0 = Release|x86
		{41BEA407-D1E9-4A04-84A6-D43DB0B4208F}.AppStore|x64.ActiveCfg = Release|x64
		{41BEA407-D1E9-4A04-84A6-D43DB0B4208F}.AppStore|x64.Build.0 = Release|x64
		{41BEA407-D1E9-4A04-84A6-D43DB0B4208F}.AppStore|x64.Deploy.0 = Release|x64
		{41BEA407-D1E9-4A04-84A6-D43DB0B4208F}.AppStore|x86.ActiveCfg = Release|x86
		{41BEA407-D1E9-4A04-84A6-D43DB0B4208F}.AppStore|x86.Build.0 = Release|x86
		{41BEA407-D1E9-4A04-84A6-D43DB0B4208F}.AppStore|x86.Deploy.0 = Release|x86
		{41BEA407-D1E9-4A04-84A6-D43DB0B4208F}.Debug|Any CPU.ActiveCfg = Debug|x86
		{41BEA407-D1E9-4A04-84A6-D43DB0B4208F}.Debug|ARM.ActiveCfg = Debug|ARM
		{41BEA407-D1E9-4A04-84A6-D43DB0B4208F}.Debug|ARM.Build.0 = Debug|ARM
		{41BEA407-D1E9-4A04-84A6-D43DB0B4208F}.Debug|ARM.Deploy.0 = Debug|ARM
		{41BEA407-D1E9-4A04-84A6-D43DB0B4208F}.Debug|iPhone.ActiveCfg = Debug|x86
		{41BEA407-D1E9-4A04-84A6-D43DB0B4208F}.Debug|iPhoneSimulator.ActiveCfg = Debug|x86
		{41BEA407-D1E9-4A04-84A6-D43DB0B4208F}.Debug|x64.ActiveCfg = Debug|x64
		{41BEA407-D1E9-4A04-84A6-D43DB0B4208F}.Debug|x64.Build.0 = Debug|x64
		{41BEA407-D1E9-4A04-84A6-D43DB0B4208F}.Debug|x64.Deploy.0 = Debug|x64
		{41BEA407-D1E9-4A04-84A6-D43DB0B4208F}.Debug|x86.ActiveCfg = Debug|x86
		{41BEA407-D1E9-4A04-84A6-D43DB0B4208F}.Debug|x86.Build.0 = Debug|x86
		{41BEA407-D1E9-4A04-84A6-D43DB0B4208F}.Debug|x86.Deploy.0 = Debug|x86
		{41BEA407-D1E9-4A04-84A6-D43DB0B4208F}.Release|Any CPU.ActiveCfg = Release|x86
		{41BEA407-D1E9-4A04-84A6-D43DB0B4208F}.Release|ARM.ActiveCfg = Release|ARM
		{41BEA407-D1E9-4A04-84A6-D43DB0B4208F}.Release|ARM.Build.0 = Release|ARM
		{41BEA407-D1E9-4A04-84A6-D43DB0B4208F}.Release|ARM.Deploy.0 = Release|ARM
		{41BEA407-D1E9-4A04-84A6-D43DB0B4208F}.Release|iPhone.ActiveCfg = Release|x86
		{41BEA407-D1E9-4A04-84A6-D43DB0B4208F}.Release|iPhoneSimulator.ActiveCfg = Release|x86
		{41BEA407-D1E9-4A04-84A6-D43DB0B4208F}.Release|x64.ActiveCfg = Release|x64
		{41BEA407-D1E9-4A04-84A6-D43DB0B4208F}.Release|x64.Build.0 = Release|x64
		{41BEA407-D1E9-4A04-84A6-D43DB0B4208F}.Release|x64.Deploy.0 = Release|x64
		{41BEA407-D1E9-4A04-84A6-D43DB0B4208F}.Release|x86.ActiveCfg = Release|x86
		{41BEA407-D1E9-4A04-84A6-D43DB0B4208F}.Release|x86.Build.0 = Release|x86
		{41BEA407-D1E9-4A04-84A6-D43DB0B4208F}.Release|x86.Deploy.0 = Release|x86
	EndGlobalSection
	GlobalSection(SolutionProperties) = preSolution
		HideSolutionNode = FALSE
	EndGlobalSection
	GlobalSection(ExtensibilityGlobals) = postSolution
		SolutionGuid = {F51D5886-5346-4D17-B69B-D9E3E602EC3A}
	EndGlobalSection
EndGlobal
