
Microsoft Visual Studio Solution File, Format Version 12.00
# Visual Studio 15
VisualStudioVersion = 15.0.26430.13
MinimumVisualStudioVersion = 10.0.40219.1
Project("{FAE04EC0-301F-11D3-BF4B-00C04F79EFBC}") = "FinalProjectWeek2.Android", "FinalProjectWeek2\FinalProjectWeek2.Android\FinalProjectWeek2.Android.csproj", "{982DBD2F-D685-4E75-8893-629FF302032F}"
EndProject
Project("{FAE04EC0-301F-11D3-BF4B-00C04F79EFBC}") = "FinalProjectWeek2", "FinalProjectWeek2\FinalProjectWeek2\FinalProjectWeek2.csproj", "{AE73A700-74F8-4E07-8C4F-05BE3BB248CD}"
EndProject
Project("{FAE04EC0-301F-11D3-BF4B-00C04F79EFBC}") = "FinalProjectWeek2.UWP", "FinalProjectWeek2\FinalProjectWeek2.UWP\FinalProjectWeek2.UWP.csproj", "{188A68CA-6441-41DA-AD34-C7CE17A332A2}"
EndProject
Project("{FAE04EC0-301F-11D3-BF4B-00C04F79EFBC}") = "FinalProjectWeek2.iOS", "FinalProjectWeek2\FinalProjectWeek2.iOS\FinalProjectWeek2.iOS.csproj", "{8AD41E6D-D200-40A6-AA4D-F1DBE34189D7}"
EndProject
Global
	GlobalSection(SolutionConfigurationPlatforms) = preSolution
		Ad-Hoc|Any CPU = Ad-Hoc|Any CPU
		Ad-Hoc|ARM = Ad-Hoc|ARM
		Ad-Hoc|iPhone = Ad-Hoc|iPhone
		Ad-Hoc|iPhoneSimulator = Ad-Hoc|iPhoneSimulator
		Ad-Hoc|x64 = Ad-Hoc|x64
		Ad-Hoc|x86 = Ad-Hoc|x86
		AppStore|Any CPU = AppStore|Any CPU
		AppStore|ARM = AppStore|ARM
		AppStore|iPhone = AppStore|iPhone
		AppStore|iPhoneSimulator = AppStore|iPhoneSimulator
		AppStore|x64 = AppStore|x64
		AppStore|x86 = AppStore|x86
		Debug|Any CPU = Debug|Any CPU
		Debug|ARM = Debug|ARM
		Debug|iPhone = Debug|iPhone
		Debug|iPhoneSimulator = Debug|iPhoneSimulator
		Debug|x64 = Debug|x64
		Debug|x86 = Debug|x86
		Release|Any CPU = Release|Any CPU
		Release|ARM = Release|ARM
		Release|iPhone = Release|iPhone
		Release|iPhoneSimulator = Release|iPhoneSimulator
		Release|x64 = Release|x64
		Release|x86 = Release|x86
	EndGlobalSection
	GlobalSection(ProjectConfigurationPlatforms) = postSolution
		{982DBD2F-D685-4E75-8893-629FF302032F}.Ad-Hoc|Any CPU.ActiveCfg = Release|Any CPU
		{982DBD2F-D685-4E75-8893-629FF302032F}.Ad-Hoc|Any CPU.Build.0 = Release|Any CPU
		{982DBD2F-D685-4E75-8893-629FF302032F}.Ad-Hoc|Any CPU.Deploy.0 = Release|Any CPU
		{982DBD2F-D685-4E75-8893-629FF302032F}.Ad-Hoc|ARM.ActiveCfg = Release|Any CPU
		{982DBD2F-D685-4E75-8893-629FF302032F}.Ad-Hoc|ARM.Build.0 = Release|Any CPU
		{982DBD2F-D685-4E75-8893-629FF302032F}.Ad-Hoc|ARM.Deploy.0 = Release|Any CPU
		{982DBD2F-D685-4E75-8893-629FF302032F}.Ad-Hoc|iPhone.ActiveCfg = Release|Any CPU
		{982DBD2F-D685-4E75-8893-629FF302032F}.Ad-Hoc|iPhone.Build.0 = Release|Any CPU
		{982DBD2F-D685-4E75-8893-629FF302032F}.Ad-Hoc|iPhone.Deploy.0 = Release|Any CPU
		{982DBD2F-D685-4E75-8893-629FF302032F}.Ad-Hoc|iPhoneSimulator.ActiveCfg = Release|Any CPU
		{982DBD2F-D685-4E75-8893-629FF302032F}.Ad-Hoc|iPhoneSimulator.Build.0 = Release|Any CPU
		{982DBD2F-D685-4E75-8893-629FF302032F}.Ad-Hoc|iPhoneSimulator.Deploy.0 = Release|Any CPU
		{982DBD2F-D685-4E75-8893-629FF302032F}.Ad-Hoc|x64.ActiveCfg = Release|Any CPU
		{982DBD2F-D685-4E75-8893-629FF302032F}.Ad-Hoc|x64.Build.0 = Release|Any CPU
		{982DBD2F-D685-4E75-8893-629FF302032F}.Ad-Hoc|x64.Deploy.0 = Release|Any CPU
		{982DBD2F-D685-4E75-8893-629FF302032F}.Ad-Hoc|x86.ActiveCfg = Release|Any CPU
		{982DBD2F-D685-4E75-8893-629FF302032F}.Ad-Hoc|x86.Build.0 = Release|Any CPU
		{982DBD2F-D685-4E75-8893-629FF302032F}.Ad-Hoc|x86.Deploy.0 = Release|Any CPU
		{982DBD2F-D685-4E75-8893-629FF302032F}.AppStore|Any CPU.ActiveCfg = Release|Any CPU
		{982DBD2F-D685-4E75-8893-629FF302032F}.AppStore|Any CPU.Build.0 = Release|Any CPU
		{982DBD2F-D685-4E75-8893-629FF302032F}.AppStore|Any CPU.Deploy.0 = Release|Any CPU
		{982DBD2F-D685-4E75-8893-629FF302032F}.AppStore|ARM.ActiveCfg = Release|Any CPU
		{982DBD2F-D685-4E75-8893-629FF302032F}.AppStore|ARM.Build.0 = Release|Any CPU
		{982DBD2F-D685-4E75-8893-629FF302032F}.AppStore|ARM.Deploy.0 = Release|Any CPU
		{982DBD2F-D685-4E75-8893-629FF302032F}.AppStore|iPhone.ActiveCfg = Release|Any CPU
		{982DBD2F-D685-4E75-8893-629FF302032F}.AppStore|iPhone.Build.0 = Release|Any CPU
		{982DBD2F-D685-4E75-8893-629FF302032F}.AppStore|iPhone.Deploy.0 = Release|Any CPU
		{982DBD2F-D685-4E75-8893-629FF302032F}.AppStore|iPhoneSimulator.ActiveCfg = Release|Any CPU
		{982DBD2F-D685-4E75-8893-629FF302032F}.AppStore|iPhoneSimulator.Build.0 = Release|Any CPU
		{982DBD2F-D685-4E75-8893-629FF302032F}.AppStore|iPhoneSimulator.Deploy.0 = Release|Any CPU
		{982DBD2F-D685-4E75-8893-629FF302032F}.AppStore|x64.ActiveCfg = Release|Any CPU
		{982DBD2F-D685-4E75-8893-629FF302032F}.AppStore|x64.Build.0 = Release|Any CPU
		{982DBD2F-D685-4E75-8893-629FF302032F}.AppStore|x64.Deploy.0 = Release|Any CPU
		{982DBD2F-D685-4E75-8893-629FF302032F}.AppStore|x86.ActiveCfg = Release|Any CPU
		{982DBD2F-D685-4E75-8893-629FF302032F}.AppStore|x86.Build.0 = Release|Any CPU
		{982DBD2F-D685-4E75-8893-629FF302032F}.AppStore|x86.Deploy.0 = Release|Any CPU
		{982DBD2F-D685-4E75-8893-629FF302032F}.Debug|Any CPU.ActiveCfg = Debug|Any CPU
		{982DBD2F-D685-4E75-8893-629FF302032F}.Debug|Any CPU.Build.0 = Debug|Any CPU
		{982DBD2F-D685-4E75-8893-629FF302032F}.Debug|Any CPU.Deploy.0 = Debug|Any CPU
		{982DBD2F-D685-4E75-8893-629FF302032F}.Debug|ARM.ActiveCfg = Debug|Any CPU
		{982DBD2F-D685-4E75-8893-629FF302032F}.Debug|ARM.Build.0 = Debug|Any CPU
		{982DBD2F-D685-4E75-8893-629FF302032F}.Debug|ARM.Deploy.0 = Debug|Any CPU
		{982DBD2F-D685-4E75-8893-629FF302032F}.Debug|iPhone.ActiveCfg = Debug|Any CPU
		{982DBD2F-D685-4E75-8893-629FF302032F}.Debug|iPhone.Build.0 = Debug|Any CPU
		{982DBD2F-D685-4E75-8893-629FF302032F}.Debug|iPhone.Deploy.0 = Debug|Any CPU
		{982DBD2F-D685-4E75-8893-629FF302032F}.Debug|iPhoneSimulator.ActiveCfg = Debug|Any CPU
		{982DBD2F-D685-4E75-8893-629FF302032F}.Debug|iPhoneSimulator.Build.0 = Debug|Any CPU
		{982DBD2F-D685-4E75-8893-629FF302032F}.Debug|iPhoneSimulator.Deploy.0 = Debug|Any CPU
		{982DBD2F-D685-4E75-8893-629FF302032F}.Debug|x64.ActiveCfg = Debug|Any CPU
		{982DBD2F-D685-4E75-8893-629FF302032F}.Debug|x64.Build.0 = Debug|Any CPU
		{982DBD2F-D685-4E75-8893-629FF302032F}.Debug|x64.Deploy.0 = Debug|Any CPU
		{982DBD2F-D685-4E75-8893-629FF302032F}.Debug|x86.ActiveCfg = Debug|Any CPU
		{982DBD2F-D685-4E75-8893-629FF302032F}.Debug|x86.Build.0 = Debug|Any CPU
		{982DBD2F-D685-4E75-8893-629FF302032F}.Debug|x86.Deploy.0 = Debug|Any CPU
		{982DBD2F-D685-4E75-8893-629FF302032F}.Release|Any CPU.ActiveCfg = Release|Any CPU
		{982DBD2F-D685-4E75-8893-629FF302032F}.Release|Any CPU.Build.0 = Release|Any CPU
		{982DBD2F-D685-4E75-8893-629FF302032F}.Release|Any CPU.Deploy.0 = Release|Any CPU
		{982DBD2F-D685-4E75-8893-629FF302032F}.Release|ARM.ActiveCfg = Release|Any CPU
		{982DBD2F-D685-4E75-8893-629FF302032F}.Release|ARM.Build.0 = Release|Any CPU
		{982DBD2F-D685-4E75-8893-629FF302032F}.Release|ARM.Deploy.0 = Release|Any CPU
		{982DBD2F-D685-4E75-8893-629FF302032F}.Release|iPhone.ActiveCfg = Release|Any CPU
		{982DBD2F-D685-4E75-8893-629FF302032F}.Release|iPhone.Build.0 = Release|Any CPU
		{982DBD2F-D685-4E75-8893-629FF302032F}.Release|iPhone.Deploy.0 = Release|Any CPU
		{982DBD2F-D685-4E75-8893-629FF302032F}.Release|iPhoneSimulator.ActiveCfg = Release|Any CPU
		{982DBD2F-D685-4E75-8893-629FF302032F}.Release|iPhoneSimulator.Build.0 = Release|Any CPU
		{982DBD2F-D685-4E75-8893-629FF302032F}.Release|iPhoneSimulator.Deploy.0 = Release|Any CPU
		{982DBD2F-D685-4E75-8893-629FF302032F}.Release|x64.ActiveCfg = Release|Any CPU
		{982DBD2F-D685-4E75-8893-629FF302032F}.Release|x64.Build.0 = Release|Any CPU
		{982DBD2F-D685-4E75-8893-629FF302032F}.Release|x64.Deploy.0 = Release|Any CPU
		{982DBD2F-D685-4E75-8893-629FF302032F}.Release|x86.ActiveCfg = Release|Any CPU
		{982DBD2F-D685-4E75-8893-629FF302032F}.Release|x86.Build.0 = Release|Any CPU
		{982DBD2F-D685-4E75-8893-629FF302032F}.Release|x86.Deploy.0 = Release|Any CPU
		{AE73A700-74F8-4E07-8C4F-05BE3BB248CD}.Ad-Hoc|Any CPU.ActiveCfg = Release|Any CPU
		{AE73A700-74F8-4E07-8C4F-05BE3BB248CD}.Ad-Hoc|Any CPU.Build.0 = Release|Any CPU
		{AE73A700-74F8-4E07-8C4F-05BE3BB248CD}.Ad-Hoc|ARM.ActiveCfg = Release|Any CPU
		{AE73A700-74F8-4E07-8C4F-05BE3BB248CD}.Ad-Hoc|ARM.Build.0 = Release|Any CPU
		{AE73A700-74F8-4E07-8C4F-05BE3BB248CD}.Ad-Hoc|iPhone.ActiveCfg = Release|Any CPU
		{AE73A700-74F8-4E07-8C4F-05BE3BB248CD}.Ad-Hoc|iPhone.Build.0 = Release|Any CPU
		{AE73A700-74F8-4E07-8C4F-05BE3BB248CD}.Ad-Hoc|iPhoneSimulator.ActiveCfg = Release|Any CPU
		{AE73A700-74F8-4E07-8C4F-05BE3BB248CD}.Ad-Hoc|iPhoneSimulator.Build.0 = Release|Any CPU
		{AE73A700-74F8-4E07-8C4F-05BE3BB248CD}.Ad-Hoc|x64.ActiveCfg = Release|Any CPU
		{AE73A700-74F8-4E07-8C4F-05BE3BB248CD}.Ad-Hoc|x64.Build.0 = Release|Any CPU
		{AE73A700-74F8-4E07-8C4F-05BE3BB248CD}.Ad-Hoc|x86.ActiveCfg = Release|Any CPU
		{AE73A700-74F8-4E07-8C4F-05BE3BB248CD}.Ad-Hoc|x86.Build.0 = Release|Any CPU
		{AE73A700-74F8-4E07-8C4F-05BE3BB248CD}.AppStore|Any CPU.ActiveCfg = Release|Any CPU
		{AE73A700-74F8-4E07-8C4F-05BE3BB248CD}.AppStore|Any CPU.Build.0 = Release|Any CPU
		{AE73A700-74F8-4E07-8C4F-05BE3BB248CD}.AppStore|ARM.ActiveCfg = Release|Any CPU
		{AE73A700-74F8-4E07-8C4F-05BE3BB248CD}.AppStore|ARM.Build.0 = Release|Any CPU
		{AE73A700-74F8-4E07-8C4F-05BE3BB248CD}.AppStore|iPhone.ActiveCfg = Release|Any CPU
		{AE73A700-74F8-4E07-8C4F-05BE3BB248CD}.AppStore|iPhone.Build.0 = Release|Any CPU
		{AE73A700-74F8-4E07-8C4F-05BE3BB248CD}.AppStore|iPhoneSimulator.ActiveCfg = Release|Any CPU
		{AE73A700-74F8-4E07-8C4F-05BE3BB248CD}.AppStore|iPhoneSimulator.Build.0 = Release|Any CPU
		{AE73A700-74F8-4E07-8C4F-05BE3BB248CD}.AppStore|x64.ActiveCfg = Release|Any CPU
		{AE73A700-74F8-4E07-8C4F-05BE3BB248CD}.AppStore|x64.Build.0 = Release|Any CPU
		{AE73A700-74F8-4E07-8C4F-05BE3BB248CD}.AppStore|x86.ActiveCfg = Release|Any CPU
		{AE73A700-74F8-4E07-8C4F-05BE3BB248CD}.AppStore|x86.Build.0 = Release|Any CPU
		{AE73A700-74F8-4E07-8C4F-05BE3BB248CD}.Debug|Any CPU.ActiveCfg = Debug|Any CPU
		{AE73A700-74F8-4E07-8C4F-05BE3BB248CD}.Debug|Any CPU.Build.0 = Debug|Any CPU
		{AE73A700-74F8-4E07-8C4F-05BE3BB248CD}.Debug|ARM.ActiveCfg = Debug|Any CPU
		{AE73A700-74F8-4E07-8C4F-05BE3BB248CD}.Debug|ARM.Build.0 = Debug|Any CPU
		{AE73A700-74F8-4E07-8C4F-05BE3BB248CD}.Debug|iPhone.ActiveCfg = Debug|Any CPU
		{AE73A700-74F8-4E07-8C4F-05BE3BB248CD}.Debug|iPhone.Build.0 = Debug|Any CPU
		{AE73A700-74F8-4E07-8C4F-05BE3BB248CD}.Debug|iPhoneSimulator.ActiveCfg = Debug|Any CPU
		{AE73A700-74F8-4E07-8C4F-05BE3BB248CD}.Debug|iPhoneSimulator.Build.0 = Debug|Any CPU
		{AE73A700-74F8-4E07-8C4F-05BE3BB248CD}.Debug|x64.ActiveCfg = Debug|Any CPU
		{AE73A700-74F8-4E07-8C4F-05BE3BB248CD}.Debug|x64.Build.0 = Debug|Any CPU
		{AE73A700-74F8-4E07-8C4F-05BE3BB248CD}.Debug|x86.ActiveCfg = Debug|Any CPU
		{AE73A700-74F8-4E07-8C4F-05BE3BB248CD}.Debug|x86.Build.0 = Debug|Any CPU
		{AE73A700-74F8-4E07-8C4F-05BE3BB248CD}.Release|Any CPU.ActiveCfg = Release|Any CPU
		{AE73A700-74F8-4E07-8C4F-05BE3BB248CD}.Release|Any CPU.Build.0 = Release|Any CPU
		{AE73A700-74F8-4E07-8C4F-05BE3BB248CD}.Release|ARM.ActiveCfg = Release|Any CPU
		{AE73A700-74F8-4E07-8C4F-05BE3BB248CD}.Release|ARM.Build.0 = Release|Any CPU
		{AE73A700-74F8-4E07-8C4F-05BE3BB248CD}.Release|iPhone.ActiveCfg = Release|Any CPU
		{AE73A700-74F8-4E07-8C4F-05BE3BB248CD}.Release|iPhone.Build.0 = Release|Any CPU
		{AE73A700-74F8-4E07-8C4F-05BE3BB248CD}.Release|iPhoneSimulator.ActiveCfg = Release|Any CPU
		{AE73A700-74F8-4E07-8C4F-05BE3BB248CD}.Release|iPhoneSimulator.Build.0 = Release|Any CPU
		{AE73A700-74F8-4E07-8C4F-05BE3BB248CD}.Release|x64.ActiveCfg = Release|Any CPU
		{AE73A700-74F8-4E07-8C4F-05BE3BB248CD}.Release|x64.Build.0 = Release|Any CPU
		{AE73A700-74F8-4E07-8C4F-05BE3BB248CD}.Release|x86.ActiveCfg = Release|Any CPU
		{AE73A700-74F8-4E07-8C4F-05BE3BB248CD}.Release|x86.Build.0 = Release|Any CPU
		{188A68CA-6441-41DA-AD34-C7CE17A332A2}.Ad-Hoc|Any CPU.ActiveCfg = Release|x86
		{188A68CA-6441-41DA-AD34-C7CE17A332A2}.Ad-Hoc|Any CPU.Build.0 = Release|x86
		{188A68CA-6441-41DA-AD34-C7CE17A332A2}.Ad-Hoc|Any CPU.Deploy.0 = Release|x86
		{188A68CA-6441-41DA-AD34-C7CE17A332A2}.Ad-Hoc|ARM.ActiveCfg = Release|ARM
		{188A68CA-6441-41DA-AD34-C7CE17A332A2}.Ad-Hoc|ARM.Build.0 = Release|ARM
		{188A68CA-6441-41DA-AD34-C7CE17A332A2}.Ad-Hoc|ARM.Deploy.0 = Release|ARM
		{188A68CA-6441-41DA-AD34-C7CE17A332A2}.Ad-Hoc|iPhone.ActiveCfg = Release|x86
		{188A68CA-6441-41DA-AD34-C7CE17A332A2}.Ad-Hoc|iPhone.Build.0 = Release|x86
		{188A68CA-6441-41DA-AD34-C7CE17A332A2}.Ad-Hoc|iPhone.Deploy.0 = Release|x86
		{188A68CA-6441-41DA-AD34-C7CE17A332A2}.Ad-Hoc|iPhoneSimulator.ActiveCfg = Release|x86
		{188A68CA-6441-41DA-AD34-C7CE17A332A2}.Ad-Hoc|iPhoneSimulator.Build.0 = Release|x86
		{188A68CA-6441-41DA-AD34-C7CE17A332A2}.Ad-Hoc|iPhoneSimulator.Deploy.0 = Release|x86
		{188A68CA-6441-41DA-AD34-C7CE17A332A2}.Ad-Hoc|x64.ActiveCfg = Release|x64
		{188A68CA-6441-41DA-AD34-C7CE17A332A2}.Ad-Hoc|x64.Build.0 = Release|x64
		{188A68CA-6441-41DA-AD34-C7CE17A332A2}.Ad-Hoc|x64.Deploy.0 = Release|x64
		{188A68CA-6441-41DA-AD34-C7CE17A332A2}.Ad-Hoc|x86.ActiveCfg = Release|x86
		{188A68CA-6441-41DA-AD34-C7CE17A332A2}.Ad-Hoc|x86.Build.0 = Release|x86
		{188A68CA-6441-41DA-AD34-C7CE17A332A2}.Ad-Hoc|x86.Deploy.0 = Release|x86
		{188A68CA-6441-41DA-AD34-C7CE17A332A2}.AppStore|Any CPU.ActiveCfg = Release|x86
		{188A68CA-6441-41DA-AD34-C7CE17A332A2}.AppStore|Any CPU.Build.0 = Release|x86
		{188A68CA-6441-41DA-AD34-C7CE17A332A2}.AppStore|Any CPU.Deploy.0 = Release|x86
		{188A68CA-6441-41DA-AD34-C7CE17A332A2}.AppStore|ARM.ActiveCfg = Release|ARM
		{188A68CA-6441-41DA-AD34-C7CE17A332A2}.AppStore|ARM.Build.0 = Release|ARM
		{188A68CA-6441-41DA-AD34-C7CE17A332A2}.AppStore|ARM.Deploy.0 = Release|ARM
		{188A68CA-6441-41DA-AD34-C7CE17A332A2}.AppStore|iPhone.ActiveCfg = Release|x86
		{188A68CA-6441-41DA-AD34-C7CE17A332A2}.AppStore|iPhone.Build.0 = Release|x86
		{188A68CA-6441-41DA-AD34-C7CE17A332A2}.AppStore|iPhone.Deploy.0 = Release|x86
		{188A68CA-6441-41DA-AD34-C7CE17A332A2}.AppStore|iPhoneSimulator.ActiveCfg = Release|x86
		{188A68CA-6441-41DA-AD34-C7CE17A332A2}.AppStore|iPhoneSimulator.Build.0 = Release|x86
		{188A68CA-6441-41DA-AD34-C7CE17A332A2}.AppStore|iPhoneSimulator.Deploy.0 = Release|x86
		{188A68CA-6441-41DA-AD34-C7CE17A332A2}.AppStore|x64.ActiveCfg = Release|x64
		{188A68CA-6441-41DA-AD34-C7CE17A332A2}.AppStore|x64.Build.0 = Release|x64
		{188A68CA-6441-41DA-AD34-C7CE17A332A2}.AppStore|x64.Deploy.0 = Release|x64
		{188A68CA-6441-41DA-AD34-C7CE17A332A2}.AppStore|x86.ActiveCfg = Release|x86
		{188A68CA-6441-41DA-AD34-C7CE17A332A2}.AppStore|x86.Build.0 = Release|x86
		{188A68CA-6441-41DA-AD34-C7CE17A332A2}.AppStore|x86.Deploy.0 = Release|x86
		{188A68CA-6441-41DA-AD34-C7CE17A332A2}.Debug|Any CPU.ActiveCfg = Debug|x86
		{188A68CA-6441-41DA-AD34-C7CE17A332A2}.Debug|ARM.ActiveCfg = Debug|ARM
		{188A68CA-6441-41DA-AD34-C7CE17A332A2}.Debug|ARM.Build.0 = Debug|ARM
		{188A68CA-6441-41DA-AD34-C7CE17A332A2}.Debug|ARM.Deploy.0 = Debug|ARM
		{188A68CA-6441-41DA-AD34-C7CE17A332A2}.Debug|iPhone.ActiveCfg = Debug|x86
		{188A68CA-6441-41DA-AD34-C7CE17A332A2}.Debug|iPhoneSimulator.ActiveCfg = Debug|x86
		{188A68CA-6441-41DA-AD34-C7CE17A332A2}.Debug|x64.ActiveCfg = Debug|x64
		{188A68CA-6441-41DA-AD34-C7CE17A332A2}.Debug|x64.Build.0 = Debug|x64
		{188A68CA-6441-41DA-AD34-C7CE17A332A2}.Debug|x64.Deploy.0 = Debug|x64
		{188A68CA-6441-41DA-AD34-C7CE17A332A2}.Debug|x86.ActiveCfg = Debug|x86
		{188A68CA-6441-41DA-AD34-C7CE17A332A2}.Debug|x86.Build.0 = Debug|x86
		{188A68CA-6441-41DA-AD34-C7CE17A332A2}.Debug|x86.Deploy.0 = Debug|x86
		{188A68CA-6441-41DA-AD34-C7CE17A332A2}.Release|Any CPU.ActiveCfg = Release|x86
		{188A68CA-6441-41DA-AD34-C7CE17A332A2}.Release|ARM.ActiveCfg = Release|ARM
		{188A68CA-6441-41DA-AD34-C7CE17A332A2}.Release|ARM.Build.0 = Release|ARM
		{188A68CA-6441-41DA-AD34-C7CE17A332A2}.Release|ARM.Deploy.0 = Release|ARM
		{188A68CA-6441-41DA-AD34-C7CE17A332A2}.Release|iPhone.ActiveCfg = Release|x86
		{188A68CA-6441-41DA-AD34-C7CE17A332A2}.Release|iPhoneSimulator.ActiveCfg = Release|x86
		{188A68CA-6441-41DA-AD34-C7CE17A332A2}.Release|x64.ActiveCfg = Release|x64
		{188A68CA-6441-41DA-AD34-C7CE17A332A2}.Release|x64.Build.0 = Release|x64
		{188A68CA-6441-41DA-AD34-C7CE17A332A2}.Release|x64.Deploy.0 = Release|x64
		{188A68CA-6441-41DA-AD34-C7CE17A332A2}.Release|x86.ActiveCfg = Release|x86
		{188A68CA-6441-41DA-AD34-C7CE17A332A2}.Release|x86.Build.0 = Release|x86
		{188A68CA-6441-41DA-AD34-C7CE17A332A2}.Release|x86.Deploy.0 = Release|x86
		{8AD41E6D-D200-40A6-AA4D-F1DBE34189D7}.Ad-Hoc|Any CPU.ActiveCfg = Ad-Hoc|iPhone
		{8AD41E6D-D200-40A6-AA4D-F1DBE34189D7}.Ad-Hoc|ARM.ActiveCfg = Ad-Hoc|iPhone
		{8AD41E6D-D200-40A6-AA4D-F1DBE34189D7}.Ad-Hoc|iPhone.ActiveCfg = Ad-Hoc|iPhone
		{8AD41E6D-D200-40A6-AA4D-F1DBE34189D7}.Ad-Hoc|iPhone.Build.0 = Ad-Hoc|iPhone
		{8AD41E6D-D200-40A6-AA4D-F1DBE34189D7}.Ad-Hoc|iPhoneSimulator.ActiveCfg = Ad-Hoc|iPhoneSimulator
		{8AD41E6D-D200-40A6-AA4D-F1DBE34189D7}.Ad-Hoc|iPhoneSimulator.Build.0 = Ad-Hoc|iPhoneSimulator
		{8AD41E6D-D200-40A6-AA4D-F1DBE34189D7}.Ad-Hoc|x64.ActiveCfg = Ad-Hoc|iPhone
		{8AD41E6D-D200-40A6-AA4D-F1DBE34189D7}.Ad-Hoc|x86.ActiveCfg = Ad-Hoc|iPhone
		{8AD41E6D-D200-40A6-AA4D-F1DBE34189D7}.AppStore|Any CPU.ActiveCfg = AppStore|iPhone
		{8AD41E6D-D200-40A6-AA4D-F1DBE34189D7}.AppStore|ARM.ActiveCfg = AppStore|iPhone
		{8AD41E6D-D200-40A6-AA4D-F1DBE34189D7}.AppStore|iPhone.ActiveCfg = AppStore|iPhone
		{8AD41E6D-D200-40A6-AA4D-F1DBE34189D7}.AppStore|iPhone.Build.0 = AppStore|iPhone
		{8AD41E6D-D200-40A6-AA4D-F1DBE34189D7}.AppStore|iPhoneSimulator.ActiveCfg = AppStore|iPhoneSimulator
		{8AD41E6D-D200-40A6-AA4D-F1DBE34189D7}.AppStore|iPhoneSimulator.Build.0 = AppStore|iPhoneSimulator
		{8AD41E6D-D200-40A6-AA4D-F1DBE34189D7}.AppStore|x64.ActiveCfg = AppStore|iPhone
		{8AD41E6D-D200-40A6-AA4D-F1DBE34189D7}.AppStore|x86.ActiveCfg = AppStore|iPhone
		{8AD41E6D-D200-40A6-AA4D-F1DBE34189D7}.Debug|Any CPU.ActiveCfg = Debug|iPhone
		{8AD41E6D-D200-40A6-AA4D-F1DBE34189D7}.Debug|ARM.ActiveCfg = Debug|iPhone
		{8AD41E6D-D200-40A6-AA4D-F1DBE34189D7}.Debug|iPhone.ActiveCfg = Debug|iPhone
		{8AD41E6D-D200-40A6-AA4D-F1DBE34189D7}.Debug|iPhone.Build.0 = Debug|iPhone
		{8AD41E6D-D200-40A6-AA4D-F1DBE34189D7}.Debug|iPhoneSimulator.ActiveCfg = Debug|iPhoneSimulator
		{8AD41E6D-D200-40A6-AA4D-F1DBE34189D7}.Debug|iPhoneSimulator.Build.0 = Debug|iPhoneSimulator
		{8AD41E6D-D200-40A6-AA4D-F1DBE34189D7}.Debug|x64.ActiveCfg = Debug|iPhone
		{8AD41E6D-D200-40A6-AA4D-F1DBE34189D7}.Debug|x86.ActiveCfg = Debug|iPhone
		{8AD41E6D-D200-40A6-AA4D-F1DBE34189D7}.Release|Any CPU.ActiveCfg = Release|iPhone
		{8AD41E6D-D200-40A6-AA4D-F1DBE34189D7}.Release|ARM.ActiveCfg = Release|iPhone
		{8AD41E6D-D200-40A6-AA4D-F1DBE34189D7}.Release|iPhone.ActiveCfg = Release|iPhone
		{8AD41E6D-D200-40A6-AA4D-F1DBE34189D7}.Release|iPhone.Build.0 = Release|iPhone
		{8AD41E6D-D200-40A6-AA4D-F1DBE34189D7}.Release|iPhoneSimulator.ActiveCfg = Release|iPhoneSimulator
		{8AD41E6D-D200-40A6-AA4D-F1DBE34189D7}.Release|iPhoneSimulator.Build.0 = Release|iPhoneSimulator
		{8AD41E6D-D200-40A6-AA4D-F1DBE34189D7}.Release|x64.ActiveCfg = Release|iPhone
		{8AD41E6D-D200-40A6-AA4D-F1DBE34189D7}.Release|x86.ActiveCfg = Release|iPhone
	EndGlobalSection
	GlobalSection(SolutionProperties) = preSolution
		HideSolutionNode = FALSE
	EndGlobalSection
EndGlobal
