
Microsoft Visual Studio Solution File, Format Version 12.00
# Visual Studio 15
VisualStudioVersion = 15.0.27428.2002
MinimumVisualStudioVersion = 10.0.40219.1
Project("{FAE04EC0-301F-11D3-BF4B-00C04F79EFBC}") = "ColorPrEditRev.Android", "ColorPrEditRev\ColorPrEditRev.Android\ColorPrEditRev.Android.csproj", "{3E69902E-B366-49C2-8692-4CEBAA091712}"
EndProject
Project("{FAE04EC0-301F-11D3-BF4B-00C04F79EFBC}") = "ColorPrEditRev.iOS", "ColorPrEditRev\ColorPrEditRev.iOS\ColorPrEditRev.iOS.csproj", "{0FB91E5B-62F7-429A-88F8-3A7629C120DF}"
EndProject
Project("{FAE04EC0-301F-11D3-BF4B-00C04F79EFBC}") = "ColorPrEditRev.UWP", "ColorPrEditRev\ColorPrEditRev.UWP\ColorPrEditRev.UWP.csproj", "{56B3AB48-1EE4-46BD-992F-D0941F81E012}"
EndProject
Project("{D954291E-2A0B-460D-934E-DC6B0785DB48}") = "ColorPrEditRev", "ColorPrEditRev\ColorPrEditRev\ColorPrEditRev.shproj", "{B29547E0-6A7A-4B46-B57E-CEF279BEE99F}"
EndProject
Global
	GlobalSection(SharedMSBuildProjectFiles) = preSolution
		ColorPrEditRev\ColorPrEditRev\ColorPrEditRev.projitems*{0fb91e5b-62f7-429a-88f8-3a7629c120df}*SharedItemsImports = 4
		ColorPrEditRev\ColorPrEditRev\ColorPrEditRev.projitems*{3e69902e-b366-49c2-8692-4cebaa091712}*SharedItemsImports = 4
		ColorPrEditRev\ColorPrEditRev\ColorPrEditRev.projitems*{56b3ab48-1ee4-46bd-992f-d0941f81e012}*SharedItemsImports = 4
		ColorPrEditRev\ColorPrEditRev\ColorPrEditRev.projitems*{b29547e0-6a7a-4b46-b57e-cef279bee99f}*SharedItemsImports = 13
	EndGlobalSection
	GlobalSection(SolutionConfigurationPlatforms) = preSolution
		Ad-Hoc|Any CPU = Ad-Hoc|Any CPU
		Ad-Hoc|ARM = Ad-Hoc|ARM
		Ad-Hoc|iPhone = Ad-Hoc|iPhone
		Ad-Hoc|iPhoneSimulator = Ad-Hoc|iPhoneSimulator
		Ad-Hoc|x64 = Ad-Hoc|x64
		Ad-Hoc|x86 = Ad-Hoc|x86
		AppStore|Any CPU = AppStore|Any CPU
		AppStore|ARM = AppStore|ARM
		AppStore|iPhone = AppStore|iPhone
		AppStore|iPhoneSimulator = AppStore|iPhoneSimulator
		AppStore|x64 = AppStore|x64
		AppStore|x86 = AppStore|x86
		Debug|Any CPU = Debug|Any CPU
		Debug|ARM = Debug|ARM
		Debug|iPhone = Debug|iPhone
		Debug|iPhoneSimulator = Debug|iPhoneSimulator
		Debug|x64 = Debug|x64
		Debug|x86 = Debug|x86
		Release|Any CPU = Release|Any CPU
		Release|ARM = Release|ARM
		Release|iPhone = Release|iPhone
		Release|iPhoneSimulator = Release|iPhoneSimulator
		Release|x64 = Release|x64
		Release|x86 = Release|x86
	EndGlobalSection
	GlobalSection(ProjectConfigurationPlatforms) = postSolution
		{3E69902E-B366-49C2-8692-4CEBAA091712}.Ad-Hoc|Any CPU.ActiveCfg = Release|Any CPU
		{3E69902E-B366-49C2-8692-4CEBAA091712}.Ad-Hoc|Any CPU.Build.0 = Release|Any CPU
		{3E69902E-B366-49C2-8692-4CEBAA091712}.Ad-Hoc|Any CPU.Deploy.0 = Release|Any CPU
		{3E69902E-B366-49C2-8692-4CEBAA091712}.Ad-Hoc|ARM.ActiveCfg = Release|Any CPU
		{3E69902E-B366-49C2-8692-4CEBAA091712}.Ad-Hoc|ARM.Build.0 = Release|Any CPU
		{3E69902E-B366-49C2-8692-4CEBAA091712}.Ad-Hoc|ARM.Deploy.0 = Release|Any CPU
		{3E69902E-B366-49C2-8692-4CEBAA091712}.Ad-Hoc|iPhone.ActiveCfg = Release|Any CPU
		{3E69902E-B366-49C2-8692-4CEBAA091712}.Ad-Hoc|iPhone.Build.0 = Release|Any CPU
		{3E69902E-B366-49C2-8692-4CEBAA091712}.Ad-Hoc|iPhone.Deploy.0 = Release|Any CPU
		{3E69902E-B366-49C2-8692-4CEBAA091712}.Ad-Hoc|iPhoneSimulator.ActiveCfg = Release|Any CPU
		{3E69902E-B366-49C2-8692-4CEBAA091712}.Ad-Hoc|iPhoneSimulator.Build.0 = Release|Any CPU
		{3E69902E-B366-49C2-8692-4CEBAA091712}.Ad-Hoc|iPhoneSimulator.Deploy.0 = Release|Any CPU
		{3E69902E-B366-49C2-8692-4CEBAA091712}.Ad-Hoc|x64.ActiveCfg = Release|Any CPU
		{3E69902E-B366-49C2-8692-4CEBAA091712}.Ad-Hoc|x64.Build.0 = Release|Any CPU
		{3E69902E-B366-49C2-8692-4CEBAA091712}.Ad-Hoc|x64.Deploy.0 = Release|Any CPU
		{3E69902E-B366-49C2-8692-4CEBAA091712}.Ad-Hoc|x86.ActiveCfg = Release|Any CPU
		{3E69902E-B366-49C2-8692-4CEBAA091712}.Ad-Hoc|x86.Build.0 = Release|Any CPU
		{3E69902E-B366-49C2-8692-4CEBAA091712}.Ad-Hoc|x86.Deploy.0 = Release|Any CPU
		{3E69902E-B366-49C2-8692-4CEBAA091712}.AppStore|Any CPU.ActiveCfg = Release|Any CPU
		{3E69902E-B366-49C2-8692-4CEBAA091712}.AppStore|Any CPU.Build.0 = Release|Any CPU
		{3E69902E-B366-49C2-8692-4CEBAA091712}.AppStore|Any CPU.Deploy.0 = Release|Any CPU
		{3E69902E-B366-49C2-8692-4CEBAA091712}.AppStore|ARM.ActiveCfg = Release|Any CPU
		{3E69902E-B366-49C2-8692-4CEBAA091712}.AppStore|ARM.Build.0 = Release|Any CPU
		{3E69902E-B366-49C2-8692-4CEBAA091712}.AppStore|ARM.Deploy.0 = Release|Any CPU
		{3E69902E-B366-49C2-8692-4CEBAA091712}.AppStore|iPhone.ActiveCfg = Release|Any CPU
		{3E69902E-B366-49C2-8692-4CEBAA091712}.AppStore|iPhone.Build.0 = Release|Any CPU
		{3E69902E-B366-49C2-8692-4CEBAA091712}.AppStore|iPhone.Deploy.0 = Release|Any CPU
		{3E69902E-B366-49C2-8692-4CEBAA091712}.AppStore|iPhoneSimulator.ActiveCfg = Release|Any CPU
		{3E69902E-B366-49C2-8692-4CEBAA091712}.AppStore|iPhoneSimulator.Build.0 = Release|Any CPU
		{3E69902E-B366-49C2-8692-4CEBAA091712}.AppStore|iPhoneSimulator.Deploy.0 = Release|Any CPU
		{3E69902E-B366-49C2-8692-4CEBAA091712}.AppStore|x64.ActiveCfg = Release|Any CPU
		{3E69902E-B366-49C2-8692-4CEBAA091712}.AppStore|x64.Build.0 = Release|Any CPU
		{3E69902E-B366-49C2-8692-4CEBAA091712}.AppStore|x64.Deploy.0 = Release|Any CPU
		{3E69902E-B366-49C2-8692-4CEBAA091712}.AppStore|x86.ActiveCfg = Release|Any CPU
		{3E69902E-B366-49C2-8692-4CEBAA091712}.AppStore|x86.Build.0 = Release|Any CPU
		{3E69902E-B366-49C2-8692-4CEBAA091712}.AppStore|x86.Deploy.0 = Release|Any CPU
		{3E69902E-B366-49C2-8692-4CEBAA091712}.Debug|Any CPU.ActiveCfg = Debug|Any CPU
		{3E69902E-B366-49C2-8692-4CEBAA091712}.Debug|Any CPU.Build.0 = Debug|Any CPU
		{3E69902E-B366-49C2-8692-4CEBAA091712}.Debug|Any CPU.Deploy.0 = Debug|Any CPU
		{3E69902E-B366-49C2-8692-4CEBAA091712}.Debug|ARM.ActiveCfg = Debug|Any CPU
		{3E69902E-B366-49C2-8692-4CEBAA091712}.Debug|ARM.Build.0 = Debug|Any CPU
		{3E69902E-B366-49C2-8692-4CEBAA091712}.Debug|ARM.Deploy.0 = Debug|Any CPU
		{3E69902E-B366-49C2-8692-4CEBAA091712}.Debug|iPhone.ActiveCfg = Debug|Any CPU
		{3E69902E-B366-49C2-8692-4CEBAA091712}.Debug|iPhone.Build.0 = Debug|Any CPU
		{3E69902E-B366-49C2-8692-4CEBAA091712}.Debug|iPhone.Deploy.0 = Debug|Any CPU
		{3E69902E-B366-49C2-8692-4CEBAA091712}.Debug|iPhoneSimulator.ActiveCfg = Debug|Any CPU
		{3E69902E-B366-49C2-8692-4CEBAA091712}.Debug|iPhoneSimulator.Build.0 = Debug|Any CPU
		{3E69902E-B366-49C2-8692-4CEBAA091712}.Debug|iPhoneSimulator.Deploy.0 = Debug|Any CPU
		{3E69902E-B366-49C2-8692-4CEBAA091712}.Debug|x64.ActiveCfg = Debug|Any CPU
		{3E69902E-B366-49C2-8692-4CEBAA091712}.Debug|x64.Build.0 = Debug|Any CPU
		{3E69902E-B366-49C2-8692-4CEBAA091712}.Debug|x64.Deploy.0 = Debug|Any CPU
		{3E69902E-B366-49C2-8692-4CEBAA091712}.Debug|x86.ActiveCfg = Debug|Any CPU
		{3E69902E-B366-49C2-8692-4CEBAA091712}.Debug|x86.Build.0 = Debug|Any CPU
		{3E69902E-B366-49C2-8692-4CEBAA091712}.Debug|x86.Deploy.0 = Debug|Any CPU
		{3E69902E-B366-49C2-8692-4CEBAA091712}.Release|Any CPU.ActiveCfg = Release|Any CPU
		{3E69902E-B366-49C2-8692-4CEBAA091712}.Release|Any CPU.Build.0 = Release|Any CPU
		{3E69902E-B366-49C2-8692-4CEBAA091712}.Release|Any CPU.Deploy.0 = Release|Any CPU
		{3E69902E-B366-49C2-8692-4CEBAA091712}.Release|ARM.ActiveCfg = Release|Any CPU
		{3E69902E-B366-49C2-8692-4CEBAA091712}.Release|ARM.Build.0 = Release|Any CPU
		{3E69902E-B366-49C2-8692-4CEBAA091712}.Release|ARM.Deploy.0 = Release|Any CPU
		{3E69902E-B366-49C2-8692-4CEBAA091712}.Release|iPhone.ActiveCfg = Release|Any CPU
		{3E69902E-B366-49C2-8692-4CEBAA091712}.Release|iPhone.Build.0 = Release|Any CPU
		{3E69902E-B366-49C2-8692-4CEBAA091712}.Release|iPhone.Deploy.0 = Release|Any CPU
		{3E69902E-B366-49C2-8692-4CEBAA091712}.Release|iPhoneSimulator.ActiveCfg = Release|Any CPU
		{3E69902E-B366-49C2-8692-4CEBAA091712}.Release|iPhoneSimulator.Build.0 = Release|Any CPU
		{3E69902E-B366-49C2-8692-4CEBAA091712}.Release|iPhoneSimulator.Deploy.0 = Release|Any CPU
		{3E69902E-B366-49C2-8692-4CEBAA091712}.Release|x64.ActiveCfg = Release|Any CPU
		{3E69902E-B366-49C2-8692-4CEBAA091712}.Release|x64.Build.0 = Release|Any CPU
		{3E69902E-B366-49C2-8692-4CEBAA091712}.Release|x64.Deploy.0 = Release|Any CPU
		{3E69902E-B366-49C2-8692-4CEBAA091712}.Release|x86.ActiveCfg = Release|Any CPU
		{3E69902E-B366-49C2-8692-4CEBAA091712}.Release|x86.Build.0 = Release|Any CPU
		{3E69902E-B366-49C2-8692-4CEBAA091712}.Release|x86.Deploy.0 = Release|Any CPU
		{0FB91E5B-62F7-429A-88F8-3A7629C120DF}.Ad-Hoc|Any CPU.ActiveCfg = Ad-Hoc|iPhone
		{0FB91E5B-62F7-429A-88F8-3A7629C120DF}.Ad-Hoc|ARM.ActiveCfg = Ad-Hoc|iPhone
		{0FB91E5B-62F7-429A-88F8-3A7629C120DF}.Ad-Hoc|iPhone.ActiveCfg = Ad-Hoc|iPhone
		{0FB91E5B-62F7-429A-88F8-3A7629C120DF}.Ad-Hoc|iPhone.Build.0 = Ad-Hoc|iPhone
		{0FB91E5B-62F7-429A-88F8-3A7629C120DF}.Ad-Hoc|iPhoneSimulator.ActiveCfg = Ad-Hoc|iPhoneSimulator
		{0FB91E5B-62F7-429A-88F8-3A7629C120DF}.Ad-Hoc|iPhoneSimulator.Build.0 = Ad-Hoc|iPhoneSimulator
		{0FB91E5B-62F7-429A-88F8-3A7629C120DF}.Ad-Hoc|x64.ActiveCfg = Ad-Hoc|iPhone
		{0FB91E5B-62F7-429A-88F8-3A7629C120DF}.Ad-Hoc|x86.ActiveCfg = Ad-Hoc|iPhone
		{0FB91E5B-62F7-429A-88F8-3A7629C120DF}.AppStore|Any CPU.ActiveCfg = AppStore|iPhone
		{0FB91E5B-62F7-429A-88F8-3A7629C120DF}.AppStore|ARM.ActiveCfg = AppStore|iPhone
		{0FB91E5B-62F7-429A-88F8-3A7629C120DF}.AppStore|iPhone.ActiveCfg = AppStore|iPhone
		{0FB91E5B-62F7-429A-88F8-3A7629C120DF}.AppStore|iPhone.Build.0 = AppStore|iPhone
		{0FB91E5B-62F7-429A-88F8-3A7629C120DF}.AppStore|iPhoneSimulator.ActiveCfg = AppStore|iPhoneSimulator
		{0FB91E5B-62F7-429A-88F8-3A7629C120DF}.AppStore|iPhoneSimulator.Build.0 = AppStore|iPhoneSimulator
		{0FB91E5B-62F7-429A-88F8-3A7629C120DF}.AppStore|x64.ActiveCfg = AppStore|iPhone
		{0FB91E5B-62F7-429A-88F8-3A7629C120DF}.AppStore|x86.ActiveCfg = AppStore|iPhone
		{0FB91E5B-62F7-429A-88F8-3A7629C120DF}.Debug|Any CPU.ActiveCfg = Debug|iPhone
		{0FB91E5B-62F7-429A-88F8-3A7629C120DF}.Debug|ARM.ActiveCfg = Debug|iPhone
		{0FB91E5B-62F7-429A-88F8-3A7629C120DF}.Debug|iPhone.ActiveCfg = Debug|iPhone
		{0FB91E5B-62F7-429A-88F8-3A7629C120DF}.Debug|iPhone.Build.0 = Debug|iPhone
		{0FB91E5B-62F7-429A-88F8-3A7629C120DF}.Debug|iPhoneSimulator.ActiveCfg = Debug|iPhoneSimulator
		{0FB91E5B-62F7-429A-88F8-3A7629C120DF}.Debug|iPhoneSimulator.Build.0 = Debug|iPhoneSimulator
		{0FB91E5B-62F7-429A-88F8-3A7629C120DF}.Debug|x64.ActiveCfg = Debug|iPhone
		{0FB91E5B-62F7-429A-88F8-3A7629C120DF}.Debug|x86.ActiveCfg = Debug|iPhone
		{0FB91E5B-62F7-429A-88F8-3A7629C120DF}.Release|Any CPU.ActiveCfg = Release|iPhone
		{0FB91E5B-62F7-429A-88F8-3A7629C120DF}.Release|ARM.ActiveCfg = Release|iPhone
		{0FB91E5B-62F7-429A-88F8-3A7629C120DF}.Release|iPhone.ActiveCfg = Release|iPhone
		{0FB91E5B-62F7-429A-88F8-3A7629C120DF}.Release|iPhone.Build.0 = Release|iPhone
		{0FB91E5B-62F7-429A-88F8-3A7629C120DF}.Release|iPhoneSimulator.ActiveCfg = Release|iPhoneSimulator
		{0FB91E5B-62F7-429A-88F8-3A7629C120DF}.Release|iPhoneSimulator.Build.0 = Release|iPhoneSimulator
		{0FB91E5B-62F7-429A-88F8-3A7629C120DF}.Release|x64.ActiveCfg = Release|iPhone
		{0FB91E5B-62F7-429A-88F8-3A7629C120DF}.Release|x86.ActiveCfg = Release|iPhone
		{56B3AB48-1EE4-46BD-992F-D0941F81E012}.Ad-Hoc|Any CPU.ActiveCfg = Release|x86
		{56B3AB48-1EE4-46BD-992F-D0941F81E012}.Ad-Hoc|Any CPU.Build.0 = Release|x86
		{56B3AB48-1EE4-46BD-992F-D0941F81E012}.Ad-Hoc|Any CPU.Deploy.0 = Release|x86
		{56B3AB48-1EE4-46BD-992F-D0941F81E012}.Ad-Hoc|ARM.ActiveCfg = Release|ARM
		{56B3AB48-1EE4-46BD-992F-D0941F81E012}.Ad-Hoc|ARM.Build.0 = Release|ARM
		{56B3AB48-1EE4-46BD-992F-D0941F81E012}.Ad-Hoc|ARM.Deploy.0 = Release|ARM
		{56B3AB48-1EE4-46BD-992F-D0941F81E012}.Ad-Hoc|iPhone.ActiveCfg = Release|x86
		{56B3AB48-1EE4-46BD-992F-D0941F81E012}.Ad-Hoc|iPhone.Build.0 = Release|x86
		{56B3AB48-1EE4-46BD-992F-D0941F81E012}.Ad-Hoc|iPhone.Deploy.0 = Release|x86
		{56B3AB48-1EE4-46BD-992F-D0941F81E012}.Ad-Hoc|iPhoneSimulator.ActiveCfg = Release|x86
		{56B3AB48-1EE4-46BD-992F-D0941F81E012}.Ad-Hoc|iPhoneSimulator.Build.0 = Release|x86
		{56B3AB48-1EE4-46BD-992F-D0941F81E012}.Ad-Hoc|iPhoneSimulator.Deploy.0 = Release|x86
		{56B3AB48-1EE4-46BD-992F-D0941F81E012}.Ad-Hoc|x64.ActiveCfg = Release|x64
		{56B3AB48-1EE4-46BD-992F-D0941F81E012}.Ad-Hoc|x64.Build.0 = Release|x64
		{56B3AB48-1EE4-46BD-992F-D0941F81E012}.Ad-Hoc|x64.Deploy.0 = Release|x64
		{56B3AB48-1EE4-46BD-992F-D0941F81E012}.Ad-Hoc|x86.ActiveCfg = Release|x86
		{56B3AB48-1EE4-46BD-992F-D0941F81E012}.Ad-Hoc|x86.Build.0 = Release|x86
		{56B3AB48-1EE4-46BD-992F-D0941F81E012}.Ad-Hoc|x86.Deploy.0 = Release|x86
		{56B3AB48-1EE4-46BD-992F-D0941F81E012}.AppStore|Any CPU.ActiveCfg = Release|x86
		{56B3AB48-1EE4-46BD-992F-D0941F81E012}.AppStore|Any CPU.Build.0 = Release|x86
		{56B3AB48-1EE4-46BD-992F-D0941F81E012}.AppStore|Any CPU.Deploy.0 = Release|x86
		{56B3AB48-1EE4-46BD-992F-D0941F81E012}.AppStore|ARM.ActiveCfg = Release|ARM
		{56B3AB48-1EE4-46BD-992F-D0941F81E012}.AppStore|ARM.Build.0 = Release|ARM
		{56B3AB48-1EE4-46BD-992F-D0941F81E012}.AppStore|ARM.Deploy.0 = Release|ARM
		{56B3AB48-1EE4-46BD-992F-D0941F81E012}.AppStore|iPhone.ActiveCfg = Release|x86
		{56B3AB48-1EE4-46BD-992F-D0941F81E012}.AppStore|iPhone.Build.0 = Release|x86
		{56B3AB48-1EE4-46BD-992F-D0941F81E012}.AppStore|iPhone.Deploy.0 = Release|x86
		{56B3AB48-1EE4-46BD-992F-D0941F81E012}.AppStore|iPhoneSimulator.ActiveCfg = Release|x86
		{56B3AB48-1EE4-46BD-992F-D0941F81E012}.AppStore|iPhoneSimulator.Build.0 = Release|x86
		{56B3AB48-1EE4-46BD-992F-D0941F81E012}.AppStore|iPhoneSimulator.Deploy.0 = Release|x86
		{56B3AB48-1EE4-46BD-992F-D0941F81E012}.AppStore|x64.ActiveCfg = Release|x64
		{56B3AB48-1EE4-46BD-992F-D0941F81E012}.AppStore|x64.Build.0 = Release|x64
		{56B3AB48-1EE4-46BD-992F-D0941F81E012}.AppStore|x64.Deploy.0 = Release|x64
		{56B3AB48-1EE4-46BD-992F-D0941F81E012}.AppStore|x86.ActiveCfg = Release|x86
		{56B3AB48-1EE4-46BD-992F-D0941F81E012}.AppStore|x86.Build.0 = Release|x86
		{56B3AB48-1EE4-46BD-992F-D0941F81E012}.AppStore|x86.Deploy.0 = Release|x86
		{56B3AB48-1EE4-46BD-992F-D0941F81E012}.Debug|Any CPU.ActiveCfg = Debug|x86
		{56B3AB48-1EE4-46BD-992F-D0941F81E012}.Debug|ARM.ActiveCfg = Debug|ARM
		{56B3AB48-1EE4-46BD-992F-D0941F81E012}.Debug|ARM.Build.0 = Debug|ARM
		{56B3AB48-1EE4-46BD-992F-D0941F81E012}.Debug|ARM.Deploy.0 = Debug|ARM
		{56B3AB48-1EE4-46BD-992F-D0941F81E012}.Debug|iPhone.ActiveCfg = Debug|x86
		{56B3AB48-1EE4-46BD-992F-D0941F81E012}.Debug|iPhoneSimulator.ActiveCfg = Debug|x86
		{56B3AB48-1EE4-46BD-992F-D0941F81E012}.Debug|x64.ActiveCfg = Debug|x64
		{56B3AB48-1EE4-46BD-992F-D0941F81E012}.Debug|x64.Build.0 = Debug|x64
		{56B3AB48-1EE4-46BD-992F-D0941F81E012}.Debug|x64.Deploy.0 = Debug|x64
		{56B3AB48-1EE4-46BD-992F-D0941F81E012}.Debug|x86.ActiveCfg = Debug|x86
		{56B3AB48-1EE4-46BD-992F-D0941F81E012}.Debug|x86.Build.0 = Debug|x86
		{56B3AB48-1EE4-46BD-992F-D0941F81E012}.Debug|x86.Deploy.0 = Debug|x86
		{56B3AB48-1EE4-46BD-992F-D0941F81E012}.Release|Any CPU.ActiveCfg = Release|x86
		{56B3AB48-1EE4-46BD-992F-D0941F81E012}.Release|ARM.ActiveCfg = Release|ARM
		{56B3AB48-1EE4-46BD-992F-D0941F81E012}.Release|ARM.Build.0 = Release|ARM
		{56B3AB48-1EE4-46BD-992F-D0941F81E012}.Release|ARM.Deploy.0 = Release|ARM
		{56B3AB48-1EE4-46BD-992F-D0941F81E012}.Release|iPhone.ActiveCfg = Release|x86
		{56B3AB48-1EE4-46BD-992F-D0941F81E012}.Release|iPhoneSimulator.ActiveCfg = Release|x86
		{56B3AB48-1EE4-46BD-992F-D0941F81E012}.Release|x64.ActiveCfg = Release|x64
		{56B3AB48-1EE4-46BD-992F-D0941F81E012}.Release|x64.Build.0 = Release|x64
		{56B3AB48-1EE4-46BD-992F-D0941F81E012}.Release|x64.Deploy.0 = Release|x64
		{56B3AB48-1EE4-46BD-992F-D0941F81E012}.Release|x86.ActiveCfg = Release|x86
		{56B3AB48-1EE4-46BD-992F-D0941F81E012}.Release|x86.Build.0 = Release|x86
		{56B3AB48-1EE4-46BD-992F-D0941F81E012}.Release|x86.Deploy.0 = Release|x86
	EndGlobalSection
	GlobalSection(SolutionProperties) = preSolution
		HideSolutionNode = FALSE
	EndGlobalSection
	GlobalSection(ExtensibilityGlobals) = postSolution
		SolutionGuid = {33E724FB-C023-4367-8723-B1D2354FDEFC}
	EndGlobalSection
EndGlobal
