
Microsoft Visual Studio Solution File, Format Version 12.00
# Visual Studio 15
VisualStudioVersion = 15.0.26430.12
MinimumVisualStudioVersion = 10.0.40219.1
Project("{FAE04EC0-301F-11D3-BF4B-00C04F79EFBC}") = "OnsiteProject1.Android", "OnsiteProject1\OnsiteProject1.Android\OnsiteProject1.Android.csproj", "{526059CF-7638-4D4B-A49F-27DB3EB2CA8C}"
EndProject
Project("{FAE04EC0-301F-11D3-BF4B-00C04F79EFBC}") = "OnsiteProject1", "OnsiteProject1\OnsiteProject1\OnsiteProject1.csproj", "{42E82036-993B-4311-9744-7210941DECAB}"
EndProject
Project("{FAE04EC0-301F-11D3-BF4B-00C04F79EFBC}") = "OnsiteProject1.UWP", "OnsiteProject1\OnsiteProject1.UWP\OnsiteProject1.UWP.csproj", "{7E64BA47-2F9C-45E9-AB3F-C649409E94B8}"
EndProject
Project("{FAE04EC0-301F-11D3-BF4B-00C04F79EFBC}") = "OnsiteProject1.iOS", "OnsiteProject1\OnsiteProject1.iOS\OnsiteProject1.iOS.csproj", "{FD5C30A9-1A34-4A25-925F-DB287B4D6D10}"
EndProject
Global
	GlobalSection(SolutionConfigurationPlatforms) = preSolution
		Ad-Hoc|Any CPU = Ad-Hoc|Any CPU
		Ad-Hoc|ARM = Ad-Hoc|ARM
		Ad-Hoc|iPhone = Ad-Hoc|iPhone
		Ad-Hoc|iPhoneSimulator = Ad-Hoc|iPhoneSimulator
		Ad-Hoc|x64 = Ad-Hoc|x64
		Ad-Hoc|x86 = Ad-Hoc|x86
		AppStore|Any CPU = AppStore|Any CPU
		AppStore|ARM = AppStore|ARM
		AppStore|iPhone = AppStore|iPhone
		AppStore|iPhoneSimulator = AppStore|iPhoneSimulator
		AppStore|x64 = AppStore|x64
		AppStore|x86 = AppStore|x86
		Debug|Any CPU = Debug|Any CPU
		Debug|ARM = Debug|ARM
		Debug|iPhone = Debug|iPhone
		Debug|iPhoneSimulator = Debug|iPhoneSimulator
		Debug|x64 = Debug|x64
		Debug|x86 = Debug|x86
		Release|Any CPU = Release|Any CPU
		Release|ARM = Release|ARM
		Release|iPhone = Release|iPhone
		Release|iPhoneSimulator = Release|iPhoneSimulator
		Release|x64 = Release|x64
		Release|x86 = Release|x86
	EndGlobalSection
	GlobalSection(ProjectConfigurationPlatforms) = postSolution
		{526059CF-7638-4D4B-A49F-27DB3EB2CA8C}.Ad-Hoc|Any CPU.ActiveCfg = Release|Any CPU
		{526059CF-7638-4D4B-A49F-27DB3EB2CA8C}.Ad-Hoc|Any CPU.Build.0 = Release|Any CPU
		{526059CF-7638-4D4B-A49F-27DB3EB2CA8C}.Ad-Hoc|Any CPU.Deploy.0 = Release|Any CPU
		{526059CF-7638-4D4B-A49F-27DB3EB2CA8C}.Ad-Hoc|ARM.ActiveCfg = Release|Any CPU
		{526059CF-7638-4D4B-A49F-27DB3EB2CA8C}.Ad-Hoc|ARM.Build.0 = Release|Any CPU
		{526059CF-7638-4D4B-A49F-27DB3EB2CA8C}.Ad-Hoc|ARM.Deploy.0 = Release|Any CPU
		{526059CF-7638-4D4B-A49F-27DB3EB2CA8C}.Ad-Hoc|iPhone.ActiveCfg = Release|Any CPU
		{526059CF-7638-4D4B-A49F-27DB3EB2CA8C}.Ad-Hoc|iPhone.Build.0 = Release|Any CPU
		{526059CF-7638-4D4B-A49F-27DB3EB2CA8C}.Ad-Hoc|iPhone.Deploy.0 = Release|Any CPU
		{526059CF-7638-4D4B-A49F-27DB3EB2CA8C}.Ad-Hoc|iPhoneSimulator.ActiveCfg = Release|Any CPU
		{526059CF-7638-4D4B-A49F-27DB3EB2CA8C}.Ad-Hoc|iPhoneSimulator.Build.0 = Release|Any CPU
		{526059CF-7638-4D4B-A49F-27DB3EB2CA8C}.Ad-Hoc|iPhoneSimulator.Deploy.0 = Release|Any CPU
		{526059CF-7638-4D4B-A49F-27DB3EB2CA8C}.Ad-Hoc|x64.ActiveCfg = Release|Any CPU
		{526059CF-7638-4D4B-A49F-27DB3EB2CA8C}.Ad-Hoc|x64.Build.0 = Release|Any CPU
		{526059CF-7638-4D4B-A49F-27DB3EB2CA8C}.Ad-Hoc|x64.Deploy.0 = Release|Any CPU
		{526059CF-7638-4D4B-A49F-27DB3EB2CA8C}.Ad-Hoc|x86.ActiveCfg = Release|Any CPU
		{526059CF-7638-4D4B-A49F-27DB3EB2CA8C}.Ad-Hoc|x86.Build.0 = Release|Any CPU
		{526059CF-7638-4D4B-A49F-27DB3EB2CA8C}.Ad-Hoc|x86.Deploy.0 = Release|Any CPU
		{526059CF-7638-4D4B-A49F-27DB3EB2CA8C}.AppStore|Any CPU.ActiveCfg = Release|Any CPU
		{526059CF-7638-4D4B-A49F-27DB3EB2CA8C}.AppStore|Any CPU.Build.0 = Release|Any CPU
		{526059CF-7638-4D4B-A49F-27DB3EB2CA8C}.AppStore|Any CPU.Deploy.0 = Release|Any CPU
		{526059CF-7638-4D4B-A49F-27DB3EB2CA8C}.AppStore|ARM.ActiveCfg = Release|Any CPU
		{526059CF-7638-4D4B-A49F-27DB3EB2CA8C}.AppStore|ARM.Build.0 = Release|Any CPU
		{526059CF-7638-4D4B-A49F-27DB3EB2CA8C}.AppStore|ARM.Deploy.0 = Release|Any CPU
		{526059CF-7638-4D4B-A49F-27DB3EB2CA8C}.AppStore|iPhone.ActiveCfg = Release|Any CPU
		{526059CF-7638-4D4B-A49F-27DB3EB2CA8C}.AppStore|iPhone.Build.0 = Release|Any CPU
		{526059CF-7638-4D4B-A49F-27DB3EB2CA8C}.AppStore|iPhone.Deploy.0 = Release|Any CPU
		{526059CF-7638-4D4B-A49F-27DB3EB2CA8C}.AppStore|iPhoneSimulator.ActiveCfg = Release|Any CPU
		{526059CF-7638-4D4B-A49F-27DB3EB2CA8C}.AppStore|iPhoneSimulator.Build.0 = Release|Any CPU
		{526059CF-7638-4D4B-A49F-27DB3EB2CA8C}.AppStore|iPhoneSimulator.Deploy.0 = Release|Any CPU
		{526059CF-7638-4D4B-A49F-27DB3EB2CA8C}.AppStore|x64.ActiveCfg = Release|Any CPU
		{526059CF-7638-4D4B-A49F-27DB3EB2CA8C}.AppStore|x64.Build.0 = Release|Any CPU
		{526059CF-7638-4D4B-A49F-27DB3EB2CA8C}.AppStore|x64.Deploy.0 = Release|Any CPU
		{526059CF-7638-4D4B-A49F-27DB3EB2CA8C}.AppStore|x86.ActiveCfg = Release|Any CPU
		{526059CF-7638-4D4B-A49F-27DB3EB2CA8C}.AppStore|x86.Build.0 = Release|Any CPU
		{526059CF-7638-4D4B-A49F-27DB3EB2CA8C}.AppStore|x86.Deploy.0 = Release|Any CPU
		{526059CF-7638-4D4B-A49F-27DB3EB2CA8C}.Debug|Any CPU.ActiveCfg = Debug|Any CPU
		{526059CF-7638-4D4B-A49F-27DB3EB2CA8C}.Debug|Any CPU.Build.0 = Debug|Any CPU
		{526059CF-7638-4D4B-A49F-27DB3EB2CA8C}.Debug|Any CPU.Deploy.0 = Debug|Any CPU
		{526059CF-7638-4D4B-A49F-27DB3EB2CA8C}.Debug|ARM.ActiveCfg = Debug|Any CPU
		{526059CF-7638-4D4B-A49F-27DB3EB2CA8C}.Debug|ARM.Build.0 = Debug|Any CPU
		{526059CF-7638-4D4B-A49F-27DB3EB2CA8C}.Debug|ARM.Deploy.0 = Debug|Any CPU
		{526059CF-7638-4D4B-A49F-27DB3EB2CA8C}.Debug|iPhone.ActiveCfg = Debug|Any CPU
		{526059CF-7638-4D4B-A49F-27DB3EB2CA8C}.Debug|iPhone.Build.0 = Debug|Any CPU
		{526059CF-7638-4D4B-A49F-27DB3EB2CA8C}.Debug|iPhone.Deploy.0 = Debug|Any CPU
		{526059CF-7638-4D4B-A49F-27DB3EB2CA8C}.Debug|iPhoneSimulator.ActiveCfg = Debug|Any CPU
		{526059CF-7638-4D4B-A49F-27DB3EB2CA8C}.Debug|iPhoneSimulator.Build.0 = Debug|Any CPU
		{526059CF-7638-4D4B-A49F-27DB3EB2CA8C}.Debug|iPhoneSimulator.Deploy.0 = Debug|Any CPU
		{526059CF-7638-4D4B-A49F-27DB3EB2CA8C}.Debug|x64.ActiveCfg = Debug|Any CPU
		{526059CF-7638-4D4B-A49F-27DB3EB2CA8C}.Debug|x64.Build.0 = Debug|Any CPU
		{526059CF-7638-4D4B-A49F-27DB3EB2CA8C}.Debug|x64.Deploy.0 = Debug|Any CPU
		{526059CF-7638-4D4B-A49F-27DB3EB2CA8C}.Debug|x86.ActiveCfg = Debug|Any CPU
		{526059CF-7638-4D4B-A49F-27DB3EB2CA8C}.Debug|x86.Build.0 = Debug|Any CPU
		{526059CF-7638-4D4B-A49F-27DB3EB2CA8C}.Debug|x86.Deploy.0 = Debug|Any CPU
		{526059CF-7638-4D4B-A49F-27DB3EB2CA8C}.Release|Any CPU.ActiveCfg = Release|Any CPU
		{526059CF-7638-4D4B-A49F-27DB3EB2CA8C}.Release|Any CPU.Build.0 = Release|Any CPU
		{526059CF-7638-4D4B-A49F-27DB3EB2CA8C}.Release|Any CPU.Deploy.0 = Release|Any CPU
		{526059CF-7638-4D4B-A49F-27DB3EB2CA8C}.Release|ARM.ActiveCfg = Release|Any CPU
		{526059CF-7638-4D4B-A49F-27DB3EB2CA8C}.Release|ARM.Build.0 = Release|Any CPU
		{526059CF-7638-4D4B-A49F-27DB3EB2CA8C}.Release|ARM.Deploy.0 = Release|Any CPU
		{526059CF-7638-4D4B-A49F-27DB3EB2CA8C}.Release|iPhone.ActiveCfg = Release|Any CPU
		{526059CF-7638-4D4B-A49F-27DB3EB2CA8C}.Release|iPhone.Build.0 = Release|Any CPU
		{526059CF-7638-4D4B-A49F-27DB3EB2CA8C}.Release|iPhone.Deploy.0 = Release|Any CPU
		{526059CF-7638-4D4B-A49F-27DB3EB2CA8C}.Release|iPhoneSimulator.ActiveCfg = Release|Any CPU
		{526059CF-7638-4D4B-A49F-27DB3EB2CA8C}.Release|iPhoneSimulator.Build.0 = Release|Any CPU
		{526059CF-7638-4D4B-A49F-27DB3EB2CA8C}.Release|iPhoneSimulator.Deploy.0 = Release|Any CPU
		{526059CF-7638-4D4B-A49F-27DB3EB2CA8C}.Release|x64.ActiveCfg = Release|Any CPU
		{526059CF-7638-4D4B-A49F-27DB3EB2CA8C}.Release|x64.Build.0 = Release|Any CPU
		{526059CF-7638-4D4B-A49F-27DB3EB2CA8C}.Release|x64.Deploy.0 = Release|Any CPU
		{526059CF-7638-4D4B-A49F-27DB3EB2CA8C}.Release|x86.ActiveCfg = Release|Any CPU
		{526059CF-7638-4D4B-A49F-27DB3EB2CA8C}.Release|x86.Build.0 = Release|Any CPU
		{526059CF-7638-4D4B-A49F-27DB3EB2CA8C}.Release|x86.Deploy.0 = Release|Any CPU
		{42E82036-993B-4311-9744-7210941DECAB}.Ad-Hoc|Any CPU.ActiveCfg = Release|Any CPU
		{42E82036-993B-4311-9744-7210941DECAB}.Ad-Hoc|Any CPU.Build.0 = Release|Any CPU
		{42E82036-993B-4311-9744-7210941DECAB}.Ad-Hoc|ARM.ActiveCfg = Release|Any CPU
		{42E82036-993B-4311-9744-7210941DECAB}.Ad-Hoc|ARM.Build.0 = Release|Any CPU
		{42E82036-993B-4311-9744-7210941DECAB}.Ad-Hoc|iPhone.ActiveCfg = Release|Any CPU
		{42E82036-993B-4311-9744-7210941DECAB}.Ad-Hoc|iPhone.Build.0 = Release|Any CPU
		{42E82036-993B-4311-9744-7210941DECAB}.Ad-Hoc|iPhoneSimulator.ActiveCfg = Release|Any CPU
		{42E82036-993B-4311-9744-7210941DECAB}.Ad-Hoc|iPhoneSimulator.Build.0 = Release|Any CPU
		{42E82036-993B-4311-9744-7210941DECAB}.Ad-Hoc|x64.ActiveCfg = Release|Any CPU
		{42E82036-993B-4311-9744-7210941DECAB}.Ad-Hoc|x64.Build.0 = Release|Any CPU
		{42E82036-993B-4311-9744-7210941DECAB}.Ad-Hoc|x86.ActiveCfg = Release|Any CPU
		{42E82036-993B-4311-9744-7210941DECAB}.Ad-Hoc|x86.Build.0 = Release|Any CPU
		{42E82036-993B-4311-9744-7210941DECAB}.AppStore|Any CPU.ActiveCfg = Release|Any CPU
		{42E82036-993B-4311-9744-7210941DECAB}.AppStore|Any CPU.Build.0 = Release|Any CPU
		{42E82036-993B-4311-9744-7210941DECAB}.AppStore|ARM.ActiveCfg = Release|Any CPU
		{42E82036-993B-4311-9744-7210941DECAB}.AppStore|ARM.Build.0 = Release|Any CPU
		{42E82036-993B-4311-9744-7210941DECAB}.AppStore|iPhone.ActiveCfg = Release|Any CPU
		{42E82036-993B-4311-9744-7210941DECAB}.AppStore|iPhone.Build.0 = Release|Any CPU
		{42E82036-993B-4311-9744-7210941DECAB}.AppStore|iPhoneSimulator.ActiveCfg = Release|Any CPU
		{42E82036-993B-4311-9744-7210941DECAB}.AppStore|iPhoneSimulator.Build.0 = Release|Any CPU
		{42E82036-993B-4311-9744-7210941DECAB}.AppStore|x64.ActiveCfg = Release|Any CPU
		{42E82036-993B-4311-9744-7210941DECAB}.AppStore|x64.Build.0 = Release|Any CPU
		{42E82036-993B-4311-9744-7210941DECAB}.AppStore|x86.ActiveCfg = Release|Any CPU
		{42E82036-993B-4311-9744-7210941DECAB}.AppStore|x86.Build.0 = Release|Any CPU
		{42E82036-993B-4311-9744-7210941DECAB}.Debug|Any CPU.ActiveCfg = Debug|Any CPU
		{42E82036-993B-4311-9744-7210941DECAB}.Debug|Any CPU.Build.0 = Debug|Any CPU
		{42E82036-993B-4311-9744-7210941DECAB}.Debug|ARM.ActiveCfg = Debug|Any CPU
		{42E82036-993B-4311-9744-7210941DECAB}.Debug|ARM.Build.0 = Debug|Any CPU
		{42E82036-993B-4311-9744-7210941DECAB}.Debug|iPhone.ActiveCfg = Debug|Any CPU
		{42E82036-993B-4311-9744-7210941DECAB}.Debug|iPhone.Build.0 = Debug|Any CPU
		{42E82036-993B-4311-9744-7210941DECAB}.Debug|iPhoneSimulator.ActiveCfg = Debug|Any CPU
		{42E82036-993B-4311-9744-7210941DECAB}.Debug|iPhoneSimulator.Build.0 = Debug|Any CPU
		{42E82036-993B-4311-9744-7210941DECAB}.Debug|x64.ActiveCfg = Debug|Any CPU
		{42E82036-993B-4311-9744-7210941DECAB}.Debug|x64.Build.0 = Debug|Any CPU
		{42E82036-993B-4311-9744-7210941DECAB}.Debug|x86.ActiveCfg = Debug|Any CPU
		{42E82036-993B-4311-9744-7210941DECAB}.Debug|x86.Build.0 = Debug|Any CPU
		{42E82036-993B-4311-9744-7210941DECAB}.Release|Any CPU.ActiveCfg = Release|Any CPU
		{42E82036-993B-4311-9744-7210941DECAB}.Release|Any CPU.Build.0 = Release|Any CPU
		{42E82036-993B-4311-9744-7210941DECAB}.Release|ARM.ActiveCfg = Release|Any CPU
		{42E82036-993B-4311-9744-7210941DECAB}.Release|ARM.Build.0 = Release|Any CPU
		{42E82036-993B-4311-9744-7210941DECAB}.Release|iPhone.ActiveCfg = Release|Any CPU
		{42E82036-993B-4311-9744-7210941DECAB}.Release|iPhone.Build.0 = Release|Any CPU
		{42E82036-993B-4311-9744-7210941DECAB}.Release|iPhoneSimulator.ActiveCfg = Release|Any CPU
		{42E82036-993B-4311-9744-7210941DECAB}.Release|iPhoneSimulator.Build.0 = Release|Any CPU
		{42E82036-993B-4311-9744-7210941DECAB}.Release|x64.ActiveCfg = Release|Any CPU
		{42E82036-993B-4311-9744-7210941DECAB}.Release|x64.Build.0 = Release|Any CPU
		{42E82036-993B-4311-9744-7210941DECAB}.Release|x86.ActiveCfg = Release|Any CPU
		{42E82036-993B-4311-9744-7210941DECAB}.Release|x86.Build.0 = Release|Any CPU
		{7E64BA47-2F9C-45E9-AB3F-C649409E94B8}.Ad-Hoc|Any CPU.ActiveCfg = Release|x86
		{7E64BA47-2F9C-45E9-AB3F-C649409E94B8}.Ad-Hoc|Any CPU.Build.0 = Release|x86
		{7E64BA47-2F9C-45E9-AB3F-C649409E94B8}.Ad-Hoc|Any CPU.Deploy.0 = Release|x86
		{7E64BA47-2F9C-45E9-AB3F-C649409E94B8}.Ad-Hoc|ARM.ActiveCfg = Release|ARM
		{7E64BA47-2F9C-45E9-AB3F-C649409E94B8}.Ad-Hoc|ARM.Build.0 = Release|ARM
		{7E64BA47-2F9C-45E9-AB3F-C649409E94B8}.Ad-Hoc|ARM.Deploy.0 = Release|ARM
		{7E64BA47-2F9C-45E9-AB3F-C649409E94B8}.Ad-Hoc|iPhone.ActiveCfg = Release|x86
		{7E64BA47-2F9C-45E9-AB3F-C649409E94B8}.Ad-Hoc|iPhone.Build.0 = Release|x86
		{7E64BA47-2F9C-45E9-AB3F-C649409E94B8}.Ad-Hoc|iPhone.Deploy.0 = Release|x86
		{7E64BA47-2F9C-45E9-AB3F-C649409E94B8}.Ad-Hoc|iPhoneSimulator.ActiveCfg = Release|x86
		{7E64BA47-2F9C-45E9-AB3F-C649409E94B8}.Ad-Hoc|iPhoneSimulator.Build.0 = Release|x86
		{7E64BA47-2F9C-45E9-AB3F-C649409E94B8}.Ad-Hoc|iPhoneSimulator.Deploy.0 = Release|x86
		{7E64BA47-2F9C-45E9-AB3F-C649409E94B8}.Ad-Hoc|x64.ActiveCfg = Release|x64
		{7E64BA47-2F9C-45E9-AB3F-C649409E94B8}.Ad-Hoc|x64.Build.0 = Release|x64
		{7E64BA47-2F9C-45E9-AB3F-C649409E94B8}.Ad-Hoc|x64.Deploy.0 = Release|x64
		{7E64BA47-2F9C-45E9-AB3F-C649409E94B8}.Ad-Hoc|x86.ActiveCfg = Release|x86
		{7E64BA47-2F9C-45E9-AB3F-C649409E94B8}.Ad-Hoc|x86.Build.0 = Release|x86
		{7E64BA47-2F9C-45E9-AB3F-C649409E94B8}.Ad-Hoc|x86.Deploy.0 = Release|x86
		{7E64BA47-2F9C-45E9-AB3F-C649409E94B8}.AppStore|Any CPU.ActiveCfg = Release|x86
		{7E64BA47-2F9C-45E9-AB3F-C649409E94B8}.AppStore|Any CPU.Build.0 = Release|x86
		{7E64BA47-2F9C-45E9-AB3F-C649409E94B8}.AppStore|Any CPU.Deploy.0 = Release|x86
		{7E64BA47-2F9C-45E9-AB3F-C649409E94B8}.AppStore|ARM.ActiveCfg = Release|ARM
		{7E64BA47-2F9C-45E9-AB3F-C649409E94B8}.AppStore|ARM.Build.0 = Release|ARM
		{7E64BA47-2F9C-45E9-AB3F-C649409E94B8}.AppStore|ARM.Deploy.0 = Release|ARM
		{7E64BA47-2F9C-45E9-AB3F-C649409E94B8}.AppStore|iPhone.ActiveCfg = Release|x86
		{7E64BA47-2F9C-45E9-AB3F-C649409E94B8}.AppStore|iPhone.Build.0 = Release|x86
		{7E64BA47-2F9C-45E9-AB3F-C649409E94B8}.AppStore|iPhone.Deploy.0 = Release|x86
		{7E64BA47-2F9C-45E9-AB3F-C649409E94B8}.AppStore|iPhoneSimulator.ActiveCfg = Release|x86
		{7E64BA47-2F9C-45E9-AB3F-C649409E94B8}.AppStore|iPhoneSimulator.Build.0 = Release|x86
		{7E64BA47-2F9C-45E9-AB3F-C649409E94B8}.AppStore|iPhoneSimulator.Deploy.0 = Release|x86
		{7E64BA47-2F9C-45E9-AB3F-C649409E94B8}.AppStore|x64.ActiveCfg = Release|x64
		{7E64BA47-2F9C-45E9-AB3F-C649409E94B8}.AppStore|x64.Build.0 = Release|x64
		{7E64BA47-2F9C-45E9-AB3F-C649409E94B8}.AppStore|x64.Deploy.0 = Release|x64
		{7E64BA47-2F9C-45E9-AB3F-C649409E94B8}.AppStore|x86.ActiveCfg = Release|x86
		{7E64BA47-2F9C-45E9-AB3F-C649409E94B8}.AppStore|x86.Build.0 = Release|x86
		{7E64BA47-2F9C-45E9-AB3F-C649409E94B8}.AppStore|x86.Deploy.0 = Release|x86
		{7E64BA47-2F9C-45E9-AB3F-C649409E94B8}.Debug|Any CPU.ActiveCfg = Debug|x86
		{7E64BA47-2F9C-45E9-AB3F-C649409E94B8}.Debug|ARM.ActiveCfg = Debug|ARM
		{7E64BA47-2F9C-45E9-AB3F-C649409E94B8}.Debug|ARM.Build.0 = Debug|ARM
		{7E64BA47-2F9C-45E9-AB3F-C649409E94B8}.Debug|ARM.Deploy.0 = Debug|ARM
		{7E64BA47-2F9C-45E9-AB3F-C649409E94B8}.Debug|iPhone.ActiveCfg = Debug|x86
		{7E64BA47-2F9C-45E9-AB3F-C649409E94B8}.Debug|iPhoneSimulator.ActiveCfg = Debug|x86
		{7E64BA47-2F9C-45E9-AB3F-C649409E94B8}.Debug|x64.ActiveCfg = Debug|x64
		{7E64BA47-2F9C-45E9-AB3F-C649409E94B8}.Debug|x64.Build.0 = Debug|x64
		{7E64BA47-2F9C-45E9-AB3F-C649409E94B8}.Debug|x64.Deploy.0 = Debug|x64
		{7E64BA47-2F9C-45E9-AB3F-C649409E94B8}.Debug|x86.ActiveCfg = Debug|x86
		{7E64BA47-2F9C-45E9-AB3F-C649409E94B8}.Debug|x86.Build.0 = Debug|x86
		{7E64BA47-2F9C-45E9-AB3F-C649409E94B8}.Debug|x86.Deploy.0 = Debug|x86
		{7E64BA47-2F9C-45E9-AB3F-C649409E94B8}.Release|Any CPU.ActiveCfg = Release|x86
		{7E64BA47-2F9C-45E9-AB3F-C649409E94B8}.Release|ARM.ActiveCfg = Release|ARM
		{7E64BA47-2F9C-45E9-AB3F-C649409E94B8}.Release|ARM.Build.0 = Release|ARM
		{7E64BA47-2F9C-45E9-AB3F-C649409E94B8}.Release|ARM.Deploy.0 = Release|ARM
		{7E64BA47-2F9C-45E9-AB3F-C649409E94B8}.Release|iPhone.ActiveCfg = Release|x86
		{7E64BA47-2F9C-45E9-AB3F-C649409E94B8}.Release|iPhoneSimulator.ActiveCfg = Release|x86
		{7E64BA47-2F9C-45E9-AB3F-C649409E94B8}.Release|x64.ActiveCfg = Release|x64
		{7E64BA47-2F9C-45E9-AB3F-C649409E94B8}.Release|x64.Build.0 = Release|x64
		{7E64BA47-2F9C-45E9-AB3F-C649409E94B8}.Release|x64.Deploy.0 = Release|x64
		{7E64BA47-2F9C-45E9-AB3F-C649409E94B8}.Release|x86.ActiveCfg = Release|x86
		{7E64BA47-2F9C-45E9-AB3F-C649409E94B8}.Release|x86.Build.0 = Release|x86
		{7E64BA47-2F9C-45E9-AB3F-C649409E94B8}.Release|x86.Deploy.0 = Release|x86
		{FD5C30A9-1A34-4A25-925F-DB287B4D6D10}.Ad-Hoc|Any CPU.ActiveCfg = Ad-Hoc|iPhone
		{FD5C30A9-1A34-4A25-925F-DB287B4D6D10}.Ad-Hoc|ARM.ActiveCfg = Ad-Hoc|iPhone
		{FD5C30A9-1A34-4A25-925F-DB287B4D6D10}.Ad-Hoc|iPhone.ActiveCfg = Ad-Hoc|iPhone
		{FD5C30A9-1A34-4A25-925F-DB287B4D6D10}.Ad-Hoc|iPhone.Build.0 = Ad-Hoc|iPhone
		{FD5C30A9-1A34-4A25-925F-DB287B4D6D10}.Ad-Hoc|iPhoneSimulator.ActiveCfg = Ad-Hoc|iPhoneSimulator
		{FD5C30A9-1A34-4A25-925F-DB287B4D6D10}.Ad-Hoc|iPhoneSimulator.Build.0 = Ad-Hoc|iPhoneSimulator
		{FD5C30A9-1A34-4A25-925F-DB287B4D6D10}.Ad-Hoc|x64.ActiveCfg = Ad-Hoc|iPhone
		{FD5C30A9-1A34-4A25-925F-DB287B4D6D10}.Ad-Hoc|x86.ActiveCfg = Ad-Hoc|iPhone
		{FD5C30A9-1A34-4A25-925F-DB287B4D6D10}.AppStore|Any CPU.ActiveCfg = AppStore|iPhone
		{FD5C30A9-1A34-4A25-925F-DB287B4D6D10}.AppStore|ARM.ActiveCfg = AppStore|iPhone
		{FD5C30A9-1A34-4A25-925F-DB287B4D6D10}.AppStore|iPhone.ActiveCfg = AppStore|iPhone
		{FD5C30A9-1A34-4A25-925F-DB287B4D6D10}.AppStore|iPhone.Build.0 = AppStore|iPhone
		{FD5C30A9-1A34-4A25-925F-DB287B4D6D10}.AppStore|iPhoneSimulator.ActiveCfg = AppStore|iPhoneSimulator
		{FD5C30A9-1A34-4A25-925F-DB287B4D6D10}.AppStore|iPhoneSimulator.Build.0 = AppStore|iPhoneSimulator
		{FD5C30A9-1A34-4A25-925F-DB287B4D6D10}.AppStore|x64.ActiveCfg = AppStore|iPhone
		{FD5C30A9-1A34-4A25-925F-DB287B4D6D10}.AppStore|x86.ActiveCfg = AppStore|iPhone
		{FD5C30A9-1A34-4A25-925F-DB287B4D6D10}.Debug|Any CPU.ActiveCfg = Debug|iPhone
		{FD5C30A9-1A34-4A25-925F-DB287B4D6D10}.Debug|ARM.ActiveCfg = Debug|iPhone
		{FD5C30A9-1A34-4A25-925F-DB287B4D6D10}.Debug|iPhone.ActiveCfg = Debug|iPhone
		{FD5C30A9-1A34-4A25-925F-DB287B4D6D10}.Debug|iPhone.Build.0 = Debug|iPhone
		{FD5C30A9-1A34-4A25-925F-DB287B4D6D10}.Debug|iPhoneSimulator.ActiveCfg = Debug|iPhoneSimulator
		{FD5C30A9-1A34-4A25-925F-DB287B4D6D10}.Debug|iPhoneSimulator.Build.0 = Debug|iPhoneSimulator
		{FD5C30A9-1A34-4A25-925F-DB287B4D6D10}.Debug|x64.ActiveCfg = Debug|iPhone
		{FD5C30A9-1A34-4A25-925F-DB287B4D6D10}.Debug|x86.ActiveCfg = Debug|iPhone
		{FD5C30A9-1A34-4A25-925F-DB287B4D6D10}.Release|Any CPU.ActiveCfg = Release|iPhone
		{FD5C30A9-1A34-4A25-925F-DB287B4D6D10}.Release|ARM.ActiveCfg = Release|iPhone
		{FD5C30A9-1A34-4A25-925F-DB287B4D6D10}.Release|iPhone.ActiveCfg = Release|iPhone
		{FD5C30A9-1A34-4A25-925F-DB287B4D6D10}.Release|iPhone.Build.0 = Release|iPhone
		{FD5C30A9-1A34-4A25-925F-DB287B4D6D10}.Release|iPhoneSimulator.ActiveCfg = Release|iPhoneSimulator
		{FD5C30A9-1A34-4A25-925F-DB287B4D6D10}.Release|iPhoneSimulator.Build.0 = Release|iPhoneSimulator
		{FD5C30A9-1A34-4A25-925F-DB287B4D6D10}.Release|x64.ActiveCfg = Release|iPhone
		{FD5C30A9-1A34-4A25-925F-DB287B4D6D10}.Release|x86.ActiveCfg = Release|iPhone
	EndGlobalSection
	GlobalSection(SolutionProperties) = preSolution
		HideSolutionNode = FALSE
	EndGlobalSection
EndGlobal
