
Microsoft Visual Studio Solution File, Format Version 12.00
# Visual Studio 15
VisualStudioVersion = 15.0.27428.2002
MinimumVisualStudioVersion = 10.0.40219.1
Project("{FAE04EC0-301F-11D3-BF4B-00C04F79EFBC}") = "SizeIconAppRev.Android", "SizeIconAppRev\SizeIconAppRev.Android\SizeIconAppRev.Android.csproj", "{674EC5E5-E9CC-4EA0-B6B0-D5678EADD52C}"
EndProject
Project("{FAE04EC0-301F-11D3-BF4B-00C04F79EFBC}") = "SizeIconAppRev.iOS", "SizeIconAppRev\SizeIconAppRev.iOS\SizeIconAppRev.iOS.csproj", "{F3301842-29A7-45CB-AF96-7EE67E759F6D}"
EndProject
Project("{FAE04EC0-301F-11D3-BF4B-00C04F79EFBC}") = "SizeIconAppRev.UWP", "SizeIconAppRev\SizeIconAppRev.UWP\SizeIconAppRev.UWP.csproj", "{565800B6-75F4-4B09-BD51-BA5DDC72DB89}"
EndProject
Project("{D954291E-2A0B-460D-934E-DC6B0785DB48}") = "SizeIconAppRev", "SizeIconAppRev\SizeIconAppRev\SizeIconAppRev.shproj", "{9DD87EDA-6837-4006-9AF8-F486C071A68C}"
EndProject
Global
	GlobalSection(SharedMSBuildProjectFiles) = preSolution
		SizeIconAppRev\SizeIconAppRev\SizeIconAppRev.projitems*{565800b6-75f4-4b09-bd51-ba5ddc72db89}*SharedItemsImports = 4
		SizeIconAppRev\SizeIconAppRev\SizeIconAppRev.projitems*{674ec5e5-e9cc-4ea0-b6b0-d5678eadd52c}*SharedItemsImports = 4
		SizeIconAppRev\SizeIconAppRev\SizeIconAppRev.projitems*{9dd87eda-6837-4006-9af8-f486c071a68c}*SharedItemsImports = 13
		SizeIconAppRev\SizeIconAppRev\SizeIconAppRev.projitems*{f3301842-29a7-45cb-af96-7ee67e759f6d}*SharedItemsImports = 4
	EndGlobalSection
	GlobalSection(SolutionConfigurationPlatforms) = preSolution
		Ad-Hoc|Any CPU = Ad-Hoc|Any CPU
		Ad-Hoc|ARM = Ad-Hoc|ARM
		Ad-Hoc|iPhone = Ad-Hoc|iPhone
		Ad-Hoc|iPhoneSimulator = Ad-Hoc|iPhoneSimulator
		Ad-Hoc|x64 = Ad-Hoc|x64
		Ad-Hoc|x86 = Ad-Hoc|x86
		AppStore|Any CPU = AppStore|Any CPU
		AppStore|ARM = AppStore|ARM
		AppStore|iPhone = AppStore|iPhone
		AppStore|iPhoneSimulator = AppStore|iPhoneSimulator
		AppStore|x64 = AppStore|x64
		AppStore|x86 = AppStore|x86
		Debug|Any CPU = Debug|Any CPU
		Debug|ARM = Debug|ARM
		Debug|iPhone = Debug|iPhone
		Debug|iPhoneSimulator = Debug|iPhoneSimulator
		Debug|x64 = Debug|x64
		Debug|x86 = Debug|x86
		Release|Any CPU = Release|Any CPU
		Release|ARM = Release|ARM
		Release|iPhone = Release|iPhone
		Release|iPhoneSimulator = Release|iPhoneSimulator
		Release|x64 = Release|x64
		Release|x86 = Release|x86
	EndGlobalSection
	GlobalSection(ProjectConfigurationPlatforms) = postSolution
		{674EC5E5-E9CC-4EA0-B6B0-D5678EADD52C}.Ad-Hoc|Any CPU.ActiveCfg = Release|Any CPU
		{674EC5E5-E9CC-4EA0-B6B0-D5678EADD52C}.Ad-Hoc|Any CPU.Build.0 = Release|Any CPU
		{674EC5E5-E9CC-4EA0-B6B0-D5678EADD52C}.Ad-Hoc|Any CPU.Deploy.0 = Release|Any CPU
		{674EC5E5-E9CC-4EA0-B6B0-D5678EADD52C}.Ad-Hoc|ARM.ActiveCfg = Release|Any CPU
		{674EC5E5-E9CC-4EA0-B6B0-D5678EADD52C}.Ad-Hoc|ARM.Build.0 = Release|Any CPU
		{674EC5E5-E9CC-4EA0-B6B0-D5678EADD52C}.Ad-Hoc|ARM.Deploy.0 = Release|Any CPU
		{674EC5E5-E9CC-4EA0-B6B0-D5678EADD52C}.Ad-Hoc|iPhone.ActiveCfg = Release|Any CPU
		{674EC5E5-E9CC-4EA0-B6B0-D5678EADD52C}.Ad-Hoc|iPhone.Build.0 = Release|Any CPU
		{674EC5E5-E9CC-4EA0-B6B0-D5678EADD52C}.Ad-Hoc|iPhone.Deploy.0 = Release|Any CPU
		{674EC5E5-E9CC-4EA0-B6B0-D5678EADD52C}.Ad-Hoc|iPhoneSimulator.ActiveCfg = Release|Any CPU
		{674EC5E5-E9CC-4EA0-B6B0-D5678EADD52C}.Ad-Hoc|iPhoneSimulator.Build.0 = Release|Any CPU
		{674EC5E5-E9CC-4EA0-B6B0-D5678EADD52C}.Ad-Hoc|iPhoneSimulator.Deploy.0 = Release|Any CPU
		{674EC5E5-E9CC-4EA0-B6B0-D5678EADD52C}.Ad-Hoc|x64.ActiveCfg = Release|Any CPU
		{674EC5E5-E9CC-4EA0-B6B0-D5678EADD52C}.Ad-Hoc|x64.Build.0 = Release|Any CPU
		{674EC5E5-E9CC-4EA0-B6B0-D5678EADD52C}.Ad-Hoc|x64.Deploy.0 = Release|Any CPU
		{674EC5E5-E9CC-4EA0-B6B0-D5678EADD52C}.Ad-Hoc|x86.ActiveCfg = Release|Any CPU
		{674EC5E5-E9CC-4EA0-B6B0-D5678EADD52C}.Ad-Hoc|x86.Build.0 = Release|Any CPU
		{674EC5E5-E9CC-4EA0-B6B0-D5678EADD52C}.Ad-Hoc|x86.Deploy.0 = Release|Any CPU
		{674EC5E5-E9CC-4EA0-B6B0-D5678EADD52C}.AppStore|Any CPU.ActiveCfg = Release|Any CPU
		{674EC5E5-E9CC-4EA0-B6B0-D5678EADD52C}.AppStore|Any CPU.Build.0 = Release|Any CPU
		{674EC5E5-E9CC-4EA0-B6B0-D5678EADD52C}.AppStore|Any CPU.Deploy.0 = Release|Any CPU
		{674EC5E5-E9CC-4EA0-B6B0-D5678EADD52C}.AppStore|ARM.ActiveCfg = Release|Any CPU
		{674EC5E5-E9CC-4EA0-B6B0-D5678EADD52C}.AppStore|ARM.Build.0 = Release|Any CPU
		{674EC5E5-E9CC-4EA0-B6B0-D5678EADD52C}.AppStore|ARM.Deploy.0 = Release|Any CPU
		{674EC5E5-E9CC-4EA0-B6B0-D5678EADD52C}.AppStore|iPhone.ActiveCfg = Release|Any CPU
		{674EC5E5-E9CC-4EA0-B6B0-D5678EADD52C}.AppStore|iPhone.Build.0 = Release|Any CPU
		{674EC5E5-E9CC-4EA0-B6B0-D5678EADD52C}.AppStore|iPhone.Deploy.0 = Release|Any CPU
		{674EC5E5-E9CC-4EA0-B6B0-D5678EADD52C}.AppStore|iPhoneSimulator.ActiveCfg = Release|Any CPU
		{674EC5E5-E9CC-4EA0-B6B0-D5678EADD52C}.AppStore|iPhoneSimulator.Build.0 = Release|Any CPU
		{674EC5E5-E9CC-4EA0-B6B0-D5678EADD52C}.AppStore|iPhoneSimulator.Deploy.0 = Release|Any CPU
		{674EC5E5-E9CC-4EA0-B6B0-D5678EADD52C}.AppStore|x64.ActiveCfg = Release|Any CPU
		{674EC5E5-E9CC-4EA0-B6B0-D5678EADD52C}.AppStore|x64.Build.0 = Release|Any CPU
		{674EC5E5-E9CC-4EA0-B6B0-D5678EADD52C}.AppStore|x64.Deploy.0 = Release|Any CPU
		{674EC5E5-E9CC-4EA0-B6B0-D5678EADD52C}.AppStore|x86.ActiveCfg = Release|Any CPU
		{674EC5E5-E9CC-4EA0-B6B0-D5678EADD52C}.AppStore|x86.Build.0 = Release|Any CPU
		{674EC5E5-E9CC-4EA0-B6B0-D5678EADD52C}.AppStore|x86.Deploy.0 = Release|Any CPU
		{674EC5E5-E9CC-4EA0-B6B0-D5678EADD52C}.Debug|Any CPU.ActiveCfg = Debug|Any CPU
		{674EC5E5-E9CC-4EA0-B6B0-D5678EADD52C}.Debug|Any CPU.Build.0 = Debug|Any CPU
		{674EC5E5-E9CC-4EA0-B6B0-D5678EADD52C}.Debug|Any CPU.Deploy.0 = Debug|Any CPU
		{674EC5E5-E9CC-4EA0-B6B0-D5678EADD52C}.Debug|ARM.ActiveCfg = Debug|Any CPU
		{674EC5E5-E9CC-4EA0-B6B0-D5678EADD52C}.Debug|ARM.Build.0 = Debug|Any CPU
		{674EC5E5-E9CC-4EA0-B6B0-D5678EADD52C}.Debug|ARM.Deploy.0 = Debug|Any CPU
		{674EC5E5-E9CC-4EA0-B6B0-D5678EADD52C}.Debug|iPhone.ActiveCfg = Debug|Any CPU
		{674EC5E5-E9CC-4EA0-B6B0-D5678EADD52C}.Debug|iPhone.Build.0 = Debug|Any CPU
		{674EC5E5-E9CC-4EA0-B6B0-D5678EADD52C}.Debug|iPhone.Deploy.0 = Debug|Any CPU
		{674EC5E5-E9CC-4EA0-B6B0-D5678EADD52C}.Debug|iPhoneSimulator.ActiveCfg = Debug|Any CPU
		{674EC5E5-E9CC-4EA0-B6B0-D5678EADD52C}.Debug|iPhoneSimulator.Build.0 = Debug|Any CPU
		{674EC5E5-E9CC-4EA0-B6B0-D5678EADD52C}.Debug|iPhoneSimulator.Deploy.0 = Debug|Any CPU
		{674EC5E5-E9CC-4EA0-B6B0-D5678EADD52C}.Debug|x64.ActiveCfg = Debug|Any CPU
		{674EC5E5-E9CC-4EA0-B6B0-D5678EADD52C}.Debug|x64.Build.0 = Debug|Any CPU
		{674EC5E5-E9CC-4EA0-B6B0-D5678EADD52C}.Debug|x64.Deploy.0 = Debug|Any CPU
		{674EC5E5-E9CC-4EA0-B6B0-D5678EADD52C}.Debug|x86.ActiveCfg = Debug|Any CPU
		{674EC5E5-E9CC-4EA0-B6B0-D5678EADD52C}.Debug|x86.Build.0 = Debug|Any CPU
		{674EC5E5-E9CC-4EA0-B6B0-D5678EADD52C}.Debug|x86.Deploy.0 = Debug|Any CPU
		{674EC5E5-E9CC-4EA0-B6B0-D5678EADD52C}.Release|Any CPU.ActiveCfg = Release|Any CPU
		{674EC5E5-E9CC-4EA0-B6B0-D5678EADD52C}.Release|Any CPU.Build.0 = Release|Any CPU
		{674EC5E5-E9CC-4EA0-B6B0-D5678EADD52C}.Release|Any CPU.Deploy.0 = Release|Any CPU
		{674EC5E5-E9CC-4EA0-B6B0-D5678EADD52C}.Release|ARM.ActiveCfg = Release|Any CPU
		{674EC5E5-E9CC-4EA0-B6B0-D5678EADD52C}.Release|ARM.Build.0 = Release|Any CPU
		{674EC5E5-E9CC-4EA0-B6B0-D5678EADD52C}.Release|ARM.Deploy.0 = Release|Any CPU
		{674EC5E5-E9CC-4EA0-B6B0-D5678EADD52C}.Release|iPhone.ActiveCfg = Release|Any CPU
		{674EC5E5-E9CC-4EA0-B6B0-D5678EADD52C}.Release|iPhone.Build.0 = Release|Any CPU
		{674EC5E5-E9CC-4EA0-B6B0-D5678EADD52C}.Release|iPhone.Deploy.0 = Release|Any CPU
		{674EC5E5-E9CC-4EA0-B6B0-D5678EADD52C}.Release|iPhoneSimulator.ActiveCfg = Release|Any CPU
		{674EC5E5-E9CC-4EA0-B6B0-D5678EADD52C}.Release|iPhoneSimulator.Build.0 = Release|Any CPU
		{674EC5E5-E9CC-4EA0-B6B0-D5678EADD52C}.Release|iPhoneSimulator.Deploy.0 = Release|Any CPU
		{674EC5E5-E9CC-4EA0-B6B0-D5678EADD52C}.Release|x64.ActiveCfg = Release|Any CPU
		{674EC5E5-E9CC-4EA0-B6B0-D5678EADD52C}.Release|x64.Build.0 = Release|Any CPU
		{674EC5E5-E9CC-4EA0-B6B0-D5678EADD52C}.Release|x64.Deploy.0 = Release|Any CPU
		{674EC5E5-E9CC-4EA0-B6B0-D5678EADD52C}.Release|x86.ActiveCfg = Release|Any CPU
		{674EC5E5-E9CC-4EA0-B6B0-D5678EADD52C}.Release|x86.Build.0 = Release|Any CPU
		{674EC5E5-E9CC-4EA0-B6B0-D5678EADD52C}.Release|x86.Deploy.0 = Release|Any CPU
		{F3301842-29A7-45CB-AF96-7EE67E759F6D}.Ad-Hoc|Any CPU.ActiveCfg = Ad-Hoc|iPhone
		{F3301842-29A7-45CB-AF96-7EE67E759F6D}.Ad-Hoc|ARM.ActiveCfg = Ad-Hoc|iPhone
		{F3301842-29A7-45CB-AF96-7EE67E759F6D}.Ad-Hoc|iPhone.ActiveCfg = Ad-Hoc|iPhone
		{F3301842-29A7-45CB-AF96-7EE67E759F6D}.Ad-Hoc|iPhone.Build.0 = Ad-Hoc|iPhone
		{F3301842-29A7-45CB-AF96-7EE67E759F6D}.Ad-Hoc|iPhoneSimulator.ActiveCfg = Ad-Hoc|iPhoneSimulator
		{F3301842-29A7-45CB-AF96-7EE67E759F6D}.Ad-Hoc|iPhoneSimulator.Build.0 = Ad-Hoc|iPhoneSimulator
		{F3301842-29A7-45CB-AF96-7EE67E759F6D}.Ad-Hoc|x64.ActiveCfg = Ad-Hoc|iPhone
		{F3301842-29A7-45CB-AF96-7EE67E759F6D}.Ad-Hoc|x86.ActiveCfg = Ad-Hoc|iPhone
		{F3301842-29A7-45CB-AF96-7EE67E759F6D}.AppStore|Any CPU.ActiveCfg = AppStore|iPhone
		{F3301842-29A7-45CB-AF96-7EE67E759F6D}.AppStore|ARM.ActiveCfg = AppStore|iPhone
		{F3301842-29A7-45CB-AF96-7EE67E759F6D}.AppStore|iPhone.ActiveCfg = AppStore|iPhone
		{F3301842-29A7-45CB-AF96-7EE67E759F6D}.AppStore|iPhone.Build.0 = AppStore|iPhone
		{F3301842-29A7-45CB-AF96-7EE67E759F6D}.AppStore|iPhoneSimulator.ActiveCfg = AppStore|iPhoneSimulator
		{F3301842-29A7-45CB-AF96-7EE67E759F6D}.AppStore|iPhoneSimulator.Build.0 = AppStore|iPhoneSimulator
		{F3301842-29A7-45CB-AF96-7EE67E759F6D}.AppStore|x64.ActiveCfg = AppStore|iPhone
		{F3301842-29A7-45CB-AF96-7EE67E759F6D}.AppStore|x86.ActiveCfg = AppStore|iPhone
		{F3301842-29A7-45CB-AF96-7EE67E759F6D}.Debug|Any CPU.ActiveCfg = Debug|iPhone
		{F3301842-29A7-45CB-AF96-7EE67E759F6D}.Debug|ARM.ActiveCfg = Debug|iPhone
		{F3301842-29A7-45CB-AF96-7EE67E759F6D}.Debug|iPhone.ActiveCfg = Debug|iPhone
		{F3301842-29A7-45CB-AF96-7EE67E759F6D}.Debug|iPhone.Build.0 = Debug|iPhone
		{F3301842-29A7-45CB-AF96-7EE67E759F6D}.Debug|iPhoneSimulator.ActiveCfg = Debug|iPhoneSimulator
		{F3301842-29A7-45CB-AF96-7EE67E759F6D}.Debug|iPhoneSimulator.Build.0 = Debug|iPhoneSimulator
		{F3301842-29A7-45CB-AF96-7EE67E759F6D}.Debug|x64.ActiveCfg = Debug|iPhone
		{F3301842-29A7-45CB-AF96-7EE67E759F6D}.Debug|x86.ActiveCfg = Debug|iPhone
		{F3301842-29A7-45CB-AF96-7EE67E759F6D}.Release|Any CPU.ActiveCfg = Release|iPhone
		{F3301842-29A7-45CB-AF96-7EE67E759F6D}.Release|ARM.ActiveCfg = Release|iPhone
		{F3301842-29A7-45CB-AF96-7EE67E759F6D}.Release|iPhone.ActiveCfg = Release|iPhone
		{F3301842-29A7-45CB-AF96-7EE67E759F6D}.Release|iPhone.Build.0 = Release|iPhone
		{F3301842-29A7-45CB-AF96-7EE67E759F6D}.Release|iPhoneSimulator.ActiveCfg = Release|iPhoneSimulator
		{F3301842-29A7-45CB-AF96-7EE67E759F6D}.Release|iPhoneSimulator.Build.0 = Release|iPhoneSimulator
		{F3301842-29A7-45CB-AF96-7EE67E759F6D}.Release|x64.ActiveCfg = Release|iPhone
		{F3301842-29A7-45CB-AF96-7EE67E759F6D}.Release|x86.ActiveCfg = Release|iPhone
		{565800B6-75F4-4B09-BD51-BA5DDC72DB89}.Ad-Hoc|Any CPU.ActiveCfg = Release|x86
		{565800B6-75F4-4B09-BD51-BA5DDC72DB89}.Ad-Hoc|Any CPU.Build.0 = Release|x86
		{565800B6-75F4-4B09-BD51-BA5DDC72DB89}.Ad-Hoc|Any CPU.Deploy.0 = Release|x86
		{565800B6-75F4-4B09-BD51-BA5DDC72DB89}.Ad-Hoc|ARM.ActiveCfg = Release|ARM
		{565800B6-75F4-4B09-BD51-BA5DDC72DB89}.Ad-Hoc|ARM.Build.0 = Release|ARM
		{565800B6-75F4-4B09-BD51-BA5DDC72DB89}.Ad-Hoc|ARM.Deploy.0 = Release|ARM
		{565800B6-75F4-4B09-BD51-BA5DDC72DB89}.Ad-Hoc|iPhone.ActiveCfg = Release|x86
		{565800B6-75F4-4B09-BD51-BA5DDC72DB89}.Ad-Hoc|iPhone.Build.0 = Release|x86
		{565800B6-75F4-4B09-BD51-BA5DDC72DB89}.Ad-Hoc|iPhone.Deploy.0 = Release|x86
		{565800B6-75F4-4B09-BD51-BA5DDC72DB89}.Ad-Hoc|iPhoneSimulator.ActiveCfg = Release|x86
		{565800B6-75F4-4B09-BD51-BA5DDC72DB89}.Ad-Hoc|iPhoneSimulator.Build.0 = Release|x86
		{565800B6-75F4-4B09-BD51-BA5DDC72DB89}.Ad-Hoc|iPhoneSimulator.Deploy.0 = Release|x86
		{565800B6-75F4-4B09-BD51-BA5DDC72DB89}.Ad-Hoc|x64.ActiveCfg = Release|x64
		{565800B6-75F4-4B09-BD51-BA5DDC72DB89}.Ad-Hoc|x64.Build.0 = Release|x64
		{565800B6-75F4-4B09-BD51-BA5DDC72DB89}.Ad-Hoc|x64.Deploy.0 = Release|x64
		{565800B6-75F4-4B09-BD51-BA5DDC72DB89}.Ad-Hoc|x86.ActiveCfg = Release|x86
		{565800B6-75F4-4B09-BD51-BA5DDC72DB89}.Ad-Hoc|x86.Build.0 = Release|x86
		{565800B6-75F4-4B09-BD51-BA5DDC72DB89}.Ad-Hoc|x86.Deploy.0 = Release|x86
		{565800B6-75F4-4B09-BD51-BA5DDC72DB89}.AppStore|Any CPU.ActiveCfg = Release|x86
		{565800B6-75F4-4B09-BD51-BA5DDC72DB89}.AppStore|Any CPU.Build.0 = Release|x86
		{565800B6-75F4-4B09-BD51-BA5DDC72DB89}.AppStore|Any CPU.Deploy.0 = Release|x86
		{565800B6-75F4-4B09-BD51-BA5DDC72DB89}.AppStore|ARM.ActiveCfg = Release|ARM
		{565800B6-75F4-4B09-BD51-BA5DDC72DB89}.AppStore|ARM.Build.0 = Release|ARM
		{565800B6-75F4-4B09-BD51-BA5DDC72DB89}.AppStore|ARM.Deploy.0 = Release|ARM
		{565800B6-75F4-4B09-BD51-BA5DDC72DB89}.AppStore|iPhone.ActiveCfg = Release|x86
		{565800B6-75F4-4B09-BD51-BA5DDC72DB89}.AppStore|iPhone.Build.0 = Release|x86
		{565800B6-75F4-4B09-BD51-BA5DDC72DB89}.AppStore|iPhone.Deploy.0 = Release|x86
		{565800B6-75F4-4B09-BD51-BA5DDC72DB89}.AppStore|iPhoneSimulator.ActiveCfg = Release|x86
		{565800B6-75F4-4B09-BD51-BA5DDC72DB89}.AppStore|iPhoneSimulator.Build.0 = Release|x86
		{565800B6-75F4-4B09-BD51-BA5DDC72DB89}.AppStore|iPhoneSimulator.Deploy.0 = Release|x86
		{565800B6-75F4-4B09-BD51-BA5DDC72DB89}.AppStore|x64.ActiveCfg = Release|x64
		{565800B6-75F4-4B09-BD51-BA5DDC72DB89}.AppStore|x64.Build.0 = Release|x64
		{565800B6-75F4-4B09-BD51-BA5DDC72DB89}.AppStore|x64.Deploy.0 = Release|x64
		{565800B6-75F4-4B09-BD51-BA5DDC72DB89}.AppStore|x86.ActiveCfg = Release|x86
		{565800B6-75F4-4B09-BD51-BA5DDC72DB89}.AppStore|x86.Build.0 = Release|x86
		{565800B6-75F4-4B09-BD51-BA5DDC72DB89}.AppStore|x86.Deploy.0 = Release|x86
		{565800B6-75F4-4B09-BD51-BA5DDC72DB89}.Debug|Any CPU.ActiveCfg = Debug|x86
		{565800B6-75F4-4B09-BD51-BA5DDC72DB89}.Debug|ARM.ActiveCfg = Debug|ARM
		{565800B6-75F4-4B09-BD51-BA5DDC72DB89}.Debug|ARM.Build.0 = Debug|ARM
		{565800B6-75F4-4B09-BD51-BA5DDC72DB89}.Debug|ARM.Deploy.0 = Debug|ARM
		{565800B6-75F4-4B09-BD51-BA5DDC72DB89}.Debug|iPhone.ActiveCfg = Debug|x86
		{565800B6-75F4-4B09-BD51-BA5DDC72DB89}.Debug|iPhoneSimulator.ActiveCfg = Debug|x86
		{565800B6-75F4-4B09-BD51-BA5DDC72DB89}.Debug|x64.ActiveCfg = Debug|x64
		{565800B6-75F4-4B09-BD51-BA5DDC72DB89}.Debug|x64.Build.0 = Debug|x64
		{565800B6-75F4-4B09-BD51-BA5DDC72DB89}.Debug|x64.Deploy.0 = Debug|x64
		{565800B6-75F4-4B09-BD51-BA5DDC72DB89}.Debug|x86.ActiveCfg = Debug|x86
		{565800B6-75F4-4B09-BD51-BA5DDC72DB89}.Debug|x86.Build.0 = Debug|x86
		{565800B6-75F4-4B09-BD51-BA5DDC72DB89}.Debug|x86.Deploy.0 = Debug|x86
		{565800B6-75F4-4B09-BD51-BA5DDC72DB89}.Release|Any CPU.ActiveCfg = Release|x86
		{565800B6-75F4-4B09-BD51-BA5DDC72DB89}.Release|ARM.ActiveCfg = Release|ARM
		{565800B6-75F4-4B09-BD51-BA5DDC72DB89}.Release|ARM.Build.0 = Release|ARM
		{565800B6-75F4-4B09-BD51-BA5DDC72DB89}.Release|ARM.Deploy.0 = Release|ARM
		{565800B6-75F4-4B09-BD51-BA5DDC72DB89}.Release|iPhone.ActiveCfg = Release|x86
		{565800B6-75F4-4B09-BD51-BA5DDC72DB89}.Release|iPhoneSimulator.ActiveCfg = Release|x86
		{565800B6-75F4-4B09-BD51-BA5DDC72DB89}.Release|x64.ActiveCfg = Release|x64
		{565800B6-75F4-4B09-BD51-BA5DDC72DB89}.Release|x64.Build.0 = Release|x64
		{565800B6-75F4-4B09-BD51-BA5DDC72DB89}.Release|x64.Deploy.0 = Release|x64
		{565800B6-75F4-4B09-BD51-BA5DDC72DB89}.Release|x86.ActiveCfg = Release|x86
		{565800B6-75F4-4B09-BD51-BA5DDC72DB89}.Release|x86.Build.0 = Release|x86
		{565800B6-75F4-4B09-BD51-BA5DDC72DB89}.Release|x86.Deploy.0 = Release|x86
	EndGlobalSection
	GlobalSection(SolutionProperties) = preSolution
		HideSolutionNode = FALSE
	EndGlobalSection
	GlobalSection(ExtensibilityGlobals) = postSolution
		SolutionGuid = {749A229A-F8C6-4FF4-854B-5252E2E0A516}
	EndGlobalSection
EndGlobal
